{
  "version": 4,
  "terraform_version": "1.2.8",
  "serial": 4,
  "lineage": "c0b2c557-e979-8716-daad-5e428fc22079",
  "outputs": {
    "aws_launch_template_tfer--DXPFPlatformPortal-20210518080118621000000002_id": {
      "value": "lt-07e59b74b3dea33f5",
      "type": "string"
    },
    "aws_launch_template_tfer--DXPlatformPortal-Prod_id": {
      "value": "lt-0f18053009bb2df15",
      "type": "string"
    },
    "aws_launch_template_tfer--DXPlatformPortal-Staging_id": {
      "value": "lt-0e0d76f61423e908c",
      "type": "string"
    },
    "aws_lb_tfer--PocDxinfraportal_id": {
      "value": "arn:aws:elasticloadbalancing:ap-southeast-1:768502287836:loadbalancer/app/PocDxinfraportal/33679289b6794a08",
      "type": "string"
    }
  },
  "resources": [
    {
      "mode": "managed",
      "type": "aws_launch_template",
      "name": "tfer--DXPFPlatformPortal-20210518080118621000000002",
      "provider": "provider[\"registry.terraform.io/hashicorp/aws\"]",
      "instances": [
        {
          "schema_version": 0,
          "attributes_flat": {
            "arn": "arn:aws:ec2:ap-southeast-1:768502287836:launch-template/lt-07e59b74b3dea33f5",
            "block_device_mappings.#": "0",
            "capacity_reservation_specification.#": "0",
            "cpu_options.#": "0",
            "credit_specification.#": "0",
            "default_version": "1",
            "description": "Attaching AMI",
            "disable_api_termination": "false",
            "ebs_optimized": "false",
            "elastic_gpu_specifications.#": "0",
            "elastic_inference_accelerator.#": "0",
            "enclave_options.#": "0",
            "hibernation_options.#": "0",
            "iam_instance_profile.#": "1",
            "iam_instance_profile.0.arn": "",
            "iam_instance_profile.0.name": "DXPFPlatformPortal-ec2-instance-profile",
            "id": "lt-07e59b74b3dea33f5",
            "image_id": "ami-0eaa7ee496cbe81f0",
            "instance_initiated_shutdown_behavior": "",
            "instance_market_options.#": "0",
            "instance_type": "t2.micro",
            "kernel_id": "",
            "key_name": "DXInfra",
            "latest_version": "8",
            "license_specification.#": "0",
            "metadata_options.#": "0",
            "monitoring.#": "1",
            "monitoring.0.enabled": "false",
            "name": "DXPFPlatformPortal-20210518080118621000000002",
            "network_interfaces.#": "1",
            "network_interfaces.0.associate_carrier_ip_address": "",
            "network_interfaces.0.associate_public_ip_address": "false",
            "network_interfaces.0.delete_on_termination": "true",
            "network_interfaces.0.description": "",
            "network_interfaces.0.device_index": "0",
            "network_interfaces.0.ipv4_address_count": "0",
            "network_interfaces.0.ipv4_addresses.#": "0",
            "network_interfaces.0.ipv6_address_count": "0",
            "network_interfaces.0.ipv6_addresses.#": "0",
            "network_interfaces.0.network_interface_id": "",
            "network_interfaces.0.private_ip_address": "",
            "network_interfaces.0.security_groups.#": "1",
            "network_interfaces.0.security_groups.0": "sg-0d2aebd6362d7d24f",
            "network_interfaces.0.subnet_id": "",
            "placement.#": "0",
            "ram_disk_id": "",
            "security_group_names.#": "0",
            "tag_specifications.#": "2",
            "tag_specifications.0.resource_type": "instance",
            "tag_specifications.0.tags.%": "3",
            "tag_specifications.0.tags.Billing": "dxplatform",
            "tag_specifications.0.tags.Name": "DXPFPlatformPortal",
            "tag_specifications.0.tags.Owner": "dxplatform",
            "tag_specifications.1.resource_type": "volume",
            "tag_specifications.1.tags.%": "3",
            "tag_specifications.1.tags.Billing": "dxplatform",
            "tag_specifications.1.tags.Name": "DXPFPlatformPortal",
            "tag_specifications.1.tags.Owner": "dxplatform",
            "tags.%": "1",
            "tags.application": "dxplatform-portal",
            "user_data": "IyEgL2Jpbi9iYXNoDQoNCnN1ZG8gdGltZWRhdGVjdGwgc2V0LXRpbWV6b25lIEFzaWEvS29sa2F0YQ0KDQojIE1ha2Ugc3VyZSB3ZSBoYXZlIGFsbCB0aGUgbGF0ZXN0IHVwZGF0ZXMgd2hlbiB3ZSBsYXVuY2ggdGhpcyBpbnN0YW5jZQ0Kc3VkbyB5dW0gdXBkYXRlIC15DQoNCnN1ZG8gY3VybCBodHRwczovL3MzLmFtYXpvbmF3cy5jb20vYXdzLWNsb3Vkd2F0Y2gvZG93bmxvYWRzL2xhdGVzdC9hd3Nsb2dzLWFnZW50LXNldHVwLnB5IC1PDQoNCnN1ZG8geXVtIGluc3RhbGwgLXkgYW1hem9uLWNsb3Vkd2F0Y2gtYWdlbnQNCg0KIyBVc2UgY2xvdWR3YXRjaCBjb25maWcgZnJvbSBTU00NCnN1ZG8gL29wdC9hd3MvYW1hem9uLWNsb3Vkd2F0Y2gtYWdlbnQvYmluL2FtYXpvbi1jbG91ZHdhdGNoLWFnZW50LWN0bCAtYSBmZXRjaC1jb25maWcgLW0gZWMyIC1jIHNzbTovY2xvdWR3YXRjaC1hZ2VudC9jd19hZ2VudF9jb25maWcgLXMNCmVjaG8gJ0RvbmUgaW5pdGlhbGl6YXRpb24nDQoNCmF3cyBzMyBjcCBzMzovL2R4cGYtaW5mcmEtb3BzL2VjMl91c2VyX2RhdGFfdGVzdC9jaXNfdXNlcmRhdGEuc2ggL2hvbWUvZWMyLXVzZXIvY2lzX3VzZXJkYXRhLnNoDQpjZCAvaG9tZS9lYzItdXNlci8NCnN1ZG8gY2htb2QgK3ggY2lzX3VzZXJkYXRhLnNoIA0Kc3VkbyB5dW0gaW5zdGFsbCBkb3MydW5peCAteQ0KZG9zMnVuaXggY2lzX3VzZXJkYXRhLnNoDQpzdWRvIHNoIGNpc191c2VyZGF0YS5zaA0KDQpleGVjID4gPih0ZWUgL3Zhci9sb2cvdXNlci1kYXRhLmxvZ3xsb2dnZXIgLXQgdXNlci1kYXRhIC1zIDI+L2Rldi9jb25zb2xlKSAyPiYxDQoNCg==",
            "vpc_security_group_ids.#": "0"
          },
          "sensitive_attributes": []
        }
      ]
    },
    {
      "mode": "managed",
      "type": "aws_launch_template",
      "name": "tfer--DXPlatformPortal-Prod",
      "provider": "provider[\"registry.terraform.io/hashicorp/aws\"]",
      "instances": [
        {
          "schema_version": 0,
          "attributes_flat": {
            "arn": "arn:aws:ec2:ap-southeast-1:768502287836:launch-template/lt-0f18053009bb2df15",
            "block_device_mappings.#": "0",
            "capacity_reservation_specification.#": "0",
            "cpu_options.#": "0",
            "credit_specification.#": "0",
            "default_version": "1",
            "description": "OS-Remd",
            "disable_api_termination": "false",
            "ebs_optimized": "false",
            "elastic_gpu_specifications.#": "0",
            "elastic_inference_accelerator.#": "0",
            "enclave_options.#": "0",
            "hibernation_options.#": "0",
            "iam_instance_profile.#": "1",
            "iam_instance_profile.0.arn": "arn:aws:iam::768502287836:instance-profile/DXPFPlatformPortal-ec2-instance-profile",
            "iam_instance_profile.0.name": "",
            "id": "lt-0f18053009bb2df15",
            "image_id": "ami-0e972b01b8a96cc57",
            "instance_initiated_shutdown_behavior": "",
            "instance_market_options.#": "0",
            "instance_type": "t2.micro",
            "kernel_id": "",
            "key_name": "DXInfra",
            "latest_version": "4",
            "license_specification.#": "0",
            "metadata_options.#": "0",
            "monitoring.#": "0",
            "name": "DXPlatformPortal-Prod",
            "network_interfaces.#": "0",
            "placement.#": "0",
            "ram_disk_id": "",
            "security_group_names.#": "0",
            "tag_specifications.#": "1",
            "tag_specifications.0.resource_type": "instance",
            "tag_specifications.0.tags.%": "2",
            "tag_specifications.0.tags.Billing": "dxplatform",
            "tag_specifications.0.tags.Owner": "dxplatform",
            "tags.%": "4",
            "tags.Billing": "dxplatform",
            "tags.Owner": "dxplatform",
            "tags.Usage": "arn:aws:ec2:ap-southeast-1:768502287836:launch-template/lt-0f18053009bb2df15",
            "tags.application": "dxplatform-portal",
            "user_data": "IyEgL2Jpbi9iYXNoCgpzdWRvIHRpbWVkYXRlY3RsIHNldC10aW1lem9uZSBBc2lhL0tvbGthdGEKCiMgTWFrZSBzdXJlIHdlIGhhdmUgYWxsIHRoZSBsYXRlc3QgdXBkYXRlcyB3aGVuIHdlIGxhdW5jaCB0aGlzIGluc3RhbmNlCnN1ZG8geXVtIHVwZGF0ZSAteQoKeXVtIGluc3RhbGwgZ2l0IC15IAp5dW0gLXkgaW5zdGFsbCBydWJ5Cnl1bSAteSBpbnN0YWxsIHdnZXQKd2dldCBodHRwczovL2F3cy1jb2RlZGVwbG95LWFwLXNvdXRoLTEuczMuYXAtc291dGhlYXN0LTEuYW1hem9uYXdzLmNvbS9sYXRlc3QvaW5zdGFsbApjaG1vZCAreCAuL2luc3RhbGwKLi9pbnN0YWxsIGF1dG8KeXVtIGluc3RhbGwgLXkgcHl0aG9uLXBpcApwaXAzIGluc3RhbGwgYXdzY2xpCnl1bSBpbnN0YWxsIGphdmEgLXkKCnN1ZG8gY3VybCBodHRwczovL3MzLmFtYXpvbmF3cy5jb20vYXdzLWNsb3Vkd2F0Y2gvZG93bmxvYWRzL2xhdGVzdC9hd3Nsb2dzLWFnZW50LXNldHVwLnB5IC1PCgpzdWRvIHl1bSBpbnN0YWxsIC15IGFtYXpvbi1jbG91ZHdhdGNoLWFnZW50CgojIFVzZSBjbG91ZHdhdGNoIGNvbmZpZyBmcm9tIFNTTQpzdWRvIC9vcHQvYXdzL2FtYXpvbi1jbG91ZHdhdGNoLWFnZW50L2Jpbi9hbWF6b24tY2xvdWR3YXRjaC1hZ2VudC1jdGwgLWEgZmV0Y2gtY29uZmlnIC1tIGVjMiAtYyBzc206L2Nsb3Vkd2F0Y2gtYWdlbnQvY3dfYWdlbnRfY29uZmlnIC1zCmVjaG8gJ0RvbmUgaW5pdGlhbGl6YXRpb24nCgphd3MgczMgY3AgczM6Ly9keHBmLWluZnJhLW9wcy9lYzJfdXNlcl9kYXRhX3Rlc3QvY2lzX3VzZXJkYXRhLnNoIC9ob21lL2VjMi11c2VyL2Npc191c2VyZGF0YS5zaApjZCAvaG9tZS9lYzItdXNlci8Kc3VkbyBjaG1vZCAreCBjaXNfdXNlcmRhdGEuc2ggCnN1ZG8geXVtIGluc3RhbGwgZG9zMnVuaXggLXkKZG9zMnVuaXggY2lzX3VzZXJkYXRhLnNoCnN1ZG8gc2ggY2lzX3VzZXJkYXRhLnNoCgpleGVjID4gPih0ZWUgL3Zhci9sb2cvdXNlci1kYXRhLmxvZ3xsb2dnZXIgLXQgdXNlci1kYXRhIC1zIDI+L2Rldi9jb25zb2xlKSAyPiYx",
            "vpc_security_group_ids.#": "1",
            "vpc_security_group_ids.0": "sg-0d2aebd6362d7d24f"
          },
          "sensitive_attributes": []
        }
      ]
    },
    {
      "mode": "managed",
      "type": "aws_launch_template",
      "name": "tfer--DXPlatformPortal-Staging",
      "provider": "provider[\"registry.terraform.io/hashicorp/aws\"]",
      "instances": [
        {
          "schema_version": 0,
          "attributes_flat": {
            "arn": "arn:aws:ec2:ap-southeast-1:768502287836:launch-template/lt-0e0d76f61423e908c",
            "block_device_mappings.#": "0",
            "capacity_reservation_specification.#": "0",
            "cpu_options.#": "0",
            "credit_specification.#": "0",
            "default_version": "9",
            "description": "9",
            "disable_api_termination": "false",
            "ebs_optimized": "false",
            "elastic_gpu_specifications.#": "0",
            "elastic_inference_accelerator.#": "0",
            "enclave_options.#": "0",
            "hibernation_options.#": "0",
            "iam_instance_profile.#": "1",
            "iam_instance_profile.0.arn": "arn:aws:iam::768502287836:instance-profile/DXPFPlatformPortal-ec2-instance-profile",
            "iam_instance_profile.0.name": "",
            "id": "lt-0e0d76f61423e908c",
            "image_id": "ami-0967bcb2879583bbb",
            "instance_initiated_shutdown_behavior": "",
            "instance_market_options.#": "0",
            "instance_type": "t2.micro",
            "kernel_id": "",
            "key_name": "DXInfra",
            "latest_version": "9",
            "license_specification.#": "0",
            "metadata_options.#": "0",
            "monitoring.#": "0",
            "name": "DXPlatformPortal-Staging",
            "network_interfaces.#": "0",
            "placement.#": "0",
            "ram_disk_id": "",
            "security_group_names.#": "0",
            "tag_specifications.#": "1",
            "tag_specifications.0.resource_type": "instance",
            "tag_specifications.0.tags.%": "2",
            "tag_specifications.0.tags.Billing": "dxplatform",
            "tag_specifications.0.tags.Owner": "dxplatform",
            "tags.%": "4",
            "tags.Billing": "dxplatform",
            "tags.Owner": "dxplatform",
            "tags.Usage": "arn:aws:ec2:ap-southeast-1:768502287836:launch-template/lt-0e0d76f61423e908c",
            "tags.application": "dxplatform-portal",
            "user_data": "IyEgL2Jpbi9iYXNoCgpzdWRvIHl1bS1jb25maWctbWFuYWdlciAtLWRpc2FibGUgYW16bjJleHRyYS1lcGVsCgpzdWRvIHl1bSB1cGRhdGUgLS1zZWN1cml0eQoKc3VkbyB5dW0tY29uZmlnLW1hbmFnZXIgLS1lbmFibGUgYW16bjJleHRyYS1lcGVsCgpzdWRvIHRpbWVkYXRlY3RsIHNldC10aW1lem9uZSBBc2lhL0tvbGthdGEKCiMgTWFrZSBzdXJlIHdlIGhhdmUgYWxsIHRoZSBsYXRlc3QgdXBkYXRlcyB3aGVuIHdlIGxhdW5jaCB0aGlzIGluc3RhbmNlCnN1ZG8geXVtIHVwZGF0ZSAteQoKeXVtIGluc3RhbGwgZ2l0IC15IAp5dW0gLXkgaW5zdGFsbCBydWJ5Cnl1bSAteSBpbnN0YWxsIHdnZXQKd2dldCBodHRwczovL2F3cy1jb2RlZGVwbG95LWFwLXNvdXRoLTEuczMuYXAtc291dGhlYXN0LTEuYW1hem9uYXdzLmNvbS9sYXRlc3QvaW5zdGFsbApjaG1vZCAreCAuL2luc3RhbGwKLi9pbnN0YWxsIGF1dG8KeXVtIGluc3RhbGwgLXkgcHl0aG9uLXBpcApwaXAzIGluc3RhbGwgYXdzY2xpCnl1bSBpbnN0YWxsIGphdmEgLXkKCnN1ZG8gY3VybCBodHRwczovL3MzLmFtYXpvbmF3cy5jb20vYXdzLWNsb3Vkd2F0Y2gvZG93bmxvYWRzL2xhdGVzdC9hd3Nsb2dzLWFnZW50LXNldHVwLnB5IC1PCgpzdWRvIHl1bSBpbnN0YWxsIC15IGFtYXpvbi1jbG91ZHdhdGNoLWFnZW50CgojIFVzZSBjbG91ZHdhdGNoIGNvbmZpZyBmcm9tIFNTTQpzdWRvIC9vcHQvYXdzL2FtYXpvbi1jbG91ZHdhdGNoLWFnZW50L2Jpbi9hbWF6b24tY2xvdWR3YXRjaC1hZ2VudC1jdGwgLWEgZmV0Y2gtY29uZmlnIC1tIGVjMiAtYyBzc206L2Nsb3Vkd2F0Y2gtYWdlbnQvY3dfYWdlbnRfY29uZmlnIC1zCmVjaG8gJ0RvbmUgaW5pdGlhbGl6YXRpb24nCgphd3MgczMgY3AgczM6Ly9keHBmLWluZnJhLW9wcy9lYzJfdXNlcl9kYXRhX3Rlc3QvY2lzX3VzZXJkYXRhLnNoIC9ob21lL2VjMi11c2VyL2Npc191c2VyZGF0YS5zaApjZCAvaG9tZS9lYzItdXNlci8Kc3VkbyBjaG1vZCAreCBjaXNfdXNlcmRhdGEuc2ggCnN1ZG8geXVtIGluc3RhbGwgZG9zMnVuaXggLXkKZG9zMnVuaXggY2lzX3VzZXJkYXRhLnNoCnN1ZG8gc2ggY2lzX3VzZXJkYXRhLnNoCgpleGVjID4gPih0ZWUgL3Zhci9sb2cvdXNlci1kYXRhLmxvZ3xsb2dnZXIgLXQgdXNlci1kYXRhIC1zIDI+L2Rldi9jb25zb2xlKSAyPiYx",
            "vpc_security_group_ids.#": "1",
            "vpc_security_group_ids.0": "sg-0d2aebd6362d7d24f"
          },
          "sensitive_attributes": []
        }
      ]
    },
    {
      "mode": "managed",
      "type": "aws_lb",
      "name": "tfer--PocDxinfraportal",
      "provider": "provider[\"registry.terraform.io/hashicorp/aws\"]",
      "instances": [
        {
          "schema_version": 0,
          "attributes_flat": {
            "access_logs.#": "1",
            "access_logs.0.bucket": "dxpf-alb-logs-singapore",
            "access_logs.0.enabled": "true",
            "access_logs.0.prefix": "dxpf/PocDxinfraportal",
            "arn": "arn:aws:elasticloadbalancing:ap-southeast-1:768502287836:loadbalancer/app/PocDxinfraportal/33679289b6794a08",
            "arn_suffix": "app/PocDxinfraportal/33679289b6794a08",
            "customer_owned_ipv4_pool": "",
            "dns_name": "PocDxinfraportal-1919499970.ap-southeast-1.elb.amazonaws.com",
            "drop_invalid_header_fields": "false",
            "enable_cross_zone_load_balancing": "true",
            "enable_deletion_protection": "true",
            "enable_http2": "true",
            "id": "arn:aws:elasticloadbalancing:ap-southeast-1:768502287836:loadbalancer/app/PocDxinfraportal/33679289b6794a08",
            "idle_timeout": "60",
            "internal": "false",
            "ip_address_type": "ipv4",
            "load_balancer_type": "application",
            "name": "PocDxinfraportal",
            "security_groups.#": "5",
            "security_groups.0": "sg-066cff47579adc6ec",
            "security_groups.1": "sg-0ad279f7c608e0792",
            "security_groups.2": "sg-0b8596d57d5da1109",
            "security_groups.3": "sg-0d0b7e4029a649675",
            "security_groups.4": "sg-0f6fe1f0cf3e67d6c",
            "subnet_mapping.#": "3",
            "subnet_mapping.0.allocation_id": "",
            "subnet_mapping.0.ipv6_address": "",
            "subnet_mapping.0.outpost_id": "",
            "subnet_mapping.0.private_ipv4_address": "",
            "subnet_mapping.0.subnet_id": "subnet-20bdbe69",
            "subnet_mapping.1.allocation_id": "",
            "subnet_mapping.1.ipv6_address": "",
            "subnet_mapping.1.outpost_id": "",
            "subnet_mapping.1.private_ipv4_address": "",
            "subnet_mapping.1.subnet_id": "subnet-3ca76e65",
            "subnet_mapping.2.allocation_id": "",
            "subnet_mapping.2.ipv6_address": "",
            "subnet_mapping.2.outpost_id": "",
            "subnet_mapping.2.private_ipv4_address": "",
            "subnet_mapping.2.subnet_id": "subnet-5c31233b",
            "subnets.#": "3",
            "subnets.0": "subnet-20bdbe69",
            "subnets.1": "subnet-3ca76e65",
            "subnets.2": "subnet-5c31233b",
            "tags.%": "5",
            "tags.Billing": "dxplatform",
            "tags.Owner": "DXInfra",
            "tags.Project": "dxplatform",
            "tags.Usage": "arn:aws:elasticloadbalancing:ap-southeast-1:768502287836:loadbalancer/app/PocDxinfraportal/33679289b6794a08",
            "tags.application": "dxplatform-portal",
            "vpc_id": "vpc-8481afe3",
            "zone_id": "Z1LMS91P8CMLE5"
          },
          "sensitive_attributes": []
        }
      ]
    },
    {
      "mode": "managed",
      "type": "aws_lb_listener",
      "name": "tfer--arn-003A-aws-003A-elasticloadbalancing-003A-ap-southeast-1-003A-768502287836-003A-listener-002F-app-002F-PocDxinfraportal-002F-33679289b6794a08-002F-02c05812d7d48138",
      "provider": "provider[\"registry.terraform.io/hashicorp/aws\"]",
      "instances": [
        {
          "schema_version": 0,
          "attributes": {
            "arn": "arn:aws:elasticloadbalancing:ap-southeast-1:768502287836:listener/app/PocDxinfraportal/33679289b6794a08/02c05812d7d48138",
            "certificate_arn": "arn:aws:acm:ap-southeast-1:768502287836:certificate/4a8f0357-b09d-4204-9084-f7282f39678d",
            "default_action": [
              {
                "authenticate_cognito": [
                  {
                    "authentication_request_extra_params": {},
                    "on_unauthenticated_request": "authenticate",
                    "scope": "openid",
                    "session_cookie_name": "AWSELBAuthSessionCookie",
                    "session_timeout": 604800,
                    "user_pool_arn": "arn:aws:cognito-idp:ap-southeast-1:768502287836:userpool/ap-southeast-1_HxhkZHuGI",
                    "user_pool_client_id": "7e48u7omo3g02ejefvj63lr122",
                    "user_pool_domain": "dx-infra"
                  }
                ],
                "authenticate_oidc": [],
                "fixed_response": [],
                "forward": [],
                "order": 1,
                "redirect": [],
                "target_group_arn": "",
                "type": "authenticate-cognito"
              },
              {
                "authenticate_cognito": [],
                "authenticate_oidc": [],
                "fixed_response": [],
                "forward": [],
                "order": 2,
                "redirect": [],
                "target_group_arn": "arn:aws:elasticloadbalancing:ap-southeast-1:768502287836:targetgroup/PocDxinfraportalStaging-TG/2d5b72c990c0ea18",
                "type": "forward"
              }
            ],
            "id": "arn:aws:elasticloadbalancing:ap-southeast-1:768502287836:listener/app/PocDxinfraportal/33679289b6794a08/02c05812d7d48138",
            "load_balancer_arn": "arn:aws:elasticloadbalancing:ap-southeast-1:768502287836:loadbalancer/app/PocDxinfraportal/33679289b6794a08",
            "port": 8080,
            "protocol": "HTTPS",
            "ssl_policy": "ELBSecurityPolicy-TLS-1-2-2017-01",
            "timeouts": {
              "read": null
            }
          },
          "sensitive_attributes": [],
          "private": "eyJlMmJmYjczMC1lY2FhLTExZTYtOGY4OC0zNDM2M2JjN2M0YzAiOnsicmVhZCI6NjAwMDAwMDAwMDAwfSwic2NoZW1hX3ZlcnNpb24iOiIwIn0="
        }
      ]
    },
    {
      "mode": "managed",
      "type": "aws_lb_listener",
      "name": "tfer--arn-003A-aws-003A-elasticloadbalancing-003A-ap-southeast-1-003A-768502287836-003A-listener-002F-app-002F-PocDxinfraportal-002F-33679289b6794a08-002F-5ed849ab022bb889",
      "provider": "provider[\"registry.terraform.io/hashicorp/aws\"]",
      "instances": [
        {
          "schema_version": 0,
          "attributes": {
            "arn": "arn:aws:elasticloadbalancing:ap-southeast-1:768502287836:listener/app/PocDxinfraportal/33679289b6794a08/5ed849ab022bb889",
            "certificate_arn": "arn:aws:acm:ap-southeast-1:768502287836:certificate/4a8f0357-b09d-4204-9084-f7282f39678d",
            "default_action": [
              {
                "authenticate_cognito": [
                  {
                    "authentication_request_extra_params": {},
                    "on_unauthenticated_request": "authenticate",
                    "scope": "openid",
                    "session_cookie_name": "AWSELBAuthSessionCookie",
                    "session_timeout": 604800,
                    "user_pool_arn": "arn:aws:cognito-idp:ap-southeast-1:768502287836:userpool/ap-southeast-1_HxhkZHuGI",
                    "user_pool_client_id": "4ju5plag5o7gfkt0pv9j57dmvl",
                    "user_pool_domain": "dx-infra"
                  }
                ],
                "authenticate_oidc": [],
                "fixed_response": [],
                "forward": [],
                "order": 1,
                "redirect": [],
                "target_group_arn": "",
                "type": "authenticate-cognito"
              },
              {
                "authenticate_cognito": [],
                "authenticate_oidc": [],
                "fixed_response": [],
                "forward": [],
                "order": 2,
                "redirect": [],
                "target_group_arn": "arn:aws:elasticloadbalancing:ap-southeast-1:768502287836:targetgroup/PocDxinfraportal-TG/8b2017faf2b0985d",
                "type": "forward"
              }
            ],
            "id": "arn:aws:elasticloadbalancing:ap-southeast-1:768502287836:listener/app/PocDxinfraportal/33679289b6794a08/5ed849ab022bb889",
            "load_balancer_arn": "arn:aws:elasticloadbalancing:ap-southeast-1:768502287836:loadbalancer/app/PocDxinfraportal/33679289b6794a08",
            "port": 443,
            "protocol": "HTTPS",
            "ssl_policy": "ELBSecurityPolicy-TLS-1-2-2017-01",
            "timeouts": {
              "read": null
            }
          },
          "sensitive_attributes": [],
          "private": "eyJlMmJmYjczMC1lY2FhLTExZTYtOGY4OC0zNDM2M2JjN2M0YzAiOnsicmVhZCI6NjAwMDAwMDAwMDAwfSwic2NoZW1hX3ZlcnNpb24iOiIwIn0="
        }
      ]
    },
    {
      "mode": "managed",
      "type": "aws_lb_listener",
      "name": "tfer--arn-003A-aws-003A-elasticloadbalancing-003A-ap-southeast-1-003A-768502287836-003A-listener-002F-app-002F-PocDxinfraportal-002F-33679289b6794a08-002F-d719904942485057",
      "provider": "provider[\"registry.terraform.io/hashicorp/aws\"]",
      "instances": [
        {
          "schema_version": 0,
          "attributes": {
            "arn": "arn:aws:elasticloadbalancing:ap-southeast-1:768502287836:listener/app/PocDxinfraportal/33679289b6794a08/d719904942485057",
            "certificate_arn": null,
            "default_action": [
              {
                "authenticate_cognito": [],
                "authenticate_oidc": [],
                "fixed_response": [],
                "forward": [],
                "order": 1,
                "redirect": [
                  {
                    "host": "#{host}",
                    "path": "/#{path}",
                    "port": "443",
                    "protocol": "HTTPS",
                    "query": "#{query}",
                    "status_code": "HTTP_301"
                  }
                ],
                "target_group_arn": "",
                "type": "redirect"
              }
            ],
            "id": "arn:aws:elasticloadbalancing:ap-southeast-1:768502287836:listener/app/PocDxinfraportal/33679289b6794a08/d719904942485057",
            "load_balancer_arn": "arn:aws:elasticloadbalancing:ap-southeast-1:768502287836:loadbalancer/app/PocDxinfraportal/33679289b6794a08",
            "port": 80,
            "protocol": "HTTP",
            "ssl_policy": "",
            "timeouts": {
              "read": null
            }
          },
          "sensitive_attributes": [],
          "private": "eyJlMmJmYjczMC1lY2FhLTExZTYtOGY4OC0zNDM2M2JjN2M0YzAiOnsicmVhZCI6NjAwMDAwMDAwMDAwfSwic2NoZW1hX3ZlcnNpb24iOiIwIn0="
        }
      ]
    },
    {
      "mode": "managed",
      "type": "aws_lb_target_group",
      "name": "tfer--PocDxinfraportal-TG",
      "provider": "provider[\"registry.terraform.io/hashicorp/aws\"]",
      "instances": [
        {
          "schema_version": 0,
          "attributes_flat": {
            "arn": "arn:aws:elasticloadbalancing:ap-southeast-1:768502287836:targetgroup/PocDxinfraportal-TG/8b2017faf2b0985d",
            "arn_suffix": "targetgroup/PocDxinfraportal-TG/8b2017faf2b0985d",
            "deregistration_delay": "300",
            "health_check.#": "1",
            "health_check.0.enabled": "true",
            "health_check.0.healthy_threshold": "5",
            "health_check.0.interval": "30",
            "health_check.0.matcher": "200",
            "health_check.0.path": "/",
            "health_check.0.port": "traffic-port",
            "health_check.0.protocol": "HTTP",
            "health_check.0.timeout": "5",
            "health_check.0.unhealthy_threshold": "2",
            "id": "arn:aws:elasticloadbalancing:ap-southeast-1:768502287836:targetgroup/PocDxinfraportal-TG/8b2017faf2b0985d",
            "load_balancing_algorithm_type": "round_robin",
            "name": "PocDxinfraportal-TG",
            "port": "80",
            "protocol": "HTTP",
            "protocol_version": "HTTP1",
            "slow_start": "0",
            "stickiness.#": "1",
            "stickiness.0.cookie_duration": "86400",
            "stickiness.0.enabled": "false",
            "stickiness.0.type": "lb_cookie",
            "tags.%": "7",
            "tags.Billing": "dxplatform",
            "tags.Owner": "DXInfra",
            "tags.Project": "dxplatform",
            "tags.Usage": "arn:aws:elasticloadbalancing:ap-southeast-1:768502287836:targetgroup/PocDxinfraportal-TG/8b2017faf2b0985d",
            "tags.Usage-tag-source": "dxpf-aws-resource-tagger",
            "tags.Usage-tag-update-time": "Mon Nov 28 02:15:53 IST 2022",
            "tags.application": "dxplatform-portal",
            "target_type": "instance",
            "vpc_id": "vpc-8481afe3"
          },
          "sensitive_attributes": []
        }
      ]
    },
    {
      "mode": "managed",
      "type": "aws_lb_target_group",
      "name": "tfer--PocDxinfraportalStaging-TG",
      "provider": "provider[\"registry.terraform.io/hashicorp/aws\"]",
      "instances": [
        {
          "schema_version": 0,
          "attributes_flat": {
            "arn": "arn:aws:elasticloadbalancing:ap-southeast-1:768502287836:targetgroup/PocDxinfraportalStaging-TG/2d5b72c990c0ea18",
            "arn_suffix": "targetgroup/PocDxinfraportalStaging-TG/2d5b72c990c0ea18",
            "deregistration_delay": "300",
            "health_check.#": "1",
            "health_check.0.enabled": "true",
            "health_check.0.healthy_threshold": "5",
            "health_check.0.interval": "30",
            "health_check.0.matcher": "200",
            "health_check.0.path": "/",
            "health_check.0.port": "traffic-port",
            "health_check.0.protocol": "HTTP",
            "health_check.0.timeout": "5",
            "health_check.0.unhealthy_threshold": "2",
            "id": "arn:aws:elasticloadbalancing:ap-southeast-1:768502287836:targetgroup/PocDxinfraportalStaging-TG/2d5b72c990c0ea18",
            "load_balancing_algorithm_type": "round_robin",
            "name": "PocDxinfraportalStaging-TG",
            "port": "80",
            "protocol": "HTTP",
            "protocol_version": "HTTP1",
            "slow_start": "0",
            "stickiness.#": "1",
            "stickiness.0.cookie_duration": "86400",
            "stickiness.0.enabled": "false",
            "stickiness.0.type": "lb_cookie",
            "tags.%": "7",
            "tags.Billing": "dxplatform",
            "tags.Owner": "DXInfra",
            "tags.Project": "dxplatform",
            "tags.Usage": "arn:aws:elasticloadbalancing:ap-southeast-1:768502287836:targetgroup/PocDxinfraportalStaging-TG/2d5b72c990c0ea18",
            "tags.Usage-tag-source": "dxpf-aws-resource-tagger",
            "tags.Usage-tag-update-time": "Mon Nov 28 02:15:54 IST 2022",
            "tags.application": "dxplatform-portal",
            "target_type": "instance",
            "vpc_id": "vpc-8481afe3"
          },
          "sensitive_attributes": []
        }
      ]
    }
  ]
}
