[0m[1mmodule.vpc_endpoints_ap_southeast_1.data.aws_vpcs.all_vpcs: Reading...[0m[0m
[0m[1mmodule.vpc_endpoints_ap_southeast_1.data.aws_vpcs.all_vpcs: Read complete after 0s [id=ap-southeast-1][0m
[0m[1mmodule.vpc_endpoints_ap_southeast_1.data.aws_vpc.selected["vpc-069564656011acce9"]: Reading...[0m[0m
[0m[1mmodule.vpc_endpoints_ap_southeast_1.data.aws_vpc.selected["vpc-063ed0302d264fdff"]: Reading...[0m[0m
[0m[1mmodule.vpc_endpoints_ap_southeast_1.data.aws_vpc.selected["vpc-004a377b92163bec0"]: Reading...[0m[0m
[0m[1mmodule.vpc_endpoints_ap_southeast_1.data.aws_vpc.selected["vpc-02f15860069647990"]: Reading...[0m[0m
[0m[1mmodule.vpc_endpoints_ap_southeast_1.data.aws_vpc.selected["vpc-06e12140e5b9511a9"]: Reading...[0m[0m
[0m[1mmodule.vpc_endpoints_ap_southeast_1.data.aws_vpc.selected["vpc-0b0d7d0e4a67ed700"]: Reading...[0m[0m
[0m[1mmodule.vpc_endpoints_ap_southeast_1.data.aws_vpc.selected["vpc-0873c29cd655a75b0"]: Reading...[0m[0m
[0m[1mmodule.vpc_endpoints_ap_southeast_1.data.aws_vpc.selected["vpc-0434c079d71746cb3"]: Reading...[0m[0m
[0m[1mmodule.vpc_endpoints_ap_southeast_1.data.aws_vpc.selected["vpc-0e535d1dbdfc5d4e7"]: Reading...[0m[0m
[0m[1mmodule.vpc_endpoints_ap_southeast_1.data.aws_vpc.selected["vpc-0873c29cd655a75b0"]: Read complete after 1s [id=vpc-0873c29cd655a75b0][0m
[0m[1mmodule.vpc_endpoints_ap_southeast_1.data.aws_vpc.selected["vpc-0379fdb17072f4036"]: Reading...[0m[0m
[0m[1mmodule.vpc_endpoints_ap_southeast_1.data.aws_vpc.selected["vpc-0b0d7d0e4a67ed700"]: Read complete after 1s [id=vpc-0b0d7d0e4a67ed700][0m
[0m[1mmodule.vpc_endpoints_ap_southeast_1.data.aws_vpc.selected["vpc-02f15860069647990"]: Read complete after 1s [id=vpc-02f15860069647990][0m
[0m[1mmodule.vpc_endpoints_ap_southeast_1.data.aws_vpc.selected["vpc-086f357147014f9a7"]: Reading...[0m[0m
[0m[1mmodule.vpc_endpoints_ap_southeast_1.data.aws_vpc.selected["vpc-0ddcc7a1401565ac5"]: Reading...[0m[0m
[0m[1mmodule.vpc_endpoints_ap_southeast_1.data.aws_vpc.selected["vpc-06e12140e5b9511a9"]: Read complete after 1s [id=vpc-06e12140e5b9511a9][0m
[0m[1mmodule.vpc_endpoints_ap_southeast_1.data.aws_vpc.selected["vpc-018f374d4d2269e9b"]: Reading...[0m[0m
[0m[1mmodule.vpc_endpoints_ap_southeast_1.data.aws_vpc.selected["vpc-069564656011acce9"]: Read complete after 1s [id=vpc-069564656011acce9][0m
[0m[1mmodule.vpc_endpoints_ap_southeast_1.data.aws_vpc.selected["vpc-063ed0302d264fdff"]: Read complete after 1s [id=vpc-063ed0302d264fdff][0m
[0m[1mmodule.vpc_endpoints_ap_southeast_1.data.aws_vpc.selected["vpc-8481afe3"]: Reading...[0m[0m
[0m[1mmodule.vpc_endpoints_ap_southeast_1.data.aws_vpc.selected["vpc-06f17a82690ae6451"]: Reading...[0m[0m
[0m[1mmodule.vpc_endpoints_ap_southeast_1.data.aws_vpc.selected["vpc-0434c079d71746cb3"]: Read complete after 1s [id=vpc-0434c079d71746cb3][0m
[0m[1mmodule.vpc_endpoints_ap_southeast_1.data.aws_vpc.selected["vpc-038e9a438ab205c10"]: Reading...[0m[0m
[0m[1mmodule.vpc_endpoints_ap_southeast_1.data.aws_vpc.selected["vpc-0e535d1dbdfc5d4e7"]: Read complete after 1s [id=vpc-0e535d1dbdfc5d4e7][0m
[0m[1mmodule.vpc_endpoints_ap_southeast_1.data.aws_subnets.private_subnets["vpc-0b0d7d0e4a67ed700"]: Reading...[0m[0m
[0m[1mmodule.vpc_endpoints_ap_southeast_1.data.aws_vpc.selected["vpc-004a377b92163bec0"]: Read complete after 1s [id=vpc-004a377b92163bec0][0m
[0m[1mmodule.vpc_endpoints_ap_southeast_1.data.aws_subnets.private_subnets["vpc-004a377b92163bec0"]: Reading...[0m[0m
[0m[1mmodule.vpc_endpoints_ap_southeast_1.data.aws_subnets.private_subnets["vpc-0b0d7d0e4a67ed700"]: Read complete after 0s [id=ap-southeast-1][0m
[0m[1mmodule.vpc_endpoints_ap_southeast_1.data.aws_subnets.private_subnets["vpc-06e12140e5b9511a9"]: Reading...[0m[0m
[0m[1mmodule.vpc_endpoints_ap_southeast_1.data.aws_subnets.private_subnets["vpc-004a377b92163bec0"]: Read complete after 0s [id=ap-southeast-1][0m
[0m[1mmodule.vpc_endpoints_ap_southeast_1.data.aws_subnets.private_subnets["vpc-02f15860069647990"]: Reading...[0m[0m
[0m[1mmodule.vpc_endpoints_ap_southeast_1.data.aws_subnets.private_subnets["vpc-06e12140e5b9511a9"]: Read complete after 1s [id=ap-southeast-1][0m
[0m[1mmodule.vpc_endpoints_ap_southeast_1.data.aws_subnets.private_subnets["vpc-0434c079d71746cb3"]: Reading...[0m[0m
[0m[1mmodule.vpc_endpoints_ap_southeast_1.data.aws_subnets.private_subnets["vpc-0434c079d71746cb3"]: Read complete after 0s [id=ap-southeast-1][0m
[0m[1mmodule.vpc_endpoints_ap_southeast_1.data.aws_subnets.private_subnets["vpc-8481afe3"]: Reading...[0m[0m
[0m[1mmodule.vpc_endpoints_ap_southeast_1.data.aws_subnets.private_subnets["vpc-02f15860069647990"]: Read complete after 1s [id=ap-southeast-1][0m
[0m[1mmodule.vpc_endpoints_ap_southeast_1.data.aws_subnets.private_subnets["vpc-0379fdb17072f4036"]: Reading...[0m[0m
[0m[1mmodule.vpc_endpoints_ap_southeast_1.data.aws_subnets.private_subnets["vpc-069564656011acce9"]: Reading...[0m[0m
[0m[1mmodule.vpc_endpoints_ap_southeast_1.data.aws_vpc.selected["vpc-0379fdb17072f4036"]: Read complete after 1s [id=vpc-0379fdb17072f4036][0m
[0m[1mmodule.vpc_endpoints_ap_southeast_1.data.aws_vpc.selected["vpc-8481afe3"]: Read complete after 1s [id=vpc-8481afe3][0m
[0m[1mmodule.vpc_endpoints_ap_southeast_1.data.aws_subnets.private_subnets["vpc-06f17a82690ae6451"]: Reading...[0m[0m
[0m[1mmodule.vpc_endpoints_ap_southeast_1.data.aws_subnets.private_subnets["vpc-018f374d4d2269e9b"]: Reading...[0m[0m
[0m[1mmodule.vpc_endpoints_ap_southeast_1.data.aws_vpc.selected["vpc-018f374d4d2269e9b"]: Read complete after 1s [id=vpc-018f374d4d2269e9b][0m
[0m[1mmodule.vpc_endpoints_ap_southeast_1.data.aws_subnets.private_subnets["vpc-0e535d1dbdfc5d4e7"]: Reading...[0m[0m
[0m[1mmodule.vpc_endpoints_ap_southeast_1.data.aws_vpc.selected["vpc-0ddcc7a1401565ac5"]: Read complete after 1s [id=vpc-0ddcc7a1401565ac5][0m
[0m[1mmodule.vpc_endpoints_ap_southeast_1.data.aws_subnets.private_subnets["vpc-0ddcc7a1401565ac5"]: Reading...[0m[0m
[0m[1mmodule.vpc_endpoints_ap_southeast_1.data.aws_vpc.selected["vpc-038e9a438ab205c10"]: Read complete after 1s [id=vpc-038e9a438ab205c10][0m
[0m[1mmodule.vpc_endpoints_ap_southeast_1.data.aws_vpc.selected["vpc-06f17a82690ae6451"]: Read complete after 1s [id=vpc-06f17a82690ae6451][0m
[0m[1mmodule.vpc_endpoints_ap_southeast_1.data.aws_subnets.private_subnets["vpc-038e9a438ab205c10"]: Reading...[0m[0m
[0m[1mmodule.vpc_endpoints_ap_southeast_1.data.aws_subnets.private_subnets["vpc-063ed0302d264fdff"]: Reading...[0m[0m
[0m[1mmodule.vpc_endpoints_ap_southeast_1.data.aws_subnets.private_subnets["vpc-8481afe3"]: Read complete after 0s [id=ap-southeast-1][0m
[0m[1mmodule.vpc_endpoints_ap_southeast_1.data.aws_subnets.private_subnets["vpc-086f357147014f9a7"]: Reading...[0m[0m
[0m[1mmodule.vpc_endpoints_ap_southeast_1.data.aws_subnets.private_subnets["vpc-0379fdb17072f4036"]: Read complete after 0s [id=ap-southeast-1][0m
[0m[1mmodule.vpc_endpoints_ap_southeast_1.data.aws_subnets.private_subnets["vpc-0873c29cd655a75b0"]: Reading...[0m[0m
[0m[1mmodule.vpc_endpoints_ap_southeast_1.data.aws_vpc.selected["vpc-086f357147014f9a7"]: Read complete after 1s [id=vpc-086f357147014f9a7][0m
[0m[1mmodule.vpc_endpoints_ap_southeast_1.data.aws_subnets.private_subnets["vpc-069564656011acce9"]: Read complete after 0s [id=ap-southeast-1][0m
[0m[1mmodule.vpc_endpoints_ap_southeast_1.data.aws_subnets.private_subnets["vpc-06f17a82690ae6451"]: Read complete after 0s [id=ap-southeast-1][0m
[0m[1mmodule.vpc_endpoints_ap_southeast_1.data.aws_subnets.private_subnets["vpc-018f374d4d2269e9b"]: Read complete after 0s [id=ap-southeast-1][0m
[0m[1mmodule.vpc_endpoints_ap_southeast_1.data.aws_subnets.private_subnets["vpc-0e535d1dbdfc5d4e7"]: Read complete after 0s [id=ap-southeast-1][0m
[0m[1mmodule.vpc_endpoints_us_west_2.data.aws_vpcs.all_vpcs: Reading...[0m[0m
[0m[1mmodule.vpc_endpoints_ap_southeast_1.data.aws_subnets.private_subnets["vpc-0ddcc7a1401565ac5"]: Read complete after 0s [id=ap-southeast-1][0m
[0m[1mmodule.vpc_endpoints_ap_southeast_1.data.aws_subnets.private_subnets["vpc-063ed0302d264fdff"]: Read complete after 0s [id=ap-southeast-1][0m
[0m[1mmodule.vpc_endpoints_ap_southeast_1.data.aws_subnets.private_subnets["vpc-0873c29cd655a75b0"]: Read complete after 0s [id=ap-southeast-1][0m
[0m[1mmodule.vpc_endpoints_ap_southeast_1.data.aws_subnets.private_subnets["vpc-086f357147014f9a7"]: Read complete after 0s [id=ap-southeast-1][0m
[0m[1mmodule.vpc_endpoints_ap_southeast_1.data.aws_subnets.private_subnets["vpc-038e9a438ab205c10"]: Read complete after 0s [id=ap-southeast-1][0m
[0m[1mmodule.vpc_endpoints_us_west_2.data.aws_vpcs.all_vpcs: Read complete after 2s [id=us-west-2][0m
[0m[1mmodule.vpc_endpoints_us_west_2.data.aws_vpc.selected["vpc-0ea0ec53556654812"]: Reading...[0m[0m
[0m[1mmodule.vpc_endpoints_us_west_2.data.aws_vpc.selected["vpc-b6835ece"]: Reading...[0m[0m
[0m[1mmodule.vpc_endpoints_us_west_2.data.aws_vpc.selected["vpc-0729e0862e6c07fa3"]: Reading...[0m[0m
[0m[1mmodule.vpc_endpoints_us_west_2.data.aws_vpc.selected["vpc-08c176c702b4e8c82"]: Reading...[0m[0m
[0m[1mmodule.vpc_endpoints_us_west_2.data.aws_vpc.selected["vpc-021ddb54db13428b2"]: Reading...[0m[0m
[0m[1mmodule.vpc_endpoints_us_west_2.data.aws_vpc.selected["vpc-0f8d49fece7838519"]: Reading...[0m[0m
[0m[1mmodule.vpc_endpoints_us_west_2.data.aws_vpc.selected["vpc-01264de7c037cbbe4"]: Reading...[0m[0m
[0m[1mmodule.vpc_endpoints_us_west_2.data.aws_vpc.selected["vpc-041a1132552c39c34"]: Reading...[0m[0m
[0m[1mmodule.vpc_endpoints_us_west_2.data.aws_subnets.private_subnets["vpc-041a1132552c39c34"]: Reading...[0m[0m
[0m[1mmodule.vpc_endpoints_us_west_2.data.aws_subnets.private_subnets["vpc-0f8d49fece7838519"]: Reading...[0m[0m
[0m[1mmodule.vpc_endpoints_us_west_2.data.aws_subnets.private_subnets["vpc-041a1132552c39c34"]: Read complete after 0s [id=us-west-2][0m
[0m[1mmodule.vpc_endpoints_us_west_2.data.aws_subnets.private_subnets["vpc-01264de7c037cbbe4"]: Reading...[0m[0m
[0m[1mmodule.vpc_endpoints_us_west_2.data.aws_subnets.private_subnets["vpc-0f8d49fece7838519"]: Read complete after 0s [id=us-west-2][0m
[0m[1mmodule.vpc_endpoints_us_west_2.data.aws_subnets.private_subnets["vpc-0729e0862e6c07fa3"]: Reading...[0m[0m
[0m[1mmodule.vpc_endpoints_us_west_2.data.aws_subnets.private_subnets["vpc-01264de7c037cbbe4"]: Read complete after 1s [id=us-west-2][0m
[0m[1mmodule.vpc_endpoints_us_west_2.data.aws_subnets.private_subnets["vpc-0ea0ec53556654812"]: Reading...[0m[0m
[0m[1mmodule.vpc_endpoints_us_west_2.data.aws_subnets.private_subnets["vpc-0729e0862e6c07fa3"]: Read complete after 1s [id=us-west-2][0m
[0m[1mmodule.vpc_endpoints_us_west_2.data.aws_subnets.private_subnets["vpc-b6835ece"]: Reading...[0m[0m
[0m[1mmodule.vpc_endpoints_us_west_2.data.aws_subnets.private_subnets["vpc-0ea0ec53556654812"]: Read complete after 0s [id=us-west-2][0m
[0m[1mmodule.vpc_endpoints_us_west_2.data.aws_subnets.private_subnets["vpc-021ddb54db13428b2"]: Reading...[0m[0m
[0m[1mmodule.vpc_endpoints_us_west_2.data.aws_subnets.private_subnets["vpc-b6835ece"]: Read complete after 1s [id=us-west-2][0m
[0m[1mmodule.vpc_endpoints_us_west_2.data.aws_subnets.private_subnets["vpc-08c176c702b4e8c82"]: Reading...[0m[0m
[0m[1mmodule.vpc_endpoints_us_west_2.data.aws_vpc.selected["vpc-0ea0ec53556654812"]: Read complete after 2s [id=vpc-0ea0ec53556654812][0m
[0m[1mmodule.vpc_endpoints_us_west_2.data.aws_vpc.selected["vpc-0729e0862e6c07fa3"]: Read complete after 2s [id=vpc-0729e0862e6c07fa3][0m
[0m[1mmodule.vpc_endpoints_us_west_2.data.aws_vpc.selected["vpc-b6835ece"]: Read complete after 2s [id=vpc-b6835ece][0m
[0m[1mmodule.vpc_endpoints_us_west_2.data.aws_subnets.private_subnets["vpc-021ddb54db13428b2"]: Read complete after 1s [id=us-west-2][0m
[0m[1mmodule.vpc_endpoints_us_west_2.data.aws_vpc.selected["vpc-0f8d49fece7838519"]: Read complete after 2s [id=vpc-0f8d49fece7838519][0m
[0m[1mmodule.vpc_endpoints_us_west_2.data.aws_vpc.selected["vpc-021ddb54db13428b2"]: Read complete after 2s [id=vpc-021ddb54db13428b2][0m
[0m[1mmodule.vpc_endpoints_us_west_2.data.aws_vpc.selected["vpc-08c176c702b4e8c82"]: Read complete after 2s [id=vpc-08c176c702b4e8c82][0m
[0m[1mmodule.vpc_endpoints_us_west_2.data.aws_vpc.selected["vpc-01264de7c037cbbe4"]: Read complete after 2s [id=vpc-01264de7c037cbbe4][0m
[0m[1mmodule.vpc_endpoints_us_west_2.data.aws_vpc.selected["vpc-041a1132552c39c34"]: Read complete after 2s [id=vpc-041a1132552c39c34][0m
[0m[1mmodule.vpc_endpoints_us_west_2.data.aws_subnets.private_subnets["vpc-08c176c702b4e8c82"]: Read complete after 0s [id=us-west-2][0m

Terraform used the selected providers to generate the following execution
plan. Resource actions are indicated with the following symbols:
  [32m+[0m create[0m

Terraform will perform the following actions:

[1m  # module.vpc_endpoints_ap_southeast_1.aws_route_table.private["vpc-004a377b92163bec0"][0m will be created
[0m  [32m+[0m[0m resource "aws_route_table" "private" {
      [32m+[0m[0m arn              = (known after apply)
      [32m+[0m[0m id               = (known after apply)
      [32m+[0m[0m owner_id         = (known after apply)
      [32m+[0m[0m propagating_vgws = (known after apply)
      [32m+[0m[0m route            = (known after apply)
      [32m+[0m[0m tags_all         = (known after apply)
      [32m+[0m[0m vpc_id           = "vpc-004a377b92163bec0"
    }

[1m  # module.vpc_endpoints_ap_southeast_1.aws_route_table.private["vpc-018f374d4d2269e9b"][0m will be created
[0m  [32m+[0m[0m resource "aws_route_table" "private" {
      [32m+[0m[0m arn              = (known after apply)
      [32m+[0m[0m id               = (known after apply)
      [32m+[0m[0m owner_id         = (known after apply)
      [32m+[0m[0m propagating_vgws = (known after apply)
      [32m+[0m[0m route            = (known after apply)
      [32m+[0m[0m tags_all         = (known after apply)
      [32m+[0m[0m vpc_id           = "vpc-018f374d4d2269e9b"
    }

[1m  # module.vpc_endpoints_ap_southeast_1.aws_route_table.private["vpc-02f15860069647990"][0m will be created
[0m  [32m+[0m[0m resource "aws_route_table" "private" {
      [32m+[0m[0m arn              = (known after apply)
      [32m+[0m[0m id               = (known after apply)
      [32m+[0m[0m owner_id         = (known after apply)
      [32m+[0m[0m propagating_vgws = (known after apply)
      [32m+[0m[0m route            = (known after apply)
      [32m+[0m[0m tags_all         = (known after apply)
      [32m+[0m[0m vpc_id           = "vpc-02f15860069647990"
    }

[1m  # module.vpc_endpoints_ap_southeast_1.aws_route_table.private["vpc-0379fdb17072f4036"][0m will be created
[0m  [32m+[0m[0m resource "aws_route_table" "private" {
      [32m+[0m[0m arn              = (known after apply)
      [32m+[0m[0m id               = (known after apply)
      [32m+[0m[0m owner_id         = (known after apply)
      [32m+[0m[0m propagating_vgws = (known after apply)
      [32m+[0m[0m route            = (known after apply)
      [32m+[0m[0m tags_all         = (known after apply)
      [32m+[0m[0m vpc_id           = "vpc-0379fdb17072f4036"
    }

[1m  # module.vpc_endpoints_ap_southeast_1.aws_route_table.private["vpc-038e9a438ab205c10"][0m will be created
[0m  [32m+[0m[0m resource "aws_route_table" "private" {
      [32m+[0m[0m arn              = (known after apply)
      [32m+[0m[0m id               = (known after apply)
      [32m+[0m[0m owner_id         = (known after apply)
      [32m+[0m[0m propagating_vgws = (known after apply)
      [32m+[0m[0m route            = (known after apply)
      [32m+[0m[0m tags_all         = (known after apply)
      [32m+[0m[0m vpc_id           = "vpc-038e9a438ab205c10"
    }

[1m  # module.vpc_endpoints_ap_southeast_1.aws_route_table.private["vpc-0434c079d71746cb3"][0m will be created
[0m  [32m+[0m[0m resource "aws_route_table" "private" {
      [32m+[0m[0m arn              = (known after apply)
      [32m+[0m[0m id               = (known after apply)
      [32m+[0m[0m owner_id         = (known after apply)
      [32m+[0m[0m propagating_vgws = (known after apply)
      [32m+[0m[0m route            = (known after apply)
      [32m+[0m[0m tags_all         = (known after apply)
      [32m+[0m[0m vpc_id           = "vpc-0434c079d71746cb3"
    }

[1m  # module.vpc_endpoints_ap_southeast_1.aws_route_table.private["vpc-063ed0302d264fdff"][0m will be created
[0m  [32m+[0m[0m resource "aws_route_table" "private" {
      [32m+[0m[0m arn              = (known after apply)
      [32m+[0m[0m id               = (known after apply)
      [32m+[0m[0m owner_id         = (known after apply)
      [32m+[0m[0m propagating_vgws = (known after apply)
      [32m+[0m[0m route            = (known after apply)
      [32m+[0m[0m tags_all         = (known after apply)
      [32m+[0m[0m vpc_id           = "vpc-063ed0302d264fdff"
    }

[1m  # module.vpc_endpoints_ap_southeast_1.aws_route_table.private["vpc-069564656011acce9"][0m will be created
[0m  [32m+[0m[0m resource "aws_route_table" "private" {
      [32m+[0m[0m arn              = (known after apply)
      [32m+[0m[0m id               = (known after apply)
      [32m+[0m[0m owner_id         = (known after apply)
      [32m+[0m[0m propagating_vgws = (known after apply)
      [32m+[0m[0m route            = (known after apply)
      [32m+[0m[0m tags_all         = (known after apply)
      [32m+[0m[0m vpc_id           = "vpc-069564656011acce9"
    }

[1m  # module.vpc_endpoints_ap_southeast_1.aws_route_table.private["vpc-06e12140e5b9511a9"][0m will be created
[0m  [32m+[0m[0m resource "aws_route_table" "private" {
      [32m+[0m[0m arn              = (known after apply)
      [32m+[0m[0m id               = (known after apply)
      [32m+[0m[0m owner_id         = (known after apply)
      [32m+[0m[0m propagating_vgws = (known after apply)
      [32m+[0m[0m route            = (known after apply)
      [32m+[0m[0m tags_all         = (known after apply)
      [32m+[0m[0m vpc_id           = "vpc-06e12140e5b9511a9"
    }

[1m  # module.vpc_endpoints_ap_southeast_1.aws_route_table.private["vpc-06f17a82690ae6451"][0m will be created
[0m  [32m+[0m[0m resource "aws_route_table" "private" {
      [32m+[0m[0m arn              = (known after apply)
      [32m+[0m[0m id               = (known after apply)
      [32m+[0m[0m owner_id         = (known after apply)
      [32m+[0m[0m propagating_vgws = (known after apply)
      [32m+[0m[0m route            = (known after apply)
      [32m+[0m[0m tags_all         = (known after apply)
      [32m+[0m[0m vpc_id           = "vpc-06f17a82690ae6451"
    }

[1m  # module.vpc_endpoints_ap_southeast_1.aws_route_table.private["vpc-086f357147014f9a7"][0m will be created
[0m  [32m+[0m[0m resource "aws_route_table" "private" {
      [32m+[0m[0m arn              = (known after apply)
      [32m+[0m[0m id               = (known after apply)
      [32m+[0m[0m owner_id         = (known after apply)
      [32m+[0m[0m propagating_vgws = (known after apply)
      [32m+[0m[0m route            = (known after apply)
      [32m+[0m[0m tags_all         = (known after apply)
      [32m+[0m[0m vpc_id           = "vpc-086f357147014f9a7"
    }

[1m  # module.vpc_endpoints_ap_southeast_1.aws_route_table.private["vpc-0873c29cd655a75b0"][0m will be created
[0m  [32m+[0m[0m resource "aws_route_table" "private" {
      [32m+[0m[0m arn              = (known after apply)
      [32m+[0m[0m id               = (known after apply)
      [32m+[0m[0m owner_id         = (known after apply)
      [32m+[0m[0m propagating_vgws = (known after apply)
      [32m+[0m[0m route            = (known after apply)
      [32m+[0m[0m tags_all         = (known after apply)
      [32m+[0m[0m vpc_id           = "vpc-0873c29cd655a75b0"
    }

[1m  # module.vpc_endpoints_ap_southeast_1.aws_route_table.private["vpc-0b0d7d0e4a67ed700"][0m will be created
[0m  [32m+[0m[0m resource "aws_route_table" "private" {
      [32m+[0m[0m arn              = (known after apply)
      [32m+[0m[0m id               = (known after apply)
      [32m+[0m[0m owner_id         = (known after apply)
      [32m+[0m[0m propagating_vgws = (known after apply)
      [32m+[0m[0m route            = (known after apply)
      [32m+[0m[0m tags_all         = (known after apply)
      [32m+[0m[0m vpc_id           = "vpc-0b0d7d0e4a67ed700"
    }

[1m  # module.vpc_endpoints_ap_southeast_1.aws_route_table.private["vpc-0ddcc7a1401565ac5"][0m will be created
[0m  [32m+[0m[0m resource "aws_route_table" "private" {
      [32m+[0m[0m arn              = (known after apply)
      [32m+[0m[0m id               = (known after apply)
      [32m+[0m[0m owner_id         = (known after apply)
      [32m+[0m[0m propagating_vgws = (known after apply)
      [32m+[0m[0m route            = (known after apply)
      [32m+[0m[0m tags_all         = (known after apply)
      [32m+[0m[0m vpc_id           = "vpc-0ddcc7a1401565ac5"
    }

[1m  # module.vpc_endpoints_ap_southeast_1.aws_route_table.private["vpc-0e535d1dbdfc5d4e7"][0m will be created
[0m  [32m+[0m[0m resource "aws_route_table" "private" {
      [32m+[0m[0m arn              = (known after apply)
      [32m+[0m[0m id               = (known after apply)
      [32m+[0m[0m owner_id         = (known after apply)
      [32m+[0m[0m propagating_vgws = (known after apply)
      [32m+[0m[0m route            = (known after apply)
      [32m+[0m[0m tags_all         = (known after apply)
      [32m+[0m[0m vpc_id           = "vpc-0e535d1dbdfc5d4e7"
    }

[1m  # module.vpc_endpoints_ap_southeast_1.aws_route_table.private["vpc-8481afe3"][0m will be created
[0m  [32m+[0m[0m resource "aws_route_table" "private" {
      [32m+[0m[0m arn              = (known after apply)
      [32m+[0m[0m id               = (known after apply)
      [32m+[0m[0m owner_id         = (known after apply)
      [32m+[0m[0m propagating_vgws = (known after apply)
      [32m+[0m[0m route            = (known after apply)
      [32m+[0m[0m tags_all         = (known after apply)
      [32m+[0m[0m vpc_id           = "vpc-8481afe3"
    }

[1m  # module.vpc_endpoints_ap_southeast_1.aws_security_group.endpoint["vpc-004a377b92163bec0"][0m will be created
[0m  [32m+[0m[0m resource "aws_security_group" "endpoint" {
      [32m+[0m[0m arn                    = (known after apply)
      [32m+[0m[0m description            = "Allow access to VPC endpoints"
      [32m+[0m[0m egress                 = (known after apply)
      [32m+[0m[0m id                     = (known after apply)
      [32m+[0m[0m ingress                = [
          [32m+[0m[0m {
              [32m+[0m[0m cidr_blocks      = [
                  [32m+[0m[0m "10.18.0.0/23",
                ]
              [32m+[0m[0m description      = ""
              [32m+[0m[0m from_port        = 443
              [32m+[0m[0m ipv6_cidr_blocks = []
              [32m+[0m[0m prefix_list_ids  = []
              [32m+[0m[0m protocol         = "tcp"
              [32m+[0m[0m security_groups  = []
              [32m+[0m[0m self             = false
              [32m+[0m[0m to_port          = 443
            },
        ]
      [32m+[0m[0m name                   = "allow-endpoint-access"
      [32m+[0m[0m name_prefix            = (known after apply)
      [32m+[0m[0m owner_id               = (known after apply)
      [32m+[0m[0m revoke_rules_on_delete = false
      [32m+[0m[0m tags_all               = (known after apply)
      [32m+[0m[0m vpc_id                 = "vpc-004a377b92163bec0"
    }

[1m  # module.vpc_endpoints_ap_southeast_1.aws_security_group.endpoint["vpc-018f374d4d2269e9b"][0m will be created
[0m  [32m+[0m[0m resource "aws_security_group" "endpoint" {
      [32m+[0m[0m arn                    = (known after apply)
      [32m+[0m[0m description            = "Allow access to VPC endpoints"
      [32m+[0m[0m egress                 = (known after apply)
      [32m+[0m[0m id                     = (known after apply)
      [32m+[0m[0m ingress                = [
          [32m+[0m[0m {
              [32m+[0m[0m cidr_blocks      = [
                  [32m+[0m[0m "10.7.0.0/24",
                ]
              [32m+[0m[0m description      = ""
              [32m+[0m[0m from_port        = 443
              [32m+[0m[0m ipv6_cidr_blocks = []
              [32m+[0m[0m prefix_list_ids  = []
              [32m+[0m[0m protocol         = "tcp"
              [32m+[0m[0m security_groups  = []
              [32m+[0m[0m self             = false
              [32m+[0m[0m to_port          = 443
            },
        ]
      [32m+[0m[0m name                   = "allow-endpoint-access"
      [32m+[0m[0m name_prefix            = (known after apply)
      [32m+[0m[0m owner_id               = (known after apply)
      [32m+[0m[0m revoke_rules_on_delete = false
      [32m+[0m[0m tags_all               = (known after apply)
      [32m+[0m[0m vpc_id                 = "vpc-018f374d4d2269e9b"
    }

[1m  # module.vpc_endpoints_ap_southeast_1.aws_security_group.endpoint["vpc-02f15860069647990"][0m will be created
[0m  [32m+[0m[0m resource "aws_security_group" "endpoint" {
      [32m+[0m[0m arn                    = (known after apply)
      [32m+[0m[0m description            = "Allow access to VPC endpoints"
      [32m+[0m[0m egress                 = (known after apply)
      [32m+[0m[0m id                     = (known after apply)
      [32m+[0m[0m ingress                = [
          [32m+[0m[0m {
              [32m+[0m[0m cidr_blocks      = [
                  [32m+[0m[0m "10.13.0.0/22",
                ]
              [32m+[0m[0m description      = ""
              [32m+[0m[0m from_port        = 443
              [32m+[0m[0m ipv6_cidr_blocks = []
              [32m+[0m[0m prefix_list_ids  = []
              [32m+[0m[0m protocol         = "tcp"
              [32m+[0m[0m security_groups  = []
              [32m+[0m[0m self             = false
              [32m+[0m[0m to_port          = 443
            },
        ]
      [32m+[0m[0m name                   = "allow-endpoint-access"
      [32m+[0m[0m name_prefix            = (known after apply)
      [32m+[0m[0m owner_id               = (known after apply)
      [32m+[0m[0m revoke_rules_on_delete = false
      [32m+[0m[0m tags_all               = (known after apply)
      [32m+[0m[0m vpc_id                 = "vpc-02f15860069647990"
    }

[1m  # module.vpc_endpoints_ap_southeast_1.aws_security_group.endpoint["vpc-0379fdb17072f4036"][0m will be created
[0m  [32m+[0m[0m resource "aws_security_group" "endpoint" {
      [32m+[0m[0m arn                    = (known after apply)
      [32m+[0m[0m description            = "Allow access to VPC endpoints"
      [32m+[0m[0m egress                 = (known after apply)
      [32m+[0m[0m id                     = (known after apply)
      [32m+[0m[0m ingress                = [
          [32m+[0m[0m {
              [32m+[0m[0m cidr_blocks      = [
                  [32m+[0m[0m "10.12.0.0/22",
                ]
              [32m+[0m[0m description      = ""
              [32m+[0m[0m from_port        = 443
              [32m+[0m[0m ipv6_cidr_blocks = []
              [32m+[0m[0m prefix_list_ids  = []
              [32m+[0m[0m protocol         = "tcp"
              [32m+[0m[0m security_groups  = []
              [32m+[0m[0m self             = false
              [32m+[0m[0m to_port          = 443
            },
        ]
      [32m+[0m[0m name                   = "allow-endpoint-access"
      [32m+[0m[0m name_prefix            = (known after apply)
      [32m+[0m[0m owner_id               = (known after apply)
      [32m+[0m[0m revoke_rules_on_delete = false
      [32m+[0m[0m tags_all               = (known after apply)
      [32m+[0m[0m vpc_id                 = "vpc-0379fdb17072f4036"
    }

[1m  # module.vpc_endpoints_ap_southeast_1.aws_security_group.endpoint["vpc-038e9a438ab205c10"][0m will be created
[0m  [32m+[0m[0m resource "aws_security_group" "endpoint" {
      [32m+[0m[0m arn                    = (known after apply)
      [32m+[0m[0m description            = "Allow access to VPC endpoints"
      [32m+[0m[0m egress                 = (known after apply)
      [32m+[0m[0m id                     = (known after apply)
      [32m+[0m[0m ingress                = [
          [32m+[0m[0m {
              [32m+[0m[0m cidr_blocks      = [
                  [32m+[0m[0m "10.22.0.0/23",
                ]
              [32m+[0m[0m description      = ""
              [32m+[0m[0m from_port        = 443
              [32m+[0m[0m ipv6_cidr_blocks = []
              [32m+[0m[0m prefix_list_ids  = []
              [32m+[0m[0m protocol         = "tcp"
              [32m+[0m[0m security_groups  = []
              [32m+[0m[0m self             = false
              [32m+[0m[0m to_port          = 443
            },
        ]
      [32m+[0m[0m name                   = "allow-endpoint-access"
      [32m+[0m[0m name_prefix            = (known after apply)
      [32m+[0m[0m owner_id               = (known after apply)
      [32m+[0m[0m revoke_rules_on_delete = false
      [32m+[0m[0m tags_all               = (known after apply)
      [32m+[0m[0m vpc_id                 = "vpc-038e9a438ab205c10"
    }

[1m  # module.vpc_endpoints_ap_southeast_1.aws_security_group.endpoint["vpc-0434c079d71746cb3"][0m will be created
[0m  [32m+[0m[0m resource "aws_security_group" "endpoint" {
      [32m+[0m[0m arn                    = (known after apply)
      [32m+[0m[0m description            = "Allow access to VPC endpoints"
      [32m+[0m[0m egress                 = (known after apply)
      [32m+[0m[0m id                     = (known after apply)
      [32m+[0m[0m ingress                = [
          [32m+[0m[0m {
              [32m+[0m[0m cidr_blocks      = [
                  [32m+[0m[0m "10.21.0.0/23",
                ]
              [32m+[0m[0m description      = ""
              [32m+[0m[0m from_port        = 443
              [32m+[0m[0m ipv6_cidr_blocks = []
              [32m+[0m[0m prefix_list_ids  = []
              [32m+[0m[0m protocol         = "tcp"
              [32m+[0m[0m security_groups  = []
              [32m+[0m[0m self             = false
              [32m+[0m[0m to_port          = 443
            },
        ]
      [32m+[0m[0m name                   = "allow-endpoint-access"
      [32m+[0m[0m name_prefix            = (known after apply)
      [32m+[0m[0m owner_id               = (known after apply)
      [32m+[0m[0m revoke_rules_on_delete = false
      [32m+[0m[0m tags_all               = (known after apply)
      [32m+[0m[0m vpc_id                 = "vpc-0434c079d71746cb3"
    }

[1m  # module.vpc_endpoints_ap_southeast_1.aws_security_group.endpoint["vpc-063ed0302d264fdff"][0m will be created
[0m  [32m+[0m[0m resource "aws_security_group" "endpoint" {
      [32m+[0m[0m arn                    = (known after apply)
      [32m+[0m[0m description            = "Allow access to VPC endpoints"
      [32m+[0m[0m egress                 = (known after apply)
      [32m+[0m[0m id                     = (known after apply)
      [32m+[0m[0m ingress                = [
          [32m+[0m[0m {
              [32m+[0m[0m cidr_blocks      = [
                  [32m+[0m[0m "10.25.0.0/23",
                ]
              [32m+[0m[0m description      = ""
              [32m+[0m[0m from_port        = 443
              [32m+[0m[0m ipv6_cidr_blocks = []
              [32m+[0m[0m prefix_list_ids  = []
              [32m+[0m[0m protocol         = "tcp"
              [32m+[0m[0m security_groups  = []
              [32m+[0m[0m self             = false
              [32m+[0m[0m to_port          = 443
            },
        ]
      [32m+[0m[0m name                   = "allow-endpoint-access"
      [32m+[0m[0m name_prefix            = (known after apply)
      [32m+[0m[0m owner_id               = (known after apply)
      [32m+[0m[0m revoke_rules_on_delete = false
      [32m+[0m[0m tags_all               = (known after apply)
      [32m+[0m[0m vpc_id                 = "vpc-063ed0302d264fdff"
    }

[1m  # module.vpc_endpoints_ap_southeast_1.aws_security_group.endpoint["vpc-069564656011acce9"][0m will be created
[0m  [32m+[0m[0m resource "aws_security_group" "endpoint" {
      [32m+[0m[0m arn                    = (known after apply)
      [32m+[0m[0m description            = "Allow access to VPC endpoints"
      [32m+[0m[0m egress                 = (known after apply)
      [32m+[0m[0m id                     = (known after apply)
      [32m+[0m[0m ingress                = [
          [32m+[0m[0m {
              [32m+[0m[0m cidr_blocks      = [
                  [32m+[0m[0m "10.19.0.0/23",
                ]
              [32m+[0m[0m description      = ""
              [32m+[0m[0m from_port        = 443
              [32m+[0m[0m ipv6_cidr_blocks = []
              [32m+[0m[0m prefix_list_ids  = []
              [32m+[0m[0m protocol         = "tcp"
              [32m+[0m[0m security_groups  = []
              [32m+[0m[0m self             = false
              [32m+[0m[0m to_port          = 443
            },
        ]
      [32m+[0m[0m name                   = "allow-endpoint-access"
      [32m+[0m[0m name_prefix            = (known after apply)
      [32m+[0m[0m owner_id               = (known after apply)
      [32m+[0m[0m revoke_rules_on_delete = false
      [32m+[0m[0m tags_all               = (known after apply)
      [32m+[0m[0m vpc_id                 = "vpc-069564656011acce9"
    }

[1m  # module.vpc_endpoints_ap_southeast_1.aws_security_group.endpoint["vpc-06e12140e5b9511a9"][0m will be created
[0m  [32m+[0m[0m resource "aws_security_group" "endpoint" {
      [32m+[0m[0m arn                    = (known after apply)
      [32m+[0m[0m description            = "Allow access to VPC endpoints"
      [32m+[0m[0m egress                 = (known after apply)
      [32m+[0m[0m id                     = (known after apply)
      [32m+[0m[0m ingress                = [
          [32m+[0m[0m {
              [32m+[0m[0m cidr_blocks      = [
                  [32m+[0m[0m "10.8.0.0/22",
                ]
              [32m+[0m[0m description      = ""
              [32m+[0m[0m from_port        = 443
              [32m+[0m[0m ipv6_cidr_blocks = []
              [32m+[0m[0m prefix_list_ids  = []
              [32m+[0m[0m protocol         = "tcp"
              [32m+[0m[0m security_groups  = []
              [32m+[0m[0m self             = false
              [32m+[0m[0m to_port          = 443
            },
        ]
      [32m+[0m[0m name                   = "allow-endpoint-access"
      [32m+[0m[0m name_prefix            = (known after apply)
      [32m+[0m[0m owner_id               = (known after apply)
      [32m+[0m[0m revoke_rules_on_delete = false
      [32m+[0m[0m tags_all               = (known after apply)
      [32m+[0m[0m vpc_id                 = "vpc-06e12140e5b9511a9"
    }

[1m  # module.vpc_endpoints_ap_southeast_1.aws_security_group.endpoint["vpc-06f17a82690ae6451"][0m will be created
[0m  [32m+[0m[0m resource "aws_security_group" "endpoint" {
      [32m+[0m[0m arn                    = (known after apply)
      [32m+[0m[0m description            = "Allow access to VPC endpoints"
      [32m+[0m[0m egress                 = (known after apply)
      [32m+[0m[0m id                     = (known after apply)
      [32m+[0m[0m ingress                = [
          [32m+[0m[0m {
              [32m+[0m[0m cidr_blocks      = [
                  [32m+[0m[0m "10.6.0.0/16",
                ]
              [32m+[0m[0m description      = ""
              [32m+[0m[0m from_port        = 443
              [32m+[0m[0m ipv6_cidr_blocks = []
              [32m+[0m[0m prefix_list_ids  = []
              [32m+[0m[0m protocol         = "tcp"
              [32m+[0m[0m security_groups  = []
              [32m+[0m[0m self             = false
              [32m+[0m[0m to_port          = 443
            },
        ]
      [32m+[0m[0m name                   = "allow-endpoint-access"
      [32m+[0m[0m name_prefix            = (known after apply)
      [32m+[0m[0m owner_id               = (known after apply)
      [32m+[0m[0m revoke_rules_on_delete = false
      [32m+[0m[0m tags_all               = (known after apply)
      [32m+[0m[0m vpc_id                 = "vpc-06f17a82690ae6451"
    }

[1m  # module.vpc_endpoints_ap_southeast_1.aws_security_group.endpoint["vpc-086f357147014f9a7"][0m will be created
[0m  [32m+[0m[0m resource "aws_security_group" "endpoint" {
      [32m+[0m[0m arn                    = (known after apply)
      [32m+[0m[0m description            = "Allow access to VPC endpoints"
      [32m+[0m[0m egress                 = (known after apply)
      [32m+[0m[0m id                     = (known after apply)
      [32m+[0m[0m ingress                = [
          [32m+[0m[0m {
              [32m+[0m[0m cidr_blocks      = [
                  [32m+[0m[0m "10.0.0.0/16",
                ]
              [32m+[0m[0m description      = ""
              [32m+[0m[0m from_port        = 443
              [32m+[0m[0m ipv6_cidr_blocks = []
              [32m+[0m[0m prefix_list_ids  = []
              [32m+[0m[0m protocol         = "tcp"
              [32m+[0m[0m security_groups  = []
              [32m+[0m[0m self             = false
              [32m+[0m[0m to_port          = 443
            },
        ]
      [32m+[0m[0m name                   = "allow-endpoint-access"
      [32m+[0m[0m name_prefix            = (known after apply)
      [32m+[0m[0m owner_id               = (known after apply)
      [32m+[0m[0m revoke_rules_on_delete = false
      [32m+[0m[0m tags_all               = (known after apply)
      [32m+[0m[0m vpc_id                 = "vpc-086f357147014f9a7"
    }

[1m  # module.vpc_endpoints_ap_southeast_1.aws_security_group.endpoint["vpc-0873c29cd655a75b0"][0m will be created
[0m  [32m+[0m[0m resource "aws_security_group" "endpoint" {
      [32m+[0m[0m arn                    = (known after apply)
      [32m+[0m[0m description            = "Allow access to VPC endpoints"
      [32m+[0m[0m egress                 = (known after apply)
      [32m+[0m[0m id                     = (known after apply)
      [32m+[0m[0m ingress                = [
          [32m+[0m[0m {
              [32m+[0m[0m cidr_blocks      = [
                  [32m+[0m[0m "10.100.0.0/21",
                ]
              [32m+[0m[0m description      = ""
              [32m+[0m[0m from_port        = 443
              [32m+[0m[0m ipv6_cidr_blocks = []
              [32m+[0m[0m prefix_list_ids  = []
              [32m+[0m[0m protocol         = "tcp"
              [32m+[0m[0m security_groups  = []
              [32m+[0m[0m self             = false
              [32m+[0m[0m to_port          = 443
            },
        ]
      [32m+[0m[0m name                   = "allow-endpoint-access"
      [32m+[0m[0m name_prefix            = (known after apply)
      [32m+[0m[0m owner_id               = (known after apply)
      [32m+[0m[0m revoke_rules_on_delete = false
      [32m+[0m[0m tags_all               = (known after apply)
      [32m+[0m[0m vpc_id                 = "vpc-0873c29cd655a75b0"
    }

[1m  # module.vpc_endpoints_ap_southeast_1.aws_security_group.endpoint["vpc-0b0d7d0e4a67ed700"][0m will be created
[0m  [32m+[0m[0m resource "aws_security_group" "endpoint" {
      [32m+[0m[0m arn                    = (known after apply)
      [32m+[0m[0m description            = "Allow access to VPC endpoints"
      [32m+[0m[0m egress                 = (known after apply)
      [32m+[0m[0m id                     = (known after apply)
      [32m+[0m[0m ingress                = [
          [32m+[0m[0m {
              [32m+[0m[0m cidr_blocks      = [
                  [32m+[0m[0m "20.0.0.0/16",
                ]
              [32m+[0m[0m description      = ""
              [32m+[0m[0m from_port        = 443
              [32m+[0m[0m ipv6_cidr_blocks = []
              [32m+[0m[0m prefix_list_ids  = []
              [32m+[0m[0m protocol         = "tcp"
              [32m+[0m[0m security_groups  = []
              [32m+[0m[0m self             = false
              [32m+[0m[0m to_port          = 443
            },
        ]
      [32m+[0m[0m name                   = "allow-endpoint-access"
      [32m+[0m[0m name_prefix            = (known after apply)
      [32m+[0m[0m owner_id               = (known after apply)
      [32m+[0m[0m revoke_rules_on_delete = false
      [32m+[0m[0m tags_all               = (known after apply)
      [32m+[0m[0m vpc_id                 = "vpc-0b0d7d0e4a67ed700"
    }

[1m  # module.vpc_endpoints_ap_southeast_1.aws_security_group.endpoint["vpc-0ddcc7a1401565ac5"][0m will be created
[0m  [32m+[0m[0m resource "aws_security_group" "endpoint" {
      [32m+[0m[0m arn                    = (known after apply)
      [32m+[0m[0m description            = "Allow access to VPC endpoints"
      [32m+[0m[0m egress                 = (known after apply)
      [32m+[0m[0m id                     = (known after apply)
      [32m+[0m[0m ingress                = [
          [32m+[0m[0m {
              [32m+[0m[0m cidr_blocks      = [
                  [32m+[0m[0m "10.24.0.0/22",
                ]
              [32m+[0m[0m description      = ""
              [32m+[0m[0m from_port        = 443
              [32m+[0m[0m ipv6_cidr_blocks = []
              [32m+[0m[0m prefix_list_ids  = []
              [32m+[0m[0m protocol         = "tcp"
              [32m+[0m[0m security_groups  = []
              [32m+[0m[0m self             = false
              [32m+[0m[0m to_port          = 443
            },
        ]
      [32m+[0m[0m name                   = "allow-endpoint-access"
      [32m+[0m[0m name_prefix            = (known after apply)
      [32m+[0m[0m owner_id               = (known after apply)
      [32m+[0m[0m revoke_rules_on_delete = false
      [32m+[0m[0m tags_all               = (known after apply)
      [32m+[0m[0m vpc_id                 = "vpc-0ddcc7a1401565ac5"
    }

[1m  # module.vpc_endpoints_ap_southeast_1.aws_security_group.endpoint["vpc-0e535d1dbdfc5d4e7"][0m will be created
[0m  [32m+[0m[0m resource "aws_security_group" "endpoint" {
      [32m+[0m[0m arn                    = (known after apply)
      [32m+[0m[0m description            = "Allow access to VPC endpoints"
      [32m+[0m[0m egress                 = (known after apply)
      [32m+[0m[0m id                     = (known after apply)
      [32m+[0m[0m ingress                = [
          [32m+[0m[0m {
              [32m+[0m[0m cidr_blocks      = [
                  [32m+[0m[0m "10.10.0.0/23",
                ]
              [32m+[0m[0m description      = ""
              [32m+[0m[0m from_port        = 443
              [32m+[0m[0m ipv6_cidr_blocks = []
              [32m+[0m[0m prefix_list_ids  = []
              [32m+[0m[0m protocol         = "tcp"
              [32m+[0m[0m security_groups  = []
              [32m+[0m[0m self             = false
              [32m+[0m[0m to_port          = 443
            },
        ]
      [32m+[0m[0m name                   = "allow-endpoint-access"
      [32m+[0m[0m name_prefix            = (known after apply)
      [32m+[0m[0m owner_id               = (known after apply)
      [32m+[0m[0m revoke_rules_on_delete = false
      [32m+[0m[0m tags_all               = (known after apply)
      [32m+[0m[0m vpc_id                 = "vpc-0e535d1dbdfc5d4e7"
    }

[1m  # module.vpc_endpoints_ap_southeast_1.aws_security_group.endpoint["vpc-8481afe3"][0m will be created
[0m  [32m+[0m[0m resource "aws_security_group" "endpoint" {
      [32m+[0m[0m arn                    = (known after apply)
      [32m+[0m[0m description            = "Allow access to VPC endpoints"
      [32m+[0m[0m egress                 = (known after apply)
      [32m+[0m[0m id                     = (known after apply)
      [32m+[0m[0m ingress                = [
          [32m+[0m[0m {
              [32m+[0m[0m cidr_blocks      = [
                  [32m+[0m[0m "172.31.0.0/16",
                ]
              [32m+[0m[0m description      = ""
              [32m+[0m[0m from_port        = 443
              [32m+[0m[0m ipv6_cidr_blocks = []
              [32m+[0m[0m prefix_list_ids  = []
              [32m+[0m[0m protocol         = "tcp"
              [32m+[0m[0m security_groups  = []
              [32m+[0m[0m self             = false
              [32m+[0m[0m to_port          = 443
            },
        ]
      [32m+[0m[0m name                   = "allow-endpoint-access"
      [32m+[0m[0m name_prefix            = (known after apply)
      [32m+[0m[0m owner_id               = (known after apply)
      [32m+[0m[0m revoke_rules_on_delete = false
      [32m+[0m[0m tags_all               = (known after apply)
      [32m+[0m[0m vpc_id                 = "vpc-8481afe3"
    }

[1m  # module.vpc_endpoints_ap_southeast_1.aws_vpc_endpoint.ec2["vpc-004a377b92163bec0"][0m will be created
[0m  [32m+[0m[0m resource "aws_vpc_endpoint" "ec2" {
      [32m+[0m[0m arn                   = (known after apply)
      [32m+[0m[0m auto_accept           = true
      [32m+[0m[0m cidr_blocks           = (known after apply)
      [32m+[0m[0m dns_entry             = (known after apply)
      [32m+[0m[0m id                    = (known after apply)
      [32m+[0m[0m ip_address_type       = (known after apply)
      [32m+[0m[0m network_interface_ids = (known after apply)
      [32m+[0m[0m owner_id              = (known after apply)
      [32m+[0m[0m policy                = (known after apply)
      [32m+[0m[0m prefix_list_id        = (known after apply)
      [32m+[0m[0m private_dns_enabled   = (known after apply)
      [32m+[0m[0m requester_managed     = (known after apply)
      [32m+[0m[0m route_table_ids       = (known after apply)
      [32m+[0m[0m security_group_ids    = (known after apply)
      [32m+[0m[0m service_name          = "com.amazonaws.ap-southeast-1.ec2"
      [32m+[0m[0m state                 = (known after apply)
      [32m+[0m[0m subnet_ids            = (known after apply)
      [32m+[0m[0m tags                  = {
          [32m+[0m[0m "Name" = "VPC-Id-vpc-004a377b92163bec0-ec2"
        }
      [32m+[0m[0m tags_all              = {
          [32m+[0m[0m "Name" = "VPC-Id-vpc-004a377b92163bec0-ec2"
        }
      [32m+[0m[0m vpc_endpoint_type     = "Interface"
      [32m+[0m[0m vpc_id                = "vpc-004a377b92163bec0"
    }

[1m  # module.vpc_endpoints_ap_southeast_1.aws_vpc_endpoint.ec2["vpc-018f374d4d2269e9b"][0m will be created
[0m  [32m+[0m[0m resource "aws_vpc_endpoint" "ec2" {
      [32m+[0m[0m arn                   = (known after apply)
      [32m+[0m[0m auto_accept           = true
      [32m+[0m[0m cidr_blocks           = (known after apply)
      [32m+[0m[0m dns_entry             = (known after apply)
      [32m+[0m[0m id                    = (known after apply)
      [32m+[0m[0m ip_address_type       = (known after apply)
      [32m+[0m[0m network_interface_ids = (known after apply)
      [32m+[0m[0m owner_id              = (known after apply)
      [32m+[0m[0m policy                = (known after apply)
      [32m+[0m[0m prefix_list_id        = (known after apply)
      [32m+[0m[0m private_dns_enabled   = (known after apply)
      [32m+[0m[0m requester_managed     = (known after apply)
      [32m+[0m[0m route_table_ids       = (known after apply)
      [32m+[0m[0m security_group_ids    = (known after apply)
      [32m+[0m[0m service_name          = "com.amazonaws.ap-southeast-1.ec2"
      [32m+[0m[0m state                 = (known after apply)
      [32m+[0m[0m subnet_ids            = (known after apply)
      [32m+[0m[0m tags                  = {
          [32m+[0m[0m "Name" = "VPC-Id-vpc-018f374d4d2269e9b-ec2"
        }
      [32m+[0m[0m tags_all              = {
          [32m+[0m[0m "Name" = "VPC-Id-vpc-018f374d4d2269e9b-ec2"
        }
      [32m+[0m[0m vpc_endpoint_type     = "Interface"
      [32m+[0m[0m vpc_id                = "vpc-018f374d4d2269e9b"
    }

[1m  # module.vpc_endpoints_ap_southeast_1.aws_vpc_endpoint.ec2["vpc-02f15860069647990"][0m will be created
[0m  [32m+[0m[0m resource "aws_vpc_endpoint" "ec2" {
      [32m+[0m[0m arn                   = (known after apply)
      [32m+[0m[0m auto_accept           = true
      [32m+[0m[0m cidr_blocks           = (known after apply)
      [32m+[0m[0m dns_entry             = (known after apply)
      [32m+[0m[0m id                    = (known after apply)
      [32m+[0m[0m ip_address_type       = (known after apply)
      [32m+[0m[0m network_interface_ids = (known after apply)
      [32m+[0m[0m owner_id              = (known after apply)
      [32m+[0m[0m policy                = (known after apply)
      [32m+[0m[0m prefix_list_id        = (known after apply)
      [32m+[0m[0m private_dns_enabled   = (known after apply)
      [32m+[0m[0m requester_managed     = (known after apply)
      [32m+[0m[0m route_table_ids       = (known after apply)
      [32m+[0m[0m security_group_ids    = (known after apply)
      [32m+[0m[0m service_name          = "com.amazonaws.ap-southeast-1.ec2"
      [32m+[0m[0m state                 = (known after apply)
      [32m+[0m[0m subnet_ids            = (known after apply)
      [32m+[0m[0m tags                  = {
          [32m+[0m[0m "Name" = "VPC-Id-vpc-02f15860069647990-ec2"
        }
      [32m+[0m[0m tags_all              = {
          [32m+[0m[0m "Name" = "VPC-Id-vpc-02f15860069647990-ec2"
        }
      [32m+[0m[0m vpc_endpoint_type     = "Interface"
      [32m+[0m[0m vpc_id                = "vpc-02f15860069647990"
    }

[1m  # module.vpc_endpoints_ap_southeast_1.aws_vpc_endpoint.ec2["vpc-0379fdb17072f4036"][0m will be created
[0m  [32m+[0m[0m resource "aws_vpc_endpoint" "ec2" {
      [32m+[0m[0m arn                   = (known after apply)
      [32m+[0m[0m auto_accept           = true
      [32m+[0m[0m cidr_blocks           = (known after apply)
      [32m+[0m[0m dns_entry             = (known after apply)
      [32m+[0m[0m id                    = (known after apply)
      [32m+[0m[0m ip_address_type       = (known after apply)
      [32m+[0m[0m network_interface_ids = (known after apply)
      [32m+[0m[0m owner_id              = (known after apply)
      [32m+[0m[0m policy                = (known after apply)
      [32m+[0m[0m prefix_list_id        = (known after apply)
      [32m+[0m[0m private_dns_enabled   = (known after apply)
      [32m+[0m[0m requester_managed     = (known after apply)
      [32m+[0m[0m route_table_ids       = (known after apply)
      [32m+[0m[0m security_group_ids    = (known after apply)
      [32m+[0m[0m service_name          = "com.amazonaws.ap-southeast-1.ec2"
      [32m+[0m[0m state                 = (known after apply)
      [32m+[0m[0m subnet_ids            = (known after apply)
      [32m+[0m[0m tags                  = {
          [32m+[0m[0m "Name" = "VPC-Id-vpc-0379fdb17072f4036-ec2"
        }
      [32m+[0m[0m tags_all              = {
          [32m+[0m[0m "Name" = "VPC-Id-vpc-0379fdb17072f4036-ec2"
        }
      [32m+[0m[0m vpc_endpoint_type     = "Interface"
      [32m+[0m[0m vpc_id                = "vpc-0379fdb17072f4036"
    }

[1m  # module.vpc_endpoints_ap_southeast_1.aws_vpc_endpoint.ec2["vpc-038e9a438ab205c10"][0m will be created
[0m  [32m+[0m[0m resource "aws_vpc_endpoint" "ec2" {
      [32m+[0m[0m arn                   = (known after apply)
      [32m+[0m[0m auto_accept           = true
      [32m+[0m[0m cidr_blocks           = (known after apply)
      [32m+[0m[0m dns_entry             = (known after apply)
      [32m+[0m[0m id                    = (known after apply)
      [32m+[0m[0m ip_address_type       = (known after apply)
      [32m+[0m[0m network_interface_ids = (known after apply)
      [32m+[0m[0m owner_id              = (known after apply)
      [32m+[0m[0m policy                = (known after apply)
      [32m+[0m[0m prefix_list_id        = (known after apply)
      [32m+[0m[0m private_dns_enabled   = (known after apply)
      [32m+[0m[0m requester_managed     = (known after apply)
      [32m+[0m[0m route_table_ids       = (known after apply)
      [32m+[0m[0m security_group_ids    = (known after apply)
      [32m+[0m[0m service_name          = "com.amazonaws.ap-southeast-1.ec2"
      [32m+[0m[0m state                 = (known after apply)
      [32m+[0m[0m subnet_ids            = (known after apply)
      [32m+[0m[0m tags                  = {
          [32m+[0m[0m "Name" = "VPC-Id-vpc-038e9a438ab205c10-ec2"
        }
      [32m+[0m[0m tags_all              = {
          [32m+[0m[0m "Name" = "VPC-Id-vpc-038e9a438ab205c10-ec2"
        }
      [32m+[0m[0m vpc_endpoint_type     = "Interface"
      [32m+[0m[0m vpc_id                = "vpc-038e9a438ab205c10"
    }

[1m  # module.vpc_endpoints_ap_southeast_1.aws_vpc_endpoint.ec2["vpc-0434c079d71746cb3"][0m will be created
[0m  [32m+[0m[0m resource "aws_vpc_endpoint" "ec2" {
      [32m+[0m[0m arn                   = (known after apply)
      [32m+[0m[0m auto_accept           = true
      [32m+[0m[0m cidr_blocks           = (known after apply)
      [32m+[0m[0m dns_entry             = (known after apply)
      [32m+[0m[0m id                    = (known after apply)
      [32m+[0m[0m ip_address_type       = (known after apply)
      [32m+[0m[0m network_interface_ids = (known after apply)
      [32m+[0m[0m owner_id              = (known after apply)
      [32m+[0m[0m policy                = (known after apply)
      [32m+[0m[0m prefix_list_id        = (known after apply)
      [32m+[0m[0m private_dns_enabled   = (known after apply)
      [32m+[0m[0m requester_managed     = (known after apply)
      [32m+[0m[0m route_table_ids       = (known after apply)
      [32m+[0m[0m security_group_ids    = (known after apply)
      [32m+[0m[0m service_name          = "com.amazonaws.ap-southeast-1.ec2"
      [32m+[0m[0m state                 = (known after apply)
      [32m+[0m[0m subnet_ids            = (known after apply)
      [32m+[0m[0m tags                  = {
          [32m+[0m[0m "Name" = "VPC-Id-vpc-0434c079d71746cb3-ec2"
        }
      [32m+[0m[0m tags_all              = {
          [32m+[0m[0m "Name" = "VPC-Id-vpc-0434c079d71746cb3-ec2"
        }
      [32m+[0m[0m vpc_endpoint_type     = "Interface"
      [32m+[0m[0m vpc_id                = "vpc-0434c079d71746cb3"
    }

[1m  # module.vpc_endpoints_ap_southeast_1.aws_vpc_endpoint.ec2["vpc-063ed0302d264fdff"][0m will be created
[0m  [32m+[0m[0m resource "aws_vpc_endpoint" "ec2" {
      [32m+[0m[0m arn                   = (known after apply)
      [32m+[0m[0m auto_accept           = true
      [32m+[0m[0m cidr_blocks           = (known after apply)
      [32m+[0m[0m dns_entry             = (known after apply)
      [32m+[0m[0m id                    = (known after apply)
      [32m+[0m[0m ip_address_type       = (known after apply)
      [32m+[0m[0m network_interface_ids = (known after apply)
      [32m+[0m[0m owner_id              = (known after apply)
      [32m+[0m[0m policy                = (known after apply)
      [32m+[0m[0m prefix_list_id        = (known after apply)
      [32m+[0m[0m private_dns_enabled   = (known after apply)
      [32m+[0m[0m requester_managed     = (known after apply)
      [32m+[0m[0m route_table_ids       = (known after apply)
      [32m+[0m[0m security_group_ids    = (known after apply)
      [32m+[0m[0m service_name          = "com.amazonaws.ap-southeast-1.ec2"
      [32m+[0m[0m state                 = (known after apply)
      [32m+[0m[0m subnet_ids            = (known after apply)
      [32m+[0m[0m tags                  = {
          [32m+[0m[0m "Name" = "VPC-Id-vpc-063ed0302d264fdff-ec2"
        }
      [32m+[0m[0m tags_all              = {
          [32m+[0m[0m "Name" = "VPC-Id-vpc-063ed0302d264fdff-ec2"
        }
      [32m+[0m[0m vpc_endpoint_type     = "Interface"
      [32m+[0m[0m vpc_id                = "vpc-063ed0302d264fdff"
    }

[1m  # module.vpc_endpoints_ap_southeast_1.aws_vpc_endpoint.ec2["vpc-069564656011acce9"][0m will be created
[0m  [32m+[0m[0m resource "aws_vpc_endpoint" "ec2" {
      [32m+[0m[0m arn                   = (known after apply)
      [32m+[0m[0m auto_accept           = true
      [32m+[0m[0m cidr_blocks           = (known after apply)
      [32m+[0m[0m dns_entry             = (known after apply)
      [32m+[0m[0m id                    = (known after apply)
      [32m+[0m[0m ip_address_type       = (known after apply)
      [32m+[0m[0m network_interface_ids = (known after apply)
      [32m+[0m[0m owner_id              = (known after apply)
      [32m+[0m[0m policy                = (known after apply)
      [32m+[0m[0m prefix_list_id        = (known after apply)
      [32m+[0m[0m private_dns_enabled   = (known after apply)
      [32m+[0m[0m requester_managed     = (known after apply)
      [32m+[0m[0m route_table_ids       = (known after apply)
      [32m+[0m[0m security_group_ids    = (known after apply)
      [32m+[0m[0m service_name          = "com.amazonaws.ap-southeast-1.ec2"
      [32m+[0m[0m state                 = (known after apply)
      [32m+[0m[0m subnet_ids            = (known after apply)
      [32m+[0m[0m tags                  = {
          [32m+[0m[0m "Name" = "VPC-Id-vpc-069564656011acce9-ec2"
        }
      [32m+[0m[0m tags_all              = {
          [32m+[0m[0m "Name" = "VPC-Id-vpc-069564656011acce9-ec2"
        }
      [32m+[0m[0m vpc_endpoint_type     = "Interface"
      [32m+[0m[0m vpc_id                = "vpc-069564656011acce9"
    }

[1m  # module.vpc_endpoints_ap_southeast_1.aws_vpc_endpoint.ec2["vpc-06e12140e5b9511a9"][0m will be created
[0m  [32m+[0m[0m resource "aws_vpc_endpoint" "ec2" {
      [32m+[0m[0m arn                   = (known after apply)
      [32m+[0m[0m auto_accept           = true
      [32m+[0m[0m cidr_blocks           = (known after apply)
      [32m+[0m[0m dns_entry             = (known after apply)
      [32m+[0m[0m id                    = (known after apply)
      [32m+[0m[0m ip_address_type       = (known after apply)
      [32m+[0m[0m network_interface_ids = (known after apply)
      [32m+[0m[0m owner_id              = (known after apply)
      [32m+[0m[0m policy                = (known after apply)
      [32m+[0m[0m prefix_list_id        = (known after apply)
      [32m+[0m[0m private_dns_enabled   = (known after apply)
      [32m+[0m[0m requester_managed     = (known after apply)
      [32m+[0m[0m route_table_ids       = (known after apply)
      [32m+[0m[0m security_group_ids    = (known after apply)
      [32m+[0m[0m service_name          = "com.amazonaws.ap-southeast-1.ec2"
      [32m+[0m[0m state                 = (known after apply)
      [32m+[0m[0m subnet_ids            = (known after apply)
      [32m+[0m[0m tags                  = {
          [32m+[0m[0m "Name" = "VPC-Id-vpc-06e12140e5b9511a9-ec2"
        }
      [32m+[0m[0m tags_all              = {
          [32m+[0m[0m "Name" = "VPC-Id-vpc-06e12140e5b9511a9-ec2"
        }
      [32m+[0m[0m vpc_endpoint_type     = "Interface"
      [32m+[0m[0m vpc_id                = "vpc-06e12140e5b9511a9"
    }

[1m  # module.vpc_endpoints_ap_southeast_1.aws_vpc_endpoint.ec2["vpc-06f17a82690ae6451"][0m will be created
[0m  [32m+[0m[0m resource "aws_vpc_endpoint" "ec2" {
      [32m+[0m[0m arn                   = (known after apply)
      [32m+[0m[0m auto_accept           = true
      [32m+[0m[0m cidr_blocks           = (known after apply)
      [32m+[0m[0m dns_entry             = (known after apply)
      [32m+[0m[0m id                    = (known after apply)
      [32m+[0m[0m ip_address_type       = (known after apply)
      [32m+[0m[0m network_interface_ids = (known after apply)
      [32m+[0m[0m owner_id              = (known after apply)
      [32m+[0m[0m policy                = (known after apply)
      [32m+[0m[0m prefix_list_id        = (known after apply)
      [32m+[0m[0m private_dns_enabled   = (known after apply)
      [32m+[0m[0m requester_managed     = (known after apply)
      [32m+[0m[0m route_table_ids       = (known after apply)
      [32m+[0m[0m security_group_ids    = (known after apply)
      [32m+[0m[0m service_name          = "com.amazonaws.ap-southeast-1.ec2"
      [32m+[0m[0m state                 = (known after apply)
      [32m+[0m[0m subnet_ids            = (known after apply)
      [32m+[0m[0m tags                  = {
          [32m+[0m[0m "Name" = "VPC-Id-vpc-06f17a82690ae6451-ec2"
        }
      [32m+[0m[0m tags_all              = {
          [32m+[0m[0m "Name" = "VPC-Id-vpc-06f17a82690ae6451-ec2"
        }
      [32m+[0m[0m vpc_endpoint_type     = "Interface"
      [32m+[0m[0m vpc_id                = "vpc-06f17a82690ae6451"
    }

[1m  # module.vpc_endpoints_ap_southeast_1.aws_vpc_endpoint.ec2["vpc-086f357147014f9a7"][0m will be created
[0m  [32m+[0m[0m resource "aws_vpc_endpoint" "ec2" {
      [32m+[0m[0m arn                   = (known after apply)
      [32m+[0m[0m auto_accept           = true
      [32m+[0m[0m cidr_blocks           = (known after apply)
      [32m+[0m[0m dns_entry             = (known after apply)
      [32m+[0m[0m id                    = (known after apply)
      [32m+[0m[0m ip_address_type       = (known after apply)
      [32m+[0m[0m network_interface_ids = (known after apply)
      [32m+[0m[0m owner_id              = (known after apply)
      [32m+[0m[0m policy                = (known after apply)
      [32m+[0m[0m prefix_list_id        = (known after apply)
      [32m+[0m[0m private_dns_enabled   = (known after apply)
      [32m+[0m[0m requester_managed     = (known after apply)
      [32m+[0m[0m route_table_ids       = (known after apply)
      [32m+[0m[0m security_group_ids    = (known after apply)
      [32m+[0m[0m service_name          = "com.amazonaws.ap-southeast-1.ec2"
      [32m+[0m[0m state                 = (known after apply)
      [32m+[0m[0m subnet_ids            = (known after apply)
      [32m+[0m[0m tags                  = {
          [32m+[0m[0m "Name" = "VPC-Id-vpc-086f357147014f9a7-ec2"
        }
      [32m+[0m[0m tags_all              = {
          [32m+[0m[0m "Name" = "VPC-Id-vpc-086f357147014f9a7-ec2"
        }
      [32m+[0m[0m vpc_endpoint_type     = "Interface"
      [32m+[0m[0m vpc_id                = "vpc-086f357147014f9a7"
    }

[1m  # module.vpc_endpoints_ap_southeast_1.aws_vpc_endpoint.ec2["vpc-0873c29cd655a75b0"][0m will be created
[0m  [32m+[0m[0m resource "aws_vpc_endpoint" "ec2" {
      [32m+[0m[0m arn                   = (known after apply)
      [32m+[0m[0m auto_accept           = true
      [32m+[0m[0m cidr_blocks           = (known after apply)
      [32m+[0m[0m dns_entry             = (known after apply)
      [32m+[0m[0m id                    = (known after apply)
      [32m+[0m[0m ip_address_type       = (known after apply)
      [32m+[0m[0m network_interface_ids = (known after apply)
      [32m+[0m[0m owner_id              = (known after apply)
      [32m+[0m[0m policy                = (known after apply)
      [32m+[0m[0m prefix_list_id        = (known after apply)
      [32m+[0m[0m private_dns_enabled   = (known after apply)
      [32m+[0m[0m requester_managed     = (known after apply)
      [32m+[0m[0m route_table_ids       = (known after apply)
      [32m+[0m[0m security_group_ids    = (known after apply)
      [32m+[0m[0m service_name          = "com.amazonaws.ap-southeast-1.ec2"
      [32m+[0m[0m state                 = (known after apply)
      [32m+[0m[0m subnet_ids            = (known after apply)
      [32m+[0m[0m tags                  = {
          [32m+[0m[0m "Name" = "VPC-Id-vpc-0873c29cd655a75b0-ec2"
        }
      [32m+[0m[0m tags_all              = {
          [32m+[0m[0m "Name" = "VPC-Id-vpc-0873c29cd655a75b0-ec2"
        }
      [32m+[0m[0m vpc_endpoint_type     = "Interface"
      [32m+[0m[0m vpc_id                = "vpc-0873c29cd655a75b0"
    }

[1m  # module.vpc_endpoints_ap_southeast_1.aws_vpc_endpoint.ec2["vpc-0b0d7d0e4a67ed700"][0m will be created
[0m  [32m+[0m[0m resource "aws_vpc_endpoint" "ec2" {
      [32m+[0m[0m arn                   = (known after apply)
      [32m+[0m[0m auto_accept           = true
      [32m+[0m[0m cidr_blocks           = (known after apply)
      [32m+[0m[0m dns_entry             = (known after apply)
      [32m+[0m[0m id                    = (known after apply)
      [32m+[0m[0m ip_address_type       = (known after apply)
      [32m+[0m[0m network_interface_ids = (known after apply)
      [32m+[0m[0m owner_id              = (known after apply)
      [32m+[0m[0m policy                = (known after apply)
      [32m+[0m[0m prefix_list_id        = (known after apply)
      [32m+[0m[0m private_dns_enabled   = (known after apply)
      [32m+[0m[0m requester_managed     = (known after apply)
      [32m+[0m[0m route_table_ids       = (known after apply)
      [32m+[0m[0m security_group_ids    = (known after apply)
      [32m+[0m[0m service_name          = "com.amazonaws.ap-southeast-1.ec2"
      [32m+[0m[0m state                 = (known after apply)
      [32m+[0m[0m subnet_ids            = (known after apply)
      [32m+[0m[0m tags                  = {
          [32m+[0m[0m "Name" = "VPC-Id-vpc-0b0d7d0e4a67ed700-ec2"
        }
      [32m+[0m[0m tags_all              = {
          [32m+[0m[0m "Name" = "VPC-Id-vpc-0b0d7d0e4a67ed700-ec2"
        }
      [32m+[0m[0m vpc_endpoint_type     = "Interface"
      [32m+[0m[0m vpc_id                = "vpc-0b0d7d0e4a67ed700"
    }

[1m  # module.vpc_endpoints_ap_southeast_1.aws_vpc_endpoint.ec2["vpc-0ddcc7a1401565ac5"][0m will be created
[0m  [32m+[0m[0m resource "aws_vpc_endpoint" "ec2" {
      [32m+[0m[0m arn                   = (known after apply)
      [32m+[0m[0m auto_accept           = true
      [32m+[0m[0m cidr_blocks           = (known after apply)
      [32m+[0m[0m dns_entry             = (known after apply)
      [32m+[0m[0m id                    = (known after apply)
      [32m+[0m[0m ip_address_type       = (known after apply)
      [32m+[0m[0m network_interface_ids = (known after apply)
      [32m+[0m[0m owner_id              = (known after apply)
      [32m+[0m[0m policy                = (known after apply)
      [32m+[0m[0m prefix_list_id        = (known after apply)
      [32m+[0m[0m private_dns_enabled   = (known after apply)
      [32m+[0m[0m requester_managed     = (known after apply)
      [32m+[0m[0m route_table_ids       = (known after apply)
      [32m+[0m[0m security_group_ids    = (known after apply)
      [32m+[0m[0m service_name          = "com.amazonaws.ap-southeast-1.ec2"
      [32m+[0m[0m state                 = (known after apply)
      [32m+[0m[0m subnet_ids            = (known after apply)
      [32m+[0m[0m tags                  = {
          [32m+[0m[0m "Name" = "VPC-Id-vpc-0ddcc7a1401565ac5-ec2"
        }
      [32m+[0m[0m tags_all              = {
          [32m+[0m[0m "Name" = "VPC-Id-vpc-0ddcc7a1401565ac5-ec2"
        }
      [32m+[0m[0m vpc_endpoint_type     = "Interface"
      [32m+[0m[0m vpc_id                = "vpc-0ddcc7a1401565ac5"
    }

[1m  # module.vpc_endpoints_ap_southeast_1.aws_vpc_endpoint.ec2["vpc-0e535d1dbdfc5d4e7"][0m will be created
[0m  [32m+[0m[0m resource "aws_vpc_endpoint" "ec2" {
      [32m+[0m[0m arn                   = (known after apply)
      [32m+[0m[0m auto_accept           = true
      [32m+[0m[0m cidr_blocks           = (known after apply)
      [32m+[0m[0m dns_entry             = (known after apply)
      [32m+[0m[0m id                    = (known after apply)
      [32m+[0m[0m ip_address_type       = (known after apply)
      [32m+[0m[0m network_interface_ids = (known after apply)
      [32m+[0m[0m owner_id              = (known after apply)
      [32m+[0m[0m policy                = (known after apply)
      [32m+[0m[0m prefix_list_id        = (known after apply)
      [32m+[0m[0m private_dns_enabled   = (known after apply)
      [32m+[0m[0m requester_managed     = (known after apply)
      [32m+[0m[0m route_table_ids       = (known after apply)
      [32m+[0m[0m security_group_ids    = (known after apply)
      [32m+[0m[0m service_name          = "com.amazonaws.ap-southeast-1.ec2"
      [32m+[0m[0m state                 = (known after apply)
      [32m+[0m[0m subnet_ids            = (known after apply)
      [32m+[0m[0m tags                  = {
          [32m+[0m[0m "Name" = "VPC-Id-vpc-0e535d1dbdfc5d4e7-ec2"
        }
      [32m+[0m[0m tags_all              = {
          [32m+[0m[0m "Name" = "VPC-Id-vpc-0e535d1dbdfc5d4e7-ec2"
        }
      [32m+[0m[0m vpc_endpoint_type     = "Interface"
      [32m+[0m[0m vpc_id                = "vpc-0e535d1dbdfc5d4e7"
    }

[1m  # module.vpc_endpoints_ap_southeast_1.aws_vpc_endpoint.ec2["vpc-8481afe3"][0m will be created
[0m  [32m+[0m[0m resource "aws_vpc_endpoint" "ec2" {
      [32m+[0m[0m arn                   = (known after apply)
      [32m+[0m[0m auto_accept           = true
      [32m+[0m[0m cidr_blocks           = (known after apply)
      [32m+[0m[0m dns_entry             = (known after apply)
      [32m+[0m[0m id                    = (known after apply)
      [32m+[0m[0m ip_address_type       = (known after apply)
      [32m+[0m[0m network_interface_ids = (known after apply)
      [32m+[0m[0m owner_id              = (known after apply)
      [32m+[0m[0m policy                = (known after apply)
      [32m+[0m[0m prefix_list_id        = (known after apply)
      [32m+[0m[0m private_dns_enabled   = (known after apply)
      [32m+[0m[0m requester_managed     = (known after apply)
      [32m+[0m[0m route_table_ids       = (known after apply)
      [32m+[0m[0m security_group_ids    = (known after apply)
      [32m+[0m[0m service_name          = "com.amazonaws.ap-southeast-1.ec2"
      [32m+[0m[0m state                 = (known after apply)
      [32m+[0m[0m subnet_ids            = (known after apply)
      [32m+[0m[0m tags                  = {
          [32m+[0m[0m "Name" = "VPC-Id-vpc-8481afe3-ec2"
        }
      [32m+[0m[0m tags_all              = {
          [32m+[0m[0m "Name" = "VPC-Id-vpc-8481afe3-ec2"
        }
      [32m+[0m[0m vpc_endpoint_type     = "Interface"
      [32m+[0m[0m vpc_id                = "vpc-8481afe3"
    }

[1m  # module.vpc_endpoints_ap_southeast_1.aws_vpc_endpoint.ecr_api["vpc-004a377b92163bec0"][0m will be created
[0m  [32m+[0m[0m resource "aws_vpc_endpoint" "ecr_api" {
      [32m+[0m[0m arn                   = (known after apply)
      [32m+[0m[0m auto_accept           = true
      [32m+[0m[0m cidr_blocks           = (known after apply)
      [32m+[0m[0m dns_entry             = (known after apply)
      [32m+[0m[0m id                    = (known after apply)
      [32m+[0m[0m ip_address_type       = (known after apply)
      [32m+[0m[0m network_interface_ids = (known after apply)
      [32m+[0m[0m owner_id              = (known after apply)
      [32m+[0m[0m policy                = (known after apply)
      [32m+[0m[0m prefix_list_id        = (known after apply)
      [32m+[0m[0m private_dns_enabled   = (known after apply)
      [32m+[0m[0m requester_managed     = (known after apply)
      [32m+[0m[0m route_table_ids       = (known after apply)
      [32m+[0m[0m security_group_ids    = (known after apply)
      [32m+[0m[0m service_name          = "com.amazonaws.ap-southeast-1.ecr.api"
      [32m+[0m[0m state                 = (known after apply)
      [32m+[0m[0m subnet_ids            = (known after apply)
      [32m+[0m[0m tags                  = {
          [32m+[0m[0m "Name" = "VPC-Id-vpc-004a377b92163bec0-ecr_api"
        }
      [32m+[0m[0m tags_all              = {
          [32m+[0m[0m "Name" = "VPC-Id-vpc-004a377b92163bec0-ecr_api"
        }
      [32m+[0m[0m vpc_endpoint_type     = "Interface"
      [32m+[0m[0m vpc_id                = "vpc-004a377b92163bec0"
    }

[1m  # module.vpc_endpoints_ap_southeast_1.aws_vpc_endpoint.ecr_api["vpc-018f374d4d2269e9b"][0m will be created
[0m  [32m+[0m[0m resource "aws_vpc_endpoint" "ecr_api" {
      [32m+[0m[0m arn                   = (known after apply)
      [32m+[0m[0m auto_accept           = true
      [32m+[0m[0m cidr_blocks           = (known after apply)
      [32m+[0m[0m dns_entry             = (known after apply)
      [32m+[0m[0m id                    = (known after apply)
      [32m+[0m[0m ip_address_type       = (known after apply)
      [32m+[0m[0m network_interface_ids = (known after apply)
      [32m+[0m[0m owner_id              = (known after apply)
      [32m+[0m[0m policy                = (known after apply)
      [32m+[0m[0m prefix_list_id        = (known after apply)
      [32m+[0m[0m private_dns_enabled   = (known after apply)
      [32m+[0m[0m requester_managed     = (known after apply)
      [32m+[0m[0m route_table_ids       = (known after apply)
      [32m+[0m[0m security_group_ids    = (known after apply)
      [32m+[0m[0m service_name          = "com.amazonaws.ap-southeast-1.ecr.api"
      [32m+[0m[0m state                 = (known after apply)
      [32m+[0m[0m subnet_ids            = (known after apply)
      [32m+[0m[0m tags                  = {
          [32m+[0m[0m "Name" = "VPC-Id-vpc-018f374d4d2269e9b-ecr_api"
        }
      [32m+[0m[0m tags_all              = {
          [32m+[0m[0m "Name" = "VPC-Id-vpc-018f374d4d2269e9b-ecr_api"
        }
      [32m+[0m[0m vpc_endpoint_type     = "Interface"
      [32m+[0m[0m vpc_id                = "vpc-018f374d4d2269e9b"
    }

[1m  # module.vpc_endpoints_ap_southeast_1.aws_vpc_endpoint.ecr_api["vpc-02f15860069647990"][0m will be created
[0m  [32m+[0m[0m resource "aws_vpc_endpoint" "ecr_api" {
      [32m+[0m[0m arn                   = (known after apply)
      [32m+[0m[0m auto_accept           = true
      [32m+[0m[0m cidr_blocks           = (known after apply)
      [32m+[0m[0m dns_entry             = (known after apply)
      [32m+[0m[0m id                    = (known after apply)
      [32m+[0m[0m ip_address_type       = (known after apply)
      [32m+[0m[0m network_interface_ids = (known after apply)
      [32m+[0m[0m owner_id              = (known after apply)
      [32m+[0m[0m policy                = (known after apply)
      [32m+[0m[0m prefix_list_id        = (known after apply)
      [32m+[0m[0m private_dns_enabled   = (known after apply)
      [32m+[0m[0m requester_managed     = (known after apply)
      [32m+[0m[0m route_table_ids       = (known after apply)
      [32m+[0m[0m security_group_ids    = (known after apply)
      [32m+[0m[0m service_name          = "com.amazonaws.ap-southeast-1.ecr.api"
      [32m+[0m[0m state                 = (known after apply)
      [32m+[0m[0m subnet_ids            = (known after apply)
      [32m+[0m[0m tags                  = {
          [32m+[0m[0m "Name" = "VPC-Id-vpc-02f15860069647990-ecr_api"
        }
      [32m+[0m[0m tags_all              = {
          [32m+[0m[0m "Name" = "VPC-Id-vpc-02f15860069647990-ecr_api"
        }
      [32m+[0m[0m vpc_endpoint_type     = "Interface"
      [32m+[0m[0m vpc_id                = "vpc-02f15860069647990"
    }

[1m  # module.vpc_endpoints_ap_southeast_1.aws_vpc_endpoint.ecr_api["vpc-0379fdb17072f4036"][0m will be created
[0m  [32m+[0m[0m resource "aws_vpc_endpoint" "ecr_api" {
      [32m+[0m[0m arn                   = (known after apply)
      [32m+[0m[0m auto_accept           = true
      [32m+[0m[0m cidr_blocks           = (known after apply)
      [32m+[0m[0m dns_entry             = (known after apply)
      [32m+[0m[0m id                    = (known after apply)
      [32m+[0m[0m ip_address_type       = (known after apply)
      [32m+[0m[0m network_interface_ids = (known after apply)
      [32m+[0m[0m owner_id              = (known after apply)
      [32m+[0m[0m policy                = (known after apply)
      [32m+[0m[0m prefix_list_id        = (known after apply)
      [32m+[0m[0m private_dns_enabled   = (known after apply)
      [32m+[0m[0m requester_managed     = (known after apply)
      [32m+[0m[0m route_table_ids       = (known after apply)
      [32m+[0m[0m security_group_ids    = (known after apply)
      [32m+[0m[0m service_name          = "com.amazonaws.ap-southeast-1.ecr.api"
      [32m+[0m[0m state                 = (known after apply)
      [32m+[0m[0m subnet_ids            = (known after apply)
      [32m+[0m[0m tags                  = {
          [32m+[0m[0m "Name" = "VPC-Id-vpc-0379fdb17072f4036-ecr_api"
        }
      [32m+[0m[0m tags_all              = {
          [32m+[0m[0m "Name" = "VPC-Id-vpc-0379fdb17072f4036-ecr_api"
        }
      [32m+[0m[0m vpc_endpoint_type     = "Interface"
      [32m+[0m[0m vpc_id                = "vpc-0379fdb17072f4036"
    }

[1m  # module.vpc_endpoints_ap_southeast_1.aws_vpc_endpoint.ecr_api["vpc-038e9a438ab205c10"][0m will be created
[0m  [32m+[0m[0m resource "aws_vpc_endpoint" "ecr_api" {
      [32m+[0m[0m arn                   = (known after apply)
      [32m+[0m[0m auto_accept           = true
      [32m+[0m[0m cidr_blocks           = (known after apply)
      [32m+[0m[0m dns_entry             = (known after apply)
      [32m+[0m[0m id                    = (known after apply)
      [32m+[0m[0m ip_address_type       = (known after apply)
      [32m+[0m[0m network_interface_ids = (known after apply)
      [32m+[0m[0m owner_id              = (known after apply)
      [32m+[0m[0m policy                = (known after apply)
      [32m+[0m[0m prefix_list_id        = (known after apply)
      [32m+[0m[0m private_dns_enabled   = (known after apply)
      [32m+[0m[0m requester_managed     = (known after apply)
      [32m+[0m[0m route_table_ids       = (known after apply)
      [32m+[0m[0m security_group_ids    = (known after apply)
      [32m+[0m[0m service_name          = "com.amazonaws.ap-southeast-1.ecr.api"
      [32m+[0m[0m state                 = (known after apply)
      [32m+[0m[0m subnet_ids            = (known after apply)
      [32m+[0m[0m tags                  = {
          [32m+[0m[0m "Name" = "VPC-Id-vpc-038e9a438ab205c10-ecr_api"
        }
      [32m+[0m[0m tags_all              = {
          [32m+[0m[0m "Name" = "VPC-Id-vpc-038e9a438ab205c10-ecr_api"
        }
      [32m+[0m[0m vpc_endpoint_type     = "Interface"
      [32m+[0m[0m vpc_id                = "vpc-038e9a438ab205c10"
    }

[1m  # module.vpc_endpoints_ap_southeast_1.aws_vpc_endpoint.ecr_api["vpc-0434c079d71746cb3"][0m will be created
[0m  [32m+[0m[0m resource "aws_vpc_endpoint" "ecr_api" {
      [32m+[0m[0m arn                   = (known after apply)
      [32m+[0m[0m auto_accept           = true
      [32m+[0m[0m cidr_blocks           = (known after apply)
      [32m+[0m[0m dns_entry             = (known after apply)
      [32m+[0m[0m id                    = (known after apply)
      [32m+[0m[0m ip_address_type       = (known after apply)
      [32m+[0m[0m network_interface_ids = (known after apply)
      [32m+[0m[0m owner_id              = (known after apply)
      [32m+[0m[0m policy                = (known after apply)
      [32m+[0m[0m prefix_list_id        = (known after apply)
      [32m+[0m[0m private_dns_enabled   = (known after apply)
      [32m+[0m[0m requester_managed     = (known after apply)
      [32m+[0m[0m route_table_ids       = (known after apply)
      [32m+[0m[0m security_group_ids    = (known after apply)
      [32m+[0m[0m service_name          = "com.amazonaws.ap-southeast-1.ecr.api"
      [32m+[0m[0m state                 = (known after apply)
      [32m+[0m[0m subnet_ids            = (known after apply)
      [32m+[0m[0m tags                  = {
          [32m+[0m[0m "Name" = "VPC-Id-vpc-0434c079d71746cb3-ecr_api"
        }
      [32m+[0m[0m tags_all              = {
          [32m+[0m[0m "Name" = "VPC-Id-vpc-0434c079d71746cb3-ecr_api"
        }
      [32m+[0m[0m vpc_endpoint_type     = "Interface"
      [32m+[0m[0m vpc_id                = "vpc-0434c079d71746cb3"
    }

[1m  # module.vpc_endpoints_ap_southeast_1.aws_vpc_endpoint.ecr_api["vpc-063ed0302d264fdff"][0m will be created
[0m  [32m+[0m[0m resource "aws_vpc_endpoint" "ecr_api" {
      [32m+[0m[0m arn                   = (known after apply)
      [32m+[0m[0m auto_accept           = true
      [32m+[0m[0m cidr_blocks           = (known after apply)
      [32m+[0m[0m dns_entry             = (known after apply)
      [32m+[0m[0m id                    = (known after apply)
      [32m+[0m[0m ip_address_type       = (known after apply)
      [32m+[0m[0m network_interface_ids = (known after apply)
      [32m+[0m[0m owner_id              = (known after apply)
      [32m+[0m[0m policy                = (known after apply)
      [32m+[0m[0m prefix_list_id        = (known after apply)
      [32m+[0m[0m private_dns_enabled   = (known after apply)
      [32m+[0m[0m requester_managed     = (known after apply)
      [32m+[0m[0m route_table_ids       = (known after apply)
      [32m+[0m[0m security_group_ids    = (known after apply)
      [32m+[0m[0m service_name          = "com.amazonaws.ap-southeast-1.ecr.api"
      [32m+[0m[0m state                 = (known after apply)
      [32m+[0m[0m subnet_ids            = (known after apply)
      [32m+[0m[0m tags                  = {
          [32m+[0m[0m "Name" = "VPC-Id-vpc-063ed0302d264fdff-ecr_api"
        }
      [32m+[0m[0m tags_all              = {
          [32m+[0m[0m "Name" = "VPC-Id-vpc-063ed0302d264fdff-ecr_api"
        }
      [32m+[0m[0m vpc_endpoint_type     = "Interface"
      [32m+[0m[0m vpc_id                = "vpc-063ed0302d264fdff"
    }

[1m  # module.vpc_endpoints_ap_southeast_1.aws_vpc_endpoint.ecr_api["vpc-069564656011acce9"][0m will be created
[0m  [32m+[0m[0m resource "aws_vpc_endpoint" "ecr_api" {
      [32m+[0m[0m arn                   = (known after apply)
      [32m+[0m[0m auto_accept           = true
      [32m+[0m[0m cidr_blocks           = (known after apply)
      [32m+[0m[0m dns_entry             = (known after apply)
      [32m+[0m[0m id                    = (known after apply)
      [32m+[0m[0m ip_address_type       = (known after apply)
      [32m+[0m[0m network_interface_ids = (known after apply)
      [32m+[0m[0m owner_id              = (known after apply)
      [32m+[0m[0m policy                = (known after apply)
      [32m+[0m[0m prefix_list_id        = (known after apply)
      [32m+[0m[0m private_dns_enabled   = (known after apply)
      [32m+[0m[0m requester_managed     = (known after apply)
      [32m+[0m[0m route_table_ids       = (known after apply)
      [32m+[0m[0m security_group_ids    = (known after apply)
      [32m+[0m[0m service_name          = "com.amazonaws.ap-southeast-1.ecr.api"
      [32m+[0m[0m state                 = (known after apply)
      [32m+[0m[0m subnet_ids            = (known after apply)
      [32m+[0m[0m tags                  = {
          [32m+[0m[0m "Name" = "VPC-Id-vpc-069564656011acce9-ecr_api"
        }
      [32m+[0m[0m tags_all              = {
          [32m+[0m[0m "Name" = "VPC-Id-vpc-069564656011acce9-ecr_api"
        }
      [32m+[0m[0m vpc_endpoint_type     = "Interface"
      [32m+[0m[0m vpc_id                = "vpc-069564656011acce9"
    }

[1m  # module.vpc_endpoints_ap_southeast_1.aws_vpc_endpoint.ecr_api["vpc-06e12140e5b9511a9"][0m will be created
[0m  [32m+[0m[0m resource "aws_vpc_endpoint" "ecr_api" {
      [32m+[0m[0m arn                   = (known after apply)
      [32m+[0m[0m auto_accept           = true
      [32m+[0m[0m cidr_blocks           = (known after apply)
      [32m+[0m[0m dns_entry             = (known after apply)
      [32m+[0m[0m id                    = (known after apply)
      [32m+[0m[0m ip_address_type       = (known after apply)
      [32m+[0m[0m network_interface_ids = (known after apply)
      [32m+[0m[0m owner_id              = (known after apply)
      [32m+[0m[0m policy                = (known after apply)
      [32m+[0m[0m prefix_list_id        = (known after apply)
      [32m+[0m[0m private_dns_enabled   = (known after apply)
      [32m+[0m[0m requester_managed     = (known after apply)
      [32m+[0m[0m route_table_ids       = (known after apply)
      [32m+[0m[0m security_group_ids    = (known after apply)
      [32m+[0m[0m service_name          = "com.amazonaws.ap-southeast-1.ecr.api"
      [32m+[0m[0m state                 = (known after apply)
      [32m+[0m[0m subnet_ids            = (known after apply)
      [32m+[0m[0m tags                  = {
          [32m+[0m[0m "Name" = "VPC-Id-vpc-06e12140e5b9511a9-ecr_api"
        }
      [32m+[0m[0m tags_all              = {
          [32m+[0m[0m "Name" = "VPC-Id-vpc-06e12140e5b9511a9-ecr_api"
        }
      [32m+[0m[0m vpc_endpoint_type     = "Interface"
      [32m+[0m[0m vpc_id                = "vpc-06e12140e5b9511a9"
    }

[1m  # module.vpc_endpoints_ap_southeast_1.aws_vpc_endpoint.ecr_api["vpc-06f17a82690ae6451"][0m will be created
[0m  [32m+[0m[0m resource "aws_vpc_endpoint" "ecr_api" {
      [32m+[0m[0m arn                   = (known after apply)
      [32m+[0m[0m auto_accept           = true
      [32m+[0m[0m cidr_blocks           = (known after apply)
      [32m+[0m[0m dns_entry             = (known after apply)
      [32m+[0m[0m id                    = (known after apply)
      [32m+[0m[0m ip_address_type       = (known after apply)
      [32m+[0m[0m network_interface_ids = (known after apply)
      [32m+[0m[0m owner_id              = (known after apply)
      [32m+[0m[0m policy                = (known after apply)
      [32m+[0m[0m prefix_list_id        = (known after apply)
      [32m+[0m[0m private_dns_enabled   = (known after apply)
      [32m+[0m[0m requester_managed     = (known after apply)
      [32m+[0m[0m route_table_ids       = (known after apply)
      [32m+[0m[0m security_group_ids    = (known after apply)
      [32m+[0m[0m service_name          = "com.amazonaws.ap-southeast-1.ecr.api"
      [32m+[0m[0m state                 = (known after apply)
      [32m+[0m[0m subnet_ids            = (known after apply)
      [32m+[0m[0m tags                  = {
          [32m+[0m[0m "Name" = "VPC-Id-vpc-06f17a82690ae6451-ecr_api"
        }
      [32m+[0m[0m tags_all              = {
          [32m+[0m[0m "Name" = "VPC-Id-vpc-06f17a82690ae6451-ecr_api"
        }
      [32m+[0m[0m vpc_endpoint_type     = "Interface"
      [32m+[0m[0m vpc_id                = "vpc-06f17a82690ae6451"
    }

[1m  # module.vpc_endpoints_ap_southeast_1.aws_vpc_endpoint.ecr_api["vpc-086f357147014f9a7"][0m will be created
[0m  [32m+[0m[0m resource "aws_vpc_endpoint" "ecr_api" {
      [32m+[0m[0m arn                   = (known after apply)
      [32m+[0m[0m auto_accept           = true
      [32m+[0m[0m cidr_blocks           = (known after apply)
      [32m+[0m[0m dns_entry             = (known after apply)
      [32m+[0m[0m id                    = (known after apply)
      [32m+[0m[0m ip_address_type       = (known after apply)
      [32m+[0m[0m network_interface_ids = (known after apply)
      [32m+[0m[0m owner_id              = (known after apply)
      [32m+[0m[0m policy                = (known after apply)
      [32m+[0m[0m prefix_list_id        = (known after apply)
      [32m+[0m[0m private_dns_enabled   = (known after apply)
      [32m+[0m[0m requester_managed     = (known after apply)
      [32m+[0m[0m route_table_ids       = (known after apply)
      [32m+[0m[0m security_group_ids    = (known after apply)
      [32m+[0m[0m service_name          = "com.amazonaws.ap-southeast-1.ecr.api"
      [32m+[0m[0m state                 = (known after apply)
      [32m+[0m[0m subnet_ids            = (known after apply)
      [32m+[0m[0m tags                  = {
          [32m+[0m[0m "Name" = "VPC-Id-vpc-086f357147014f9a7-ecr_api"
        }
      [32m+[0m[0m tags_all              = {
          [32m+[0m[0m "Name" = "VPC-Id-vpc-086f357147014f9a7-ecr_api"
        }
      [32m+[0m[0m vpc_endpoint_type     = "Interface"
      [32m+[0m[0m vpc_id                = "vpc-086f357147014f9a7"
    }

[1m  # module.vpc_endpoints_ap_southeast_1.aws_vpc_endpoint.ecr_api["vpc-0873c29cd655a75b0"][0m will be created
[0m  [32m+[0m[0m resource "aws_vpc_endpoint" "ecr_api" {
      [32m+[0m[0m arn                   = (known after apply)
      [32m+[0m[0m auto_accept           = true
      [32m+[0m[0m cidr_blocks           = (known after apply)
      [32m+[0m[0m dns_entry             = (known after apply)
      [32m+[0m[0m id                    = (known after apply)
      [32m+[0m[0m ip_address_type       = (known after apply)
      [32m+[0m[0m network_interface_ids = (known after apply)
      [32m+[0m[0m owner_id              = (known after apply)
      [32m+[0m[0m policy                = (known after apply)
      [32m+[0m[0m prefix_list_id        = (known after apply)
      [32m+[0m[0m private_dns_enabled   = (known after apply)
      [32m+[0m[0m requester_managed     = (known after apply)
      [32m+[0m[0m route_table_ids       = (known after apply)
      [32m+[0m[0m security_group_ids    = (known after apply)
      [32m+[0m[0m service_name          = "com.amazonaws.ap-southeast-1.ecr.api"
      [32m+[0m[0m state                 = (known after apply)
      [32m+[0m[0m subnet_ids            = (known after apply)
      [32m+[0m[0m tags                  = {
          [32m+[0m[0m "Name" = "VPC-Id-vpc-0873c29cd655a75b0-ecr_api"
        }
      [32m+[0m[0m tags_all              = {
          [32m+[0m[0m "Name" = "VPC-Id-vpc-0873c29cd655a75b0-ecr_api"
        }
      [32m+[0m[0m vpc_endpoint_type     = "Interface"
      [32m+[0m[0m vpc_id                = "vpc-0873c29cd655a75b0"
    }

[1m  # module.vpc_endpoints_ap_southeast_1.aws_vpc_endpoint.ecr_api["vpc-0b0d7d0e4a67ed700"][0m will be created
[0m  [32m+[0m[0m resource "aws_vpc_endpoint" "ecr_api" {
      [32m+[0m[0m arn                   = (known after apply)
      [32m+[0m[0m auto_accept           = true
      [32m+[0m[0m cidr_blocks           = (known after apply)
      [32m+[0m[0m dns_entry             = (known after apply)
      [32m+[0m[0m id                    = (known after apply)
      [32m+[0m[0m ip_address_type       = (known after apply)
      [32m+[0m[0m network_interface_ids = (known after apply)
      [32m+[0m[0m owner_id              = (known after apply)
      [32m+[0m[0m policy                = (known after apply)
      [32m+[0m[0m prefix_list_id        = (known after apply)
      [32m+[0m[0m private_dns_enabled   = (known after apply)
      [32m+[0m[0m requester_managed     = (known after apply)
      [32m+[0m[0m route_table_ids       = (known after apply)
      [32m+[0m[0m security_group_ids    = (known after apply)
      [32m+[0m[0m service_name          = "com.amazonaws.ap-southeast-1.ecr.api"
      [32m+[0m[0m state                 = (known after apply)
      [32m+[0m[0m subnet_ids            = (known after apply)
      [32m+[0m[0m tags                  = {
          [32m+[0m[0m "Name" = "VPC-Id-vpc-0b0d7d0e4a67ed700-ecr_api"
        }
      [32m+[0m[0m tags_all              = {
          [32m+[0m[0m "Name" = "VPC-Id-vpc-0b0d7d0e4a67ed700-ecr_api"
        }
      [32m+[0m[0m vpc_endpoint_type     = "Interface"
      [32m+[0m[0m vpc_id                = "vpc-0b0d7d0e4a67ed700"
    }

[1m  # module.vpc_endpoints_ap_southeast_1.aws_vpc_endpoint.ecr_api["vpc-0ddcc7a1401565ac5"][0m will be created
[0m  [32m+[0m[0m resource "aws_vpc_endpoint" "ecr_api" {
      [32m+[0m[0m arn                   = (known after apply)
      [32m+[0m[0m auto_accept           = true
      [32m+[0m[0m cidr_blocks           = (known after apply)
      [32m+[0m[0m dns_entry             = (known after apply)
      [32m+[0m[0m id                    = (known after apply)
      [32m+[0m[0m ip_address_type       = (known after apply)
      [32m+[0m[0m network_interface_ids = (known after apply)
      [32m+[0m[0m owner_id              = (known after apply)
      [32m+[0m[0m policy                = (known after apply)
      [32m+[0m[0m prefix_list_id        = (known after apply)
      [32m+[0m[0m private_dns_enabled   = (known after apply)
      [32m+[0m[0m requester_managed     = (known after apply)
      [32m+[0m[0m route_table_ids       = (known after apply)
      [32m+[0m[0m security_group_ids    = (known after apply)
      [32m+[0m[0m service_name          = "com.amazonaws.ap-southeast-1.ecr.api"
      [32m+[0m[0m state                 = (known after apply)
      [32m+[0m[0m subnet_ids            = (known after apply)
      [32m+[0m[0m tags                  = {
          [32m+[0m[0m "Name" = "VPC-Id-vpc-0ddcc7a1401565ac5-ecr_api"
        }
      [32m+[0m[0m tags_all              = {
          [32m+[0m[0m "Name" = "VPC-Id-vpc-0ddcc7a1401565ac5-ecr_api"
        }
      [32m+[0m[0m vpc_endpoint_type     = "Interface"
      [32m+[0m[0m vpc_id                = "vpc-0ddcc7a1401565ac5"
    }

[1m  # module.vpc_endpoints_ap_southeast_1.aws_vpc_endpoint.ecr_api["vpc-0e535d1dbdfc5d4e7"][0m will be created
[0m  [32m+[0m[0m resource "aws_vpc_endpoint" "ecr_api" {
      [32m+[0m[0m arn                   = (known after apply)
      [32m+[0m[0m auto_accept           = true
      [32m+[0m[0m cidr_blocks           = (known after apply)
      [32m+[0m[0m dns_entry             = (known after apply)
      [32m+[0m[0m id                    = (known after apply)
      [32m+[0m[0m ip_address_type       = (known after apply)
      [32m+[0m[0m network_interface_ids = (known after apply)
      [32m+[0m[0m owner_id              = (known after apply)
      [32m+[0m[0m policy                = (known after apply)
      [32m+[0m[0m prefix_list_id        = (known after apply)
      [32m+[0m[0m private_dns_enabled   = (known after apply)
      [32m+[0m[0m requester_managed     = (known after apply)
      [32m+[0m[0m route_table_ids       = (known after apply)
      [32m+[0m[0m security_group_ids    = (known after apply)
      [32m+[0m[0m service_name          = "com.amazonaws.ap-southeast-1.ecr.api"
      [32m+[0m[0m state                 = (known after apply)
      [32m+[0m[0m subnet_ids            = (known after apply)
      [32m+[0m[0m tags                  = {
          [32m+[0m[0m "Name" = "VPC-Id-vpc-0e535d1dbdfc5d4e7-ecr_api"
        }
      [32m+[0m[0m tags_all              = {
          [32m+[0m[0m "Name" = "VPC-Id-vpc-0e535d1dbdfc5d4e7-ecr_api"
        }
      [32m+[0m[0m vpc_endpoint_type     = "Interface"
      [32m+[0m[0m vpc_id                = "vpc-0e535d1dbdfc5d4e7"
    }

[1m  # module.vpc_endpoints_ap_southeast_1.aws_vpc_endpoint.ecr_api["vpc-8481afe3"][0m will be created
[0m  [32m+[0m[0m resource "aws_vpc_endpoint" "ecr_api" {
      [32m+[0m[0m arn                   = (known after apply)
      [32m+[0m[0m auto_accept           = true
      [32m+[0m[0m cidr_blocks           = (known after apply)
      [32m+[0m[0m dns_entry             = (known after apply)
      [32m+[0m[0m id                    = (known after apply)
      [32m+[0m[0m ip_address_type       = (known after apply)
      [32m+[0m[0m network_interface_ids = (known after apply)
      [32m+[0m[0m owner_id              = (known after apply)
      [32m+[0m[0m policy                = (known after apply)
      [32m+[0m[0m prefix_list_id        = (known after apply)
      [32m+[0m[0m private_dns_enabled   = (known after apply)
      [32m+[0m[0m requester_managed     = (known after apply)
      [32m+[0m[0m route_table_ids       = (known after apply)
      [32m+[0m[0m security_group_ids    = (known after apply)
      [32m+[0m[0m service_name          = "com.amazonaws.ap-southeast-1.ecr.api"
      [32m+[0m[0m state                 = (known after apply)
      [32m+[0m[0m subnet_ids            = (known after apply)
      [32m+[0m[0m tags                  = {
          [32m+[0m[0m "Name" = "VPC-Id-vpc-8481afe3-ecr_api"
        }
      [32m+[0m[0m tags_all              = {
          [32m+[0m[0m "Name" = "VPC-Id-vpc-8481afe3-ecr_api"
        }
      [32m+[0m[0m vpc_endpoint_type     = "Interface"
      [32m+[0m[0m vpc_id                = "vpc-8481afe3"
    }

[1m  # module.vpc_endpoints_ap_southeast_1.aws_vpc_endpoint.ecr_dkr["vpc-004a377b92163bec0"][0m will be created
[0m  [32m+[0m[0m resource "aws_vpc_endpoint" "ecr_dkr" {
      [32m+[0m[0m arn                   = (known after apply)
      [32m+[0m[0m auto_accept           = true
      [32m+[0m[0m cidr_blocks           = (known after apply)
      [32m+[0m[0m dns_entry             = (known after apply)
      [32m+[0m[0m id                    = (known after apply)
      [32m+[0m[0m ip_address_type       = (known after apply)
      [32m+[0m[0m network_interface_ids = (known after apply)
      [32m+[0m[0m owner_id              = (known after apply)
      [32m+[0m[0m policy                = (known after apply)
      [32m+[0m[0m prefix_list_id        = (known after apply)
      [32m+[0m[0m private_dns_enabled   = (known after apply)
      [32m+[0m[0m requester_managed     = (known after apply)
      [32m+[0m[0m route_table_ids       = (known after apply)
      [32m+[0m[0m security_group_ids    = (known after apply)
      [32m+[0m[0m service_name          = "com.amazonaws.ap-southeast-1.ecr.dkr"
      [32m+[0m[0m state                 = (known after apply)
      [32m+[0m[0m subnet_ids            = (known after apply)
      [32m+[0m[0m tags                  = {
          [32m+[0m[0m "Name" = "VPC-Id-vpc-004a377b92163bec0-ecr_dkr"
        }
      [32m+[0m[0m tags_all              = {
          [32m+[0m[0m "Name" = "VPC-Id-vpc-004a377b92163bec0-ecr_dkr"
        }
      [32m+[0m[0m vpc_endpoint_type     = "Interface"
      [32m+[0m[0m vpc_id                = "vpc-004a377b92163bec0"
    }

[1m  # module.vpc_endpoints_ap_southeast_1.aws_vpc_endpoint.ecr_dkr["vpc-018f374d4d2269e9b"][0m will be created
[0m  [32m+[0m[0m resource "aws_vpc_endpoint" "ecr_dkr" {
      [32m+[0m[0m arn                   = (known after apply)
      [32m+[0m[0m auto_accept           = true
      [32m+[0m[0m cidr_blocks           = (known after apply)
      [32m+[0m[0m dns_entry             = (known after apply)
      [32m+[0m[0m id                    = (known after apply)
      [32m+[0m[0m ip_address_type       = (known after apply)
      [32m+[0m[0m network_interface_ids = (known after apply)
      [32m+[0m[0m owner_id              = (known after apply)
      [32m+[0m[0m policy                = (known after apply)
      [32m+[0m[0m prefix_list_id        = (known after apply)
      [32m+[0m[0m private_dns_enabled   = (known after apply)
      [32m+[0m[0m requester_managed     = (known after apply)
      [32m+[0m[0m route_table_ids       = (known after apply)
      [32m+[0m[0m security_group_ids    = (known after apply)
      [32m+[0m[0m service_name          = "com.amazonaws.ap-southeast-1.ecr.dkr"
      [32m+[0m[0m state                 = (known after apply)
      [32m+[0m[0m subnet_ids            = (known after apply)
      [32m+[0m[0m tags                  = {
          [32m+[0m[0m "Name" = "VPC-Id-vpc-018f374d4d2269e9b-ecr_dkr"
        }
      [32m+[0m[0m tags_all              = {
          [32m+[0m[0m "Name" = "VPC-Id-vpc-018f374d4d2269e9b-ecr_dkr"
        }
      [32m+[0m[0m vpc_endpoint_type     = "Interface"
      [32m+[0m[0m vpc_id                = "vpc-018f374d4d2269e9b"
    }

[1m  # module.vpc_endpoints_ap_southeast_1.aws_vpc_endpoint.ecr_dkr["vpc-02f15860069647990"][0m will be created
[0m  [32m+[0m[0m resource "aws_vpc_endpoint" "ecr_dkr" {
      [32m+[0m[0m arn                   = (known after apply)
      [32m+[0m[0m auto_accept           = true
      [32m+[0m[0m cidr_blocks           = (known after apply)
      [32m+[0m[0m dns_entry             = (known after apply)
      [32m+[0m[0m id                    = (known after apply)
      [32m+[0m[0m ip_address_type       = (known after apply)
      [32m+[0m[0m network_interface_ids = (known after apply)
      [32m+[0m[0m owner_id              = (known after apply)
      [32m+[0m[0m policy                = (known after apply)
      [32m+[0m[0m prefix_list_id        = (known after apply)
      [32m+[0m[0m private_dns_enabled   = (known after apply)
      [32m+[0m[0m requester_managed     = (known after apply)
      [32m+[0m[0m route_table_ids       = (known after apply)
      [32m+[0m[0m security_group_ids    = (known after apply)
      [32m+[0m[0m service_name          = "com.amazonaws.ap-southeast-1.ecr.dkr"
      [32m+[0m[0m state                 = (known after apply)
      [32m+[0m[0m subnet_ids            = (known after apply)
      [32m+[0m[0m tags                  = {
          [32m+[0m[0m "Name" = "VPC-Id-vpc-02f15860069647990-ecr_dkr"
        }
      [32m+[0m[0m tags_all              = {
          [32m+[0m[0m "Name" = "VPC-Id-vpc-02f15860069647990-ecr_dkr"
        }
      [32m+[0m[0m vpc_endpoint_type     = "Interface"
      [32m+[0m[0m vpc_id                = "vpc-02f15860069647990"
    }

[1m  # module.vpc_endpoints_ap_southeast_1.aws_vpc_endpoint.ecr_dkr["vpc-0379fdb17072f4036"][0m will be created
[0m  [32m+[0m[0m resource "aws_vpc_endpoint" "ecr_dkr" {
      [32m+[0m[0m arn                   = (known after apply)
      [32m+[0m[0m auto_accept           = true
      [32m+[0m[0m cidr_blocks           = (known after apply)
      [32m+[0m[0m dns_entry             = (known after apply)
      [32m+[0m[0m id                    = (known after apply)
      [32m+[0m[0m ip_address_type       = (known after apply)
      [32m+[0m[0m network_interface_ids = (known after apply)
      [32m+[0m[0m owner_id              = (known after apply)
      [32m+[0m[0m policy                = (known after apply)
      [32m+[0m[0m prefix_list_id        = (known after apply)
      [32m+[0m[0m private_dns_enabled   = (known after apply)
      [32m+[0m[0m requester_managed     = (known after apply)
      [32m+[0m[0m route_table_ids       = (known after apply)
      [32m+[0m[0m security_group_ids    = (known after apply)
      [32m+[0m[0m service_name          = "com.amazonaws.ap-southeast-1.ecr.dkr"
      [32m+[0m[0m state                 = (known after apply)
      [32m+[0m[0m subnet_ids            = (known after apply)
      [32m+[0m[0m tags                  = {
          [32m+[0m[0m "Name" = "VPC-Id-vpc-0379fdb17072f4036-ecr_dkr"
        }
      [32m+[0m[0m tags_all              = {
          [32m+[0m[0m "Name" = "VPC-Id-vpc-0379fdb17072f4036-ecr_dkr"
        }
      [32m+[0m[0m vpc_endpoint_type     = "Interface"
      [32m+[0m[0m vpc_id                = "vpc-0379fdb17072f4036"
    }

[1m  # module.vpc_endpoints_ap_southeast_1.aws_vpc_endpoint.ecr_dkr["vpc-038e9a438ab205c10"][0m will be created
[0m  [32m+[0m[0m resource "aws_vpc_endpoint" "ecr_dkr" {
      [32m+[0m[0m arn                   = (known after apply)
      [32m+[0m[0m auto_accept           = true
      [32m+[0m[0m cidr_blocks           = (known after apply)
      [32m+[0m[0m dns_entry             = (known after apply)
      [32m+[0m[0m id                    = (known after apply)
      [32m+[0m[0m ip_address_type       = (known after apply)
      [32m+[0m[0m network_interface_ids = (known after apply)
      [32m+[0m[0m owner_id              = (known after apply)
      [32m+[0m[0m policy                = (known after apply)
      [32m+[0m[0m prefix_list_id        = (known after apply)
      [32m+[0m[0m private_dns_enabled   = (known after apply)
      [32m+[0m[0m requester_managed     = (known after apply)
      [32m+[0m[0m route_table_ids       = (known after apply)
      [32m+[0m[0m security_group_ids    = (known after apply)
      [32m+[0m[0m service_name          = "com.amazonaws.ap-southeast-1.ecr.dkr"
      [32m+[0m[0m state                 = (known after apply)
      [32m+[0m[0m subnet_ids            = (known after apply)
      [32m+[0m[0m tags                  = {
          [32m+[0m[0m "Name" = "VPC-Id-vpc-038e9a438ab205c10-ecr_dkr"
        }
      [32m+[0m[0m tags_all              = {
          [32m+[0m[0m "Name" = "VPC-Id-vpc-038e9a438ab205c10-ecr_dkr"
        }
      [32m+[0m[0m vpc_endpoint_type     = "Interface"
      [32m+[0m[0m vpc_id                = "vpc-038e9a438ab205c10"
    }

[1m  # module.vpc_endpoints_ap_southeast_1.aws_vpc_endpoint.ecr_dkr["vpc-0434c079d71746cb3"][0m will be created
[0m  [32m+[0m[0m resource "aws_vpc_endpoint" "ecr_dkr" {
      [32m+[0m[0m arn                   = (known after apply)
      [32m+[0m[0m auto_accept           = true
      [32m+[0m[0m cidr_blocks           = (known after apply)
      [32m+[0m[0m dns_entry             = (known after apply)
      [32m+[0m[0m id                    = (known after apply)
      [32m+[0m[0m ip_address_type       = (known after apply)
      [32m+[0m[0m network_interface_ids = (known after apply)
      [32m+[0m[0m owner_id              = (known after apply)
      [32m+[0m[0m policy                = (known after apply)
      [32m+[0m[0m prefix_list_id        = (known after apply)
      [32m+[0m[0m private_dns_enabled   = (known after apply)
      [32m+[0m[0m requester_managed     = (known after apply)
      [32m+[0m[0m route_table_ids       = (known after apply)
      [32m+[0m[0m security_group_ids    = (known after apply)
      [32m+[0m[0m service_name          = "com.amazonaws.ap-southeast-1.ecr.dkr"
      [32m+[0m[0m state                 = (known after apply)
      [32m+[0m[0m subnet_ids            = (known after apply)
      [32m+[0m[0m tags                  = {
          [32m+[0m[0m "Name" = "VPC-Id-vpc-0434c079d71746cb3-ecr_dkr"
        }
      [32m+[0m[0m tags_all              = {
          [32m+[0m[0m "Name" = "VPC-Id-vpc-0434c079d71746cb3-ecr_dkr"
        }
      [32m+[0m[0m vpc_endpoint_type     = "Interface"
      [32m+[0m[0m vpc_id                = "vpc-0434c079d71746cb3"
    }

[1m  # module.vpc_endpoints_ap_southeast_1.aws_vpc_endpoint.ecr_dkr["vpc-063ed0302d264fdff"][0m will be created
[0m  [32m+[0m[0m resource "aws_vpc_endpoint" "ecr_dkr" {
      [32m+[0m[0m arn                   = (known after apply)
      [32m+[0m[0m auto_accept           = true
      [32m+[0m[0m cidr_blocks           = (known after apply)
      [32m+[0m[0m dns_entry             = (known after apply)
      [32m+[0m[0m id                    = (known after apply)
      [32m+[0m[0m ip_address_type       = (known after apply)
      [32m+[0m[0m network_interface_ids = (known after apply)
      [32m+[0m[0m owner_id              = (known after apply)
      [32m+[0m[0m policy                = (known after apply)
      [32m+[0m[0m prefix_list_id        = (known after apply)
      [32m+[0m[0m private_dns_enabled   = (known after apply)
      [32m+[0m[0m requester_managed     = (known after apply)
      [32m+[0m[0m route_table_ids       = (known after apply)
      [32m+[0m[0m security_group_ids    = (known after apply)
      [32m+[0m[0m service_name          = "com.amazonaws.ap-southeast-1.ecr.dkr"
      [32m+[0m[0m state                 = (known after apply)
      [32m+[0m[0m subnet_ids            = (known after apply)
      [32m+[0m[0m tags                  = {
          [32m+[0m[0m "Name" = "VPC-Id-vpc-063ed0302d264fdff-ecr_dkr"
        }
      [32m+[0m[0m tags_all              = {
          [32m+[0m[0m "Name" = "VPC-Id-vpc-063ed0302d264fdff-ecr_dkr"
        }
      [32m+[0m[0m vpc_endpoint_type     = "Interface"
      [32m+[0m[0m vpc_id                = "vpc-063ed0302d264fdff"
    }

[1m  # module.vpc_endpoints_ap_southeast_1.aws_vpc_endpoint.ecr_dkr["vpc-069564656011acce9"][0m will be created
[0m  [32m+[0m[0m resource "aws_vpc_endpoint" "ecr_dkr" {
      [32m+[0m[0m arn                   = (known after apply)
      [32m+[0m[0m auto_accept           = true
      [32m+[0m[0m cidr_blocks           = (known after apply)
      [32m+[0m[0m dns_entry             = (known after apply)
      [32m+[0m[0m id                    = (known after apply)
      [32m+[0m[0m ip_address_type       = (known after apply)
      [32m+[0m[0m network_interface_ids = (known after apply)
      [32m+[0m[0m owner_id              = (known after apply)
      [32m+[0m[0m policy                = (known after apply)
      [32m+[0m[0m prefix_list_id        = (known after apply)
      [32m+[0m[0m private_dns_enabled   = (known after apply)
      [32m+[0m[0m requester_managed     = (known after apply)
      [32m+[0m[0m route_table_ids       = (known after apply)
      [32m+[0m[0m security_group_ids    = (known after apply)
      [32m+[0m[0m service_name          = "com.amazonaws.ap-southeast-1.ecr.dkr"
      [32m+[0m[0m state                 = (known after apply)
      [32m+[0m[0m subnet_ids            = (known after apply)
      [32m+[0m[0m tags                  = {
          [32m+[0m[0m "Name" = "VPC-Id-vpc-069564656011acce9-ecr_dkr"
        }
      [32m+[0m[0m tags_all              = {
          [32m+[0m[0m "Name" = "VPC-Id-vpc-069564656011acce9-ecr_dkr"
        }
      [32m+[0m[0m vpc_endpoint_type     = "Interface"
      [32m+[0m[0m vpc_id                = "vpc-069564656011acce9"
    }

[1m  # module.vpc_endpoints_ap_southeast_1.aws_vpc_endpoint.ecr_dkr["vpc-06e12140e5b9511a9"][0m will be created
[0m  [32m+[0m[0m resource "aws_vpc_endpoint" "ecr_dkr" {
      [32m+[0m[0m arn                   = (known after apply)
      [32m+[0m[0m auto_accept           = true
      [32m+[0m[0m cidr_blocks           = (known after apply)
      [32m+[0m[0m dns_entry             = (known after apply)
      [32m+[0m[0m id                    = (known after apply)
      [32m+[0m[0m ip_address_type       = (known after apply)
      [32m+[0m[0m network_interface_ids = (known after apply)
      [32m+[0m[0m owner_id              = (known after apply)
      [32m+[0m[0m policy                = (known after apply)
      [32m+[0m[0m prefix_list_id        = (known after apply)
      [32m+[0m[0m private_dns_enabled   = (known after apply)
      [32m+[0m[0m requester_managed     = (known after apply)
      [32m+[0m[0m route_table_ids       = (known after apply)
      [32m+[0m[0m security_group_ids    = (known after apply)
      [32m+[0m[0m service_name          = "com.amazonaws.ap-southeast-1.ecr.dkr"
      [32m+[0m[0m state                 = (known after apply)
      [32m+[0m[0m subnet_ids            = (known after apply)
      [32m+[0m[0m tags                  = {
          [32m+[0m[0m "Name" = "VPC-Id-vpc-06e12140e5b9511a9-ecr_dkr"
        }
      [32m+[0m[0m tags_all              = {
          [32m+[0m[0m "Name" = "VPC-Id-vpc-06e12140e5b9511a9-ecr_dkr"
        }
      [32m+[0m[0m vpc_endpoint_type     = "Interface"
      [32m+[0m[0m vpc_id                = "vpc-06e12140e5b9511a9"
    }

[1m  # module.vpc_endpoints_ap_southeast_1.aws_vpc_endpoint.ecr_dkr["vpc-06f17a82690ae6451"][0m will be created
[0m  [32m+[0m[0m resource "aws_vpc_endpoint" "ecr_dkr" {
      [32m+[0m[0m arn                   = (known after apply)
      [32m+[0m[0m auto_accept           = true
      [32m+[0m[0m cidr_blocks           = (known after apply)
      [32m+[0m[0m dns_entry             = (known after apply)
      [32m+[0m[0m id                    = (known after apply)
      [32m+[0m[0m ip_address_type       = (known after apply)
      [32m+[0m[0m network_interface_ids = (known after apply)
      [32m+[0m[0m owner_id              = (known after apply)
      [32m+[0m[0m policy                = (known after apply)
      [32m+[0m[0m prefix_list_id        = (known after apply)
      [32m+[0m[0m private_dns_enabled   = (known after apply)
      [32m+[0m[0m requester_managed     = (known after apply)
      [32m+[0m[0m route_table_ids       = (known after apply)
      [32m+[0m[0m security_group_ids    = (known after apply)
      [32m+[0m[0m service_name          = "com.amazonaws.ap-southeast-1.ecr.dkr"
      [32m+[0m[0m state                 = (known after apply)
      [32m+[0m[0m subnet_ids            = (known after apply)
      [32m+[0m[0m tags                  = {
          [32m+[0m[0m "Name" = "VPC-Id-vpc-06f17a82690ae6451-ecr_dkr"
        }
      [32m+[0m[0m tags_all              = {
          [32m+[0m[0m "Name" = "VPC-Id-vpc-06f17a82690ae6451-ecr_dkr"
        }
      [32m+[0m[0m vpc_endpoint_type     = "Interface"
      [32m+[0m[0m vpc_id                = "vpc-06f17a82690ae6451"
    }

[1m  # module.vpc_endpoints_ap_southeast_1.aws_vpc_endpoint.ecr_dkr["vpc-086f357147014f9a7"][0m will be created
[0m  [32m+[0m[0m resource "aws_vpc_endpoint" "ecr_dkr" {
      [32m+[0m[0m arn                   = (known after apply)
      [32m+[0m[0m auto_accept           = true
      [32m+[0m[0m cidr_blocks           = (known after apply)
      [32m+[0m[0m dns_entry             = (known after apply)
      [32m+[0m[0m id                    = (known after apply)
      [32m+[0m[0m ip_address_type       = (known after apply)
      [32m+[0m[0m network_interface_ids = (known after apply)
      [32m+[0m[0m owner_id              = (known after apply)
      [32m+[0m[0m policy                = (known after apply)
      [32m+[0m[0m prefix_list_id        = (known after apply)
      [32m+[0m[0m private_dns_enabled   = (known after apply)
      [32m+[0m[0m requester_managed     = (known after apply)
      [32m+[0m[0m route_table_ids       = (known after apply)
      [32m+[0m[0m security_group_ids    = (known after apply)
      [32m+[0m[0m service_name          = "com.amazonaws.ap-southeast-1.ecr.dkr"
      [32m+[0m[0m state                 = (known after apply)
      [32m+[0m[0m subnet_ids            = (known after apply)
      [32m+[0m[0m tags                  = {
          [32m+[0m[0m "Name" = "VPC-Id-vpc-086f357147014f9a7-ecr_dkr"
        }
      [32m+[0m[0m tags_all              = {
          [32m+[0m[0m "Name" = "VPC-Id-vpc-086f357147014f9a7-ecr_dkr"
        }
      [32m+[0m[0m vpc_endpoint_type     = "Interface"
      [32m+[0m[0m vpc_id                = "vpc-086f357147014f9a7"
    }

[1m  # module.vpc_endpoints_ap_southeast_1.aws_vpc_endpoint.ecr_dkr["vpc-0873c29cd655a75b0"][0m will be created
[0m  [32m+[0m[0m resource "aws_vpc_endpoint" "ecr_dkr" {
      [32m+[0m[0m arn                   = (known after apply)
      [32m+[0m[0m auto_accept           = true
      [32m+[0m[0m cidr_blocks           = (known after apply)
      [32m+[0m[0m dns_entry             = (known after apply)
      [32m+[0m[0m id                    = (known after apply)
      [32m+[0m[0m ip_address_type       = (known after apply)
      [32m+[0m[0m network_interface_ids = (known after apply)
      [32m+[0m[0m owner_id              = (known after apply)
      [32m+[0m[0m policy                = (known after apply)
      [32m+[0m[0m prefix_list_id        = (known after apply)
      [32m+[0m[0m private_dns_enabled   = (known after apply)
      [32m+[0m[0m requester_managed     = (known after apply)
      [32m+[0m[0m route_table_ids       = (known after apply)
      [32m+[0m[0m security_group_ids    = (known after apply)
      [32m+[0m[0m service_name          = "com.amazonaws.ap-southeast-1.ecr.dkr"
      [32m+[0m[0m state                 = (known after apply)
      [32m+[0m[0m subnet_ids            = (known after apply)
      [32m+[0m[0m tags                  = {
          [32m+[0m[0m "Name" = "VPC-Id-vpc-0873c29cd655a75b0-ecr_dkr"
        }
      [32m+[0m[0m tags_all              = {
          [32m+[0m[0m "Name" = "VPC-Id-vpc-0873c29cd655a75b0-ecr_dkr"
        }
      [32m+[0m[0m vpc_endpoint_type     = "Interface"
      [32m+[0m[0m vpc_id                = "vpc-0873c29cd655a75b0"
    }

[1m  # module.vpc_endpoints_ap_southeast_1.aws_vpc_endpoint.ecr_dkr["vpc-0b0d7d0e4a67ed700"][0m will be created
[0m  [32m+[0m[0m resource "aws_vpc_endpoint" "ecr_dkr" {
      [32m+[0m[0m arn                   = (known after apply)
      [32m+[0m[0m auto_accept           = true
      [32m+[0m[0m cidr_blocks           = (known after apply)
      [32m+[0m[0m dns_entry             = (known after apply)
      [32m+[0m[0m id                    = (known after apply)
      [32m+[0m[0m ip_address_type       = (known after apply)
      [32m+[0m[0m network_interface_ids = (known after apply)
      [32m+[0m[0m owner_id              = (known after apply)
      [32m+[0m[0m policy                = (known after apply)
      [32m+[0m[0m prefix_list_id        = (known after apply)
      [32m+[0m[0m private_dns_enabled   = (known after apply)
      [32m+[0m[0m requester_managed     = (known after apply)
      [32m+[0m[0m route_table_ids       = (known after apply)
      [32m+[0m[0m security_group_ids    = (known after apply)
      [32m+[0m[0m service_name          = "com.amazonaws.ap-southeast-1.ecr.dkr"
      [32m+[0m[0m state                 = (known after apply)
      [32m+[0m[0m subnet_ids            = (known after apply)
      [32m+[0m[0m tags                  = {
          [32m+[0m[0m "Name" = "VPC-Id-vpc-0b0d7d0e4a67ed700-ecr_dkr"
        }
      [32m+[0m[0m tags_all              = {
          [32m+[0m[0m "Name" = "VPC-Id-vpc-0b0d7d0e4a67ed700-ecr_dkr"
        }
      [32m+[0m[0m vpc_endpoint_type     = "Interface"
      [32m+[0m[0m vpc_id                = "vpc-0b0d7d0e4a67ed700"
    }

[1m  # module.vpc_endpoints_ap_southeast_1.aws_vpc_endpoint.ecr_dkr["vpc-0ddcc7a1401565ac5"][0m will be created
[0m  [32m+[0m[0m resource "aws_vpc_endpoint" "ecr_dkr" {
      [32m+[0m[0m arn                   = (known after apply)
      [32m+[0m[0m auto_accept           = true
      [32m+[0m[0m cidr_blocks           = (known after apply)
      [32m+[0m[0m dns_entry             = (known after apply)
      [32m+[0m[0m id                    = (known after apply)
      [32m+[0m[0m ip_address_type       = (known after apply)
      [32m+[0m[0m network_interface_ids = (known after apply)
      [32m+[0m[0m owner_id              = (known after apply)
      [32m+[0m[0m policy                = (known after apply)
      [32m+[0m[0m prefix_list_id        = (known after apply)
      [32m+[0m[0m private_dns_enabled   = (known after apply)
      [32m+[0m[0m requester_managed     = (known after apply)
      [32m+[0m[0m route_table_ids       = (known after apply)
      [32m+[0m[0m security_group_ids    = (known after apply)
      [32m+[0m[0m service_name          = "com.amazonaws.ap-southeast-1.ecr.dkr"
      [32m+[0m[0m state                 = (known after apply)
      [32m+[0m[0m subnet_ids            = (known after apply)
      [32m+[0m[0m tags                  = {
          [32m+[0m[0m "Name" = "VPC-Id-vpc-0ddcc7a1401565ac5-ecr_dkr"
        }
      [32m+[0m[0m tags_all              = {
          [32m+[0m[0m "Name" = "VPC-Id-vpc-0ddcc7a1401565ac5-ecr_dkr"
        }
      [32m+[0m[0m vpc_endpoint_type     = "Interface"
      [32m+[0m[0m vpc_id                = "vpc-0ddcc7a1401565ac5"
    }

[1m  # module.vpc_endpoints_ap_southeast_1.aws_vpc_endpoint.ecr_dkr["vpc-0e535d1dbdfc5d4e7"][0m will be created
[0m  [32m+[0m[0m resource "aws_vpc_endpoint" "ecr_dkr" {
      [32m+[0m[0m arn                   = (known after apply)
      [32m+[0m[0m auto_accept           = true
      [32m+[0m[0m cidr_blocks           = (known after apply)
      [32m+[0m[0m dns_entry             = (known after apply)
      [32m+[0m[0m id                    = (known after apply)
      [32m+[0m[0m ip_address_type       = (known after apply)
      [32m+[0m[0m network_interface_ids = (known after apply)
      [32m+[0m[0m owner_id              = (known after apply)
      [32m+[0m[0m policy                = (known after apply)
      [32m+[0m[0m prefix_list_id        = (known after apply)
      [32m+[0m[0m private_dns_enabled   = (known after apply)
      [32m+[0m[0m requester_managed     = (known after apply)
      [32m+[0m[0m route_table_ids       = (known after apply)
      [32m+[0m[0m security_group_ids    = (known after apply)
      [32m+[0m[0m service_name          = "com.amazonaws.ap-southeast-1.ecr.dkr"
      [32m+[0m[0m state                 = (known after apply)
      [32m+[0m[0m subnet_ids            = (known after apply)
      [32m+[0m[0m tags                  = {
          [32m+[0m[0m "Name" = "VPC-Id-vpc-0e535d1dbdfc5d4e7-ecr_dkr"
        }
      [32m+[0m[0m tags_all              = {
          [32m+[0m[0m "Name" = "VPC-Id-vpc-0e535d1dbdfc5d4e7-ecr_dkr"
        }
      [32m+[0m[0m vpc_endpoint_type     = "Interface"
      [32m+[0m[0m vpc_id                = "vpc-0e535d1dbdfc5d4e7"
    }

[1m  # module.vpc_endpoints_ap_southeast_1.aws_vpc_endpoint.ecr_dkr["vpc-8481afe3"][0m will be created
[0m  [32m+[0m[0m resource "aws_vpc_endpoint" "ecr_dkr" {
      [32m+[0m[0m arn                   = (known after apply)
      [32m+[0m[0m auto_accept           = true
      [32m+[0m[0m cidr_blocks           = (known after apply)
      [32m+[0m[0m dns_entry             = (known after apply)
      [32m+[0m[0m id                    = (known after apply)
      [32m+[0m[0m ip_address_type       = (known after apply)
      [32m+[0m[0m network_interface_ids = (known after apply)
      [32m+[0m[0m owner_id              = (known after apply)
      [32m+[0m[0m policy                = (known after apply)
      [32m+[0m[0m prefix_list_id        = (known after apply)
      [32m+[0m[0m private_dns_enabled   = (known after apply)
      [32m+[0m[0m requester_managed     = (known after apply)
      [32m+[0m[0m route_table_ids       = (known after apply)
      [32m+[0m[0m security_group_ids    = (known after apply)
      [32m+[0m[0m service_name          = "com.amazonaws.ap-southeast-1.ecr.dkr"
      [32m+[0m[0m state                 = (known after apply)
      [32m+[0m[0m subnet_ids            = (known after apply)
      [32m+[0m[0m tags                  = {
          [32m+[0m[0m "Name" = "VPC-Id-vpc-8481afe3-ecr_dkr"
        }
      [32m+[0m[0m tags_all              = {
          [32m+[0m[0m "Name" = "VPC-Id-vpc-8481afe3-ecr_dkr"
        }
      [32m+[0m[0m vpc_endpoint_type     = "Interface"
      [32m+[0m[0m vpc_id                = "vpc-8481afe3"
    }

[1m  # module.vpc_endpoints_ap_southeast_1.aws_vpc_endpoint.lambda["vpc-004a377b92163bec0"][0m will be created
[0m  [32m+[0m[0m resource "aws_vpc_endpoint" "lambda" {
      [32m+[0m[0m arn                   = (known after apply)
      [32m+[0m[0m auto_accept           = true
      [32m+[0m[0m cidr_blocks           = (known after apply)
      [32m+[0m[0m dns_entry             = (known after apply)
      [32m+[0m[0m id                    = (known after apply)
      [32m+[0m[0m ip_address_type       = (known after apply)
      [32m+[0m[0m network_interface_ids = (known after apply)
      [32m+[0m[0m owner_id              = (known after apply)
      [32m+[0m[0m policy                = (known after apply)
      [32m+[0m[0m prefix_list_id        = (known after apply)
      [32m+[0m[0m private_dns_enabled   = (known after apply)
      [32m+[0m[0m requester_managed     = (known after apply)
      [32m+[0m[0m route_table_ids       = (known after apply)
      [32m+[0m[0m security_group_ids    = (known after apply)
      [32m+[0m[0m service_name          = "com.amazonaws.ap-southeast-1.lambda"
      [32m+[0m[0m state                 = (known after apply)
      [32m+[0m[0m subnet_ids            = (known after apply)
      [32m+[0m[0m tags                  = {
          [32m+[0m[0m "Name" = "VPC-Id-vpc-004a377b92163bec0-lambda"
        }
      [32m+[0m[0m tags_all              = {
          [32m+[0m[0m "Name" = "VPC-Id-vpc-004a377b92163bec0-lambda"
        }
      [32m+[0m[0m vpc_endpoint_type     = "Interface"
      [32m+[0m[0m vpc_id                = "vpc-004a377b92163bec0"
    }

[1m  # module.vpc_endpoints_ap_southeast_1.aws_vpc_endpoint.lambda["vpc-018f374d4d2269e9b"][0m will be created
[0m  [32m+[0m[0m resource "aws_vpc_endpoint" "lambda" {
      [32m+[0m[0m arn                   = (known after apply)
      [32m+[0m[0m auto_accept           = true
      [32m+[0m[0m cidr_blocks           = (known after apply)
      [32m+[0m[0m dns_entry             = (known after apply)
      [32m+[0m[0m id                    = (known after apply)
      [32m+[0m[0m ip_address_type       = (known after apply)
      [32m+[0m[0m network_interface_ids = (known after apply)
      [32m+[0m[0m owner_id              = (known after apply)
      [32m+[0m[0m policy                = (known after apply)
      [32m+[0m[0m prefix_list_id        = (known after apply)
      [32m+[0m[0m private_dns_enabled   = (known after apply)
      [32m+[0m[0m requester_managed     = (known after apply)
      [32m+[0m[0m route_table_ids       = (known after apply)
      [32m+[0m[0m security_group_ids    = (known after apply)
      [32m+[0m[0m service_name          = "com.amazonaws.ap-southeast-1.lambda"
      [32m+[0m[0m state                 = (known after apply)
      [32m+[0m[0m subnet_ids            = (known after apply)
      [32m+[0m[0m tags                  = {
          [32m+[0m[0m "Name" = "VPC-Id-vpc-018f374d4d2269e9b-lambda"
        }
      [32m+[0m[0m tags_all              = {
          [32m+[0m[0m "Name" = "VPC-Id-vpc-018f374d4d2269e9b-lambda"
        }
      [32m+[0m[0m vpc_endpoint_type     = "Interface"
      [32m+[0m[0m vpc_id                = "vpc-018f374d4d2269e9b"
    }

[1m  # module.vpc_endpoints_ap_southeast_1.aws_vpc_endpoint.lambda["vpc-02f15860069647990"][0m will be created
[0m  [32m+[0m[0m resource "aws_vpc_endpoint" "lambda" {
      [32m+[0m[0m arn                   = (known after apply)
      [32m+[0m[0m auto_accept           = true
      [32m+[0m[0m cidr_blocks           = (known after apply)
      [32m+[0m[0m dns_entry             = (known after apply)
      [32m+[0m[0m id                    = (known after apply)
      [32m+[0m[0m ip_address_type       = (known after apply)
      [32m+[0m[0m network_interface_ids = (known after apply)
      [32m+[0m[0m owner_id              = (known after apply)
      [32m+[0m[0m policy                = (known after apply)
      [32m+[0m[0m prefix_list_id        = (known after apply)
      [32m+[0m[0m private_dns_enabled   = (known after apply)
      [32m+[0m[0m requester_managed     = (known after apply)
      [32m+[0m[0m route_table_ids       = (known after apply)
      [32m+[0m[0m security_group_ids    = (known after apply)
      [32m+[0m[0m service_name          = "com.amazonaws.ap-southeast-1.lambda"
      [32m+[0m[0m state                 = (known after apply)
      [32m+[0m[0m subnet_ids            = (known after apply)
      [32m+[0m[0m tags                  = {
          [32m+[0m[0m "Name" = "VPC-Id-vpc-02f15860069647990-lambda"
        }
      [32m+[0m[0m tags_all              = {
          [32m+[0m[0m "Name" = "VPC-Id-vpc-02f15860069647990-lambda"
        }
      [32m+[0m[0m vpc_endpoint_type     = "Interface"
      [32m+[0m[0m vpc_id                = "vpc-02f15860069647990"
    }

[1m  # module.vpc_endpoints_ap_southeast_1.aws_vpc_endpoint.lambda["vpc-0379fdb17072f4036"][0m will be created
[0m  [32m+[0m[0m resource "aws_vpc_endpoint" "lambda" {
      [32m+[0m[0m arn                   = (known after apply)
      [32m+[0m[0m auto_accept           = true
      [32m+[0m[0m cidr_blocks           = (known after apply)
      [32m+[0m[0m dns_entry             = (known after apply)
      [32m+[0m[0m id                    = (known after apply)
      [32m+[0m[0m ip_address_type       = (known after apply)
      [32m+[0m[0m network_interface_ids = (known after apply)
      [32m+[0m[0m owner_id              = (known after apply)
      [32m+[0m[0m policy                = (known after apply)
      [32m+[0m[0m prefix_list_id        = (known after apply)
      [32m+[0m[0m private_dns_enabled   = (known after apply)
      [32m+[0m[0m requester_managed     = (known after apply)
      [32m+[0m[0m route_table_ids       = (known after apply)
      [32m+[0m[0m security_group_ids    = (known after apply)
      [32m+[0m[0m service_name          = "com.amazonaws.ap-southeast-1.lambda"
      [32m+[0m[0m state                 = (known after apply)
      [32m+[0m[0m subnet_ids            = (known after apply)
      [32m+[0m[0m tags                  = {
          [32m+[0m[0m "Name" = "VPC-Id-vpc-0379fdb17072f4036-lambda"
        }
      [32m+[0m[0m tags_all              = {
          [32m+[0m[0m "Name" = "VPC-Id-vpc-0379fdb17072f4036-lambda"
        }
      [32m+[0m[0m vpc_endpoint_type     = "Interface"
      [32m+[0m[0m vpc_id                = "vpc-0379fdb17072f4036"
    }

[1m  # module.vpc_endpoints_ap_southeast_1.aws_vpc_endpoint.lambda["vpc-038e9a438ab205c10"][0m will be created
[0m  [32m+[0m[0m resource "aws_vpc_endpoint" "lambda" {
      [32m+[0m[0m arn                   = (known after apply)
      [32m+[0m[0m auto_accept           = true
      [32m+[0m[0m cidr_blocks           = (known after apply)
      [32m+[0m[0m dns_entry             = (known after apply)
      [32m+[0m[0m id                    = (known after apply)
      [32m+[0m[0m ip_address_type       = (known after apply)
      [32m+[0m[0m network_interface_ids = (known after apply)
      [32m+[0m[0m owner_id              = (known after apply)
      [32m+[0m[0m policy                = (known after apply)
      [32m+[0m[0m prefix_list_id        = (known after apply)
      [32m+[0m[0m private_dns_enabled   = (known after apply)
      [32m+[0m[0m requester_managed     = (known after apply)
      [32m+[0m[0m route_table_ids       = (known after apply)
      [32m+[0m[0m security_group_ids    = (known after apply)
      [32m+[0m[0m service_name          = "com.amazonaws.ap-southeast-1.lambda"
      [32m+[0m[0m state                 = (known after apply)
      [32m+[0m[0m subnet_ids            = (known after apply)
      [32m+[0m[0m tags                  = {
          [32m+[0m[0m "Name" = "VPC-Id-vpc-038e9a438ab205c10-lambda"
        }
      [32m+[0m[0m tags_all              = {
          [32m+[0m[0m "Name" = "VPC-Id-vpc-038e9a438ab205c10-lambda"
        }
      [32m+[0m[0m vpc_endpoint_type     = "Interface"
      [32m+[0m[0m vpc_id                = "vpc-038e9a438ab205c10"
    }

[1m  # module.vpc_endpoints_ap_southeast_1.aws_vpc_endpoint.lambda["vpc-0434c079d71746cb3"][0m will be created
[0m  [32m+[0m[0m resource "aws_vpc_endpoint" "lambda" {
      [32m+[0m[0m arn                   = (known after apply)
      [32m+[0m[0m auto_accept           = true
      [32m+[0m[0m cidr_blocks           = (known after apply)
      [32m+[0m[0m dns_entry             = (known after apply)
      [32m+[0m[0m id                    = (known after apply)
      [32m+[0m[0m ip_address_type       = (known after apply)
      [32m+[0m[0m network_interface_ids = (known after apply)
      [32m+[0m[0m owner_id              = (known after apply)
      [32m+[0m[0m policy                = (known after apply)
      [32m+[0m[0m prefix_list_id        = (known after apply)
      [32m+[0m[0m private_dns_enabled   = (known after apply)
      [32m+[0m[0m requester_managed     = (known after apply)
      [32m+[0m[0m route_table_ids       = (known after apply)
      [32m+[0m[0m security_group_ids    = (known after apply)
      [32m+[0m[0m service_name          = "com.amazonaws.ap-southeast-1.lambda"
      [32m+[0m[0m state                 = (known after apply)
      [32m+[0m[0m subnet_ids            = (known after apply)
      [32m+[0m[0m tags                  = {
          [32m+[0m[0m "Name" = "VPC-Id-vpc-0434c079d71746cb3-lambda"
        }
      [32m+[0m[0m tags_all              = {
          [32m+[0m[0m "Name" = "VPC-Id-vpc-0434c079d71746cb3-lambda"
        }
      [32m+[0m[0m vpc_endpoint_type     = "Interface"
      [32m+[0m[0m vpc_id                = "vpc-0434c079d71746cb3"
    }

[1m  # module.vpc_endpoints_ap_southeast_1.aws_vpc_endpoint.lambda["vpc-063ed0302d264fdff"][0m will be created
[0m  [32m+[0m[0m resource "aws_vpc_endpoint" "lambda" {
      [32m+[0m[0m arn                   = (known after apply)
      [32m+[0m[0m auto_accept           = true
      [32m+[0m[0m cidr_blocks           = (known after apply)
      [32m+[0m[0m dns_entry             = (known after apply)
      [32m+[0m[0m id                    = (known after apply)
      [32m+[0m[0m ip_address_type       = (known after apply)
      [32m+[0m[0m network_interface_ids = (known after apply)
      [32m+[0m[0m owner_id              = (known after apply)
      [32m+[0m[0m policy                = (known after apply)
      [32m+[0m[0m prefix_list_id        = (known after apply)
      [32m+[0m[0m private_dns_enabled   = (known after apply)
      [32m+[0m[0m requester_managed     = (known after apply)
      [32m+[0m[0m route_table_ids       = (known after apply)
      [32m+[0m[0m security_group_ids    = (known after apply)
      [32m+[0m[0m service_name          = "com.amazonaws.ap-southeast-1.lambda"
      [32m+[0m[0m state                 = (known after apply)
      [32m+[0m[0m subnet_ids            = (known after apply)
      [32m+[0m[0m tags                  = {
          [32m+[0m[0m "Name" = "VPC-Id-vpc-063ed0302d264fdff-lambda"
        }
      [32m+[0m[0m tags_all              = {
          [32m+[0m[0m "Name" = "VPC-Id-vpc-063ed0302d264fdff-lambda"
        }
      [32m+[0m[0m vpc_endpoint_type     = "Interface"
      [32m+[0m[0m vpc_id                = "vpc-063ed0302d264fdff"
    }

[1m  # module.vpc_endpoints_ap_southeast_1.aws_vpc_endpoint.lambda["vpc-069564656011acce9"][0m will be created
[0m  [32m+[0m[0m resource "aws_vpc_endpoint" "lambda" {
      [32m+[0m[0m arn                   = (known after apply)
      [32m+[0m[0m auto_accept           = true
      [32m+[0m[0m cidr_blocks           = (known after apply)
      [32m+[0m[0m dns_entry             = (known after apply)
      [32m+[0m[0m id                    = (known after apply)
      [32m+[0m[0m ip_address_type       = (known after apply)
      [32m+[0m[0m network_interface_ids = (known after apply)
      [32m+[0m[0m owner_id              = (known after apply)
      [32m+[0m[0m policy                = (known after apply)
      [32m+[0m[0m prefix_list_id        = (known after apply)
      [32m+[0m[0m private_dns_enabled   = (known after apply)
      [32m+[0m[0m requester_managed     = (known after apply)
      [32m+[0m[0m route_table_ids       = (known after apply)
      [32m+[0m[0m security_group_ids    = (known after apply)
      [32m+[0m[0m service_name          = "com.amazonaws.ap-southeast-1.lambda"
      [32m+[0m[0m state                 = (known after apply)
      [32m+[0m[0m subnet_ids            = (known after apply)
      [32m+[0m[0m tags                  = {
          [32m+[0m[0m "Name" = "VPC-Id-vpc-069564656011acce9-lambda"
        }
      [32m+[0m[0m tags_all              = {
          [32m+[0m[0m "Name" = "VPC-Id-vpc-069564656011acce9-lambda"
        }
      [32m+[0m[0m vpc_endpoint_type     = "Interface"
      [32m+[0m[0m vpc_id                = "vpc-069564656011acce9"
    }

[1m  # module.vpc_endpoints_ap_southeast_1.aws_vpc_endpoint.lambda["vpc-06e12140e5b9511a9"][0m will be created
[0m  [32m+[0m[0m resource "aws_vpc_endpoint" "lambda" {
      [32m+[0m[0m arn                   = (known after apply)
      [32m+[0m[0m auto_accept           = true
      [32m+[0m[0m cidr_blocks           = (known after apply)
      [32m+[0m[0m dns_entry             = (known after apply)
      [32m+[0m[0m id                    = (known after apply)
      [32m+[0m[0m ip_address_type       = (known after apply)
      [32m+[0m[0m network_interface_ids = (known after apply)
      [32m+[0m[0m owner_id              = (known after apply)
      [32m+[0m[0m policy                = (known after apply)
      [32m+[0m[0m prefix_list_id        = (known after apply)
      [32m+[0m[0m private_dns_enabled   = (known after apply)
      [32m+[0m[0m requester_managed     = (known after apply)
      [32m+[0m[0m route_table_ids       = (known after apply)
      [32m+[0m[0m security_group_ids    = (known after apply)
      [32m+[0m[0m service_name          = "com.amazonaws.ap-southeast-1.lambda"
      [32m+[0m[0m state                 = (known after apply)
      [32m+[0m[0m subnet_ids            = (known after apply)
      [32m+[0m[0m tags                  = {
          [32m+[0m[0m "Name" = "VPC-Id-vpc-06e12140e5b9511a9-lambda"
        }
      [32m+[0m[0m tags_all              = {
          [32m+[0m[0m "Name" = "VPC-Id-vpc-06e12140e5b9511a9-lambda"
        }
      [32m+[0m[0m vpc_endpoint_type     = "Interface"
      [32m+[0m[0m vpc_id                = "vpc-06e12140e5b9511a9"
    }

[1m  # module.vpc_endpoints_ap_southeast_1.aws_vpc_endpoint.lambda["vpc-06f17a82690ae6451"][0m will be created
[0m  [32m+[0m[0m resource "aws_vpc_endpoint" "lambda" {
      [32m+[0m[0m arn                   = (known after apply)
      [32m+[0m[0m auto_accept           = true
      [32m+[0m[0m cidr_blocks           = (known after apply)
      [32m+[0m[0m dns_entry             = (known after apply)
      [32m+[0m[0m id                    = (known after apply)
      [32m+[0m[0m ip_address_type       = (known after apply)
      [32m+[0m[0m network_interface_ids = (known after apply)
      [32m+[0m[0m owner_id              = (known after apply)
      [32m+[0m[0m policy                = (known after apply)
      [32m+[0m[0m prefix_list_id        = (known after apply)
      [32m+[0m[0m private_dns_enabled   = (known after apply)
      [32m+[0m[0m requester_managed     = (known after apply)
      [32m+[0m[0m route_table_ids       = (known after apply)
      [32m+[0m[0m security_group_ids    = (known after apply)
      [32m+[0m[0m service_name          = "com.amazonaws.ap-southeast-1.lambda"
      [32m+[0m[0m state                 = (known after apply)
      [32m+[0m[0m subnet_ids            = (known after apply)
      [32m+[0m[0m tags                  = {
          [32m+[0m[0m "Name" = "VPC-Id-vpc-06f17a82690ae6451-lambda"
        }
      [32m+[0m[0m tags_all              = {
          [32m+[0m[0m "Name" = "VPC-Id-vpc-06f17a82690ae6451-lambda"
        }
      [32m+[0m[0m vpc_endpoint_type     = "Interface"
      [32m+[0m[0m vpc_id                = "vpc-06f17a82690ae6451"
    }

[1m  # module.vpc_endpoints_ap_southeast_1.aws_vpc_endpoint.lambda["vpc-086f357147014f9a7"][0m will be created
[0m  [32m+[0m[0m resource "aws_vpc_endpoint" "lambda" {
      [32m+[0m[0m arn                   = (known after apply)
      [32m+[0m[0m auto_accept           = true
      [32m+[0m[0m cidr_blocks           = (known after apply)
      [32m+[0m[0m dns_entry             = (known after apply)
      [32m+[0m[0m id                    = (known after apply)
      [32m+[0m[0m ip_address_type       = (known after apply)
      [32m+[0m[0m network_interface_ids = (known after apply)
      [32m+[0m[0m owner_id              = (known after apply)
      [32m+[0m[0m policy                = (known after apply)
      [32m+[0m[0m prefix_list_id        = (known after apply)
      [32m+[0m[0m private_dns_enabled   = (known after apply)
      [32m+[0m[0m requester_managed     = (known after apply)
      [32m+[0m[0m route_table_ids       = (known after apply)
      [32m+[0m[0m security_group_ids    = (known after apply)
      [32m+[0m[0m service_name          = "com.amazonaws.ap-southeast-1.lambda"
      [32m+[0m[0m state                 = (known after apply)
      [32m+[0m[0m subnet_ids            = (known after apply)
      [32m+[0m[0m tags                  = {
          [32m+[0m[0m "Name" = "VPC-Id-vpc-086f357147014f9a7-lambda"
        }
      [32m+[0m[0m tags_all              = {
          [32m+[0m[0m "Name" = "VPC-Id-vpc-086f357147014f9a7-lambda"
        }
      [32m+[0m[0m vpc_endpoint_type     = "Interface"
      [32m+[0m[0m vpc_id                = "vpc-086f357147014f9a7"
    }

[1m  # module.vpc_endpoints_ap_southeast_1.aws_vpc_endpoint.lambda["vpc-0873c29cd655a75b0"][0m will be created
[0m  [32m+[0m[0m resource "aws_vpc_endpoint" "lambda" {
      [32m+[0m[0m arn                   = (known after apply)
      [32m+[0m[0m auto_accept           = true
      [32m+[0m[0m cidr_blocks           = (known after apply)
      [32m+[0m[0m dns_entry             = (known after apply)
      [32m+[0m[0m id                    = (known after apply)
      [32m+[0m[0m ip_address_type       = (known after apply)
      [32m+[0m[0m network_interface_ids = (known after apply)
      [32m+[0m[0m owner_id              = (known after apply)
      [32m+[0m[0m policy                = (known after apply)
      [32m+[0m[0m prefix_list_id        = (known after apply)
      [32m+[0m[0m private_dns_enabled   = (known after apply)
      [32m+[0m[0m requester_managed     = (known after apply)
      [32m+[0m[0m route_table_ids       = (known after apply)
      [32m+[0m[0m security_group_ids    = (known after apply)
      [32m+[0m[0m service_name          = "com.amazonaws.ap-southeast-1.lambda"
      [32m+[0m[0m state                 = (known after apply)
      [32m+[0m[0m subnet_ids            = (known after apply)
      [32m+[0m[0m tags                  = {
          [32m+[0m[0m "Name" = "VPC-Id-vpc-0873c29cd655a75b0-lambda"
        }
      [32m+[0m[0m tags_all              = {
          [32m+[0m[0m "Name" = "VPC-Id-vpc-0873c29cd655a75b0-lambda"
        }
      [32m+[0m[0m vpc_endpoint_type     = "Interface"
      [32m+[0m[0m vpc_id                = "vpc-0873c29cd655a75b0"
    }

[1m  # module.vpc_endpoints_ap_southeast_1.aws_vpc_endpoint.lambda["vpc-0b0d7d0e4a67ed700"][0m will be created
[0m  [32m+[0m[0m resource "aws_vpc_endpoint" "lambda" {
      [32m+[0m[0m arn                   = (known after apply)
      [32m+[0m[0m auto_accept           = true
      [32m+[0m[0m cidr_blocks           = (known after apply)
      [32m+[0m[0m dns_entry             = (known after apply)
      [32m+[0m[0m id                    = (known after apply)
      [32m+[0m[0m ip_address_type       = (known after apply)
      [32m+[0m[0m network_interface_ids = (known after apply)
      [32m+[0m[0m owner_id              = (known after apply)
      [32m+[0m[0m policy                = (known after apply)
      [32m+[0m[0m prefix_list_id        = (known after apply)
      [32m+[0m[0m private_dns_enabled   = (known after apply)
      [32m+[0m[0m requester_managed     = (known after apply)
      [32m+[0m[0m route_table_ids       = (known after apply)
      [32m+[0m[0m security_group_ids    = (known after apply)
      [32m+[0m[0m service_name          = "com.amazonaws.ap-southeast-1.lambda"
      [32m+[0m[0m state                 = (known after apply)
      [32m+[0m[0m subnet_ids            = (known after apply)
      [32m+[0m[0m tags                  = {
          [32m+[0m[0m "Name" = "VPC-Id-vpc-0b0d7d0e4a67ed700-lambda"
        }
      [32m+[0m[0m tags_all              = {
          [32m+[0m[0m "Name" = "VPC-Id-vpc-0b0d7d0e4a67ed700-lambda"
        }
      [32m+[0m[0m vpc_endpoint_type     = "Interface"
      [32m+[0m[0m vpc_id                = "vpc-0b0d7d0e4a67ed700"
    }

[1m  # module.vpc_endpoints_ap_southeast_1.aws_vpc_endpoint.lambda["vpc-0ddcc7a1401565ac5"][0m will be created
[0m  [32m+[0m[0m resource "aws_vpc_endpoint" "lambda" {
      [32m+[0m[0m arn                   = (known after apply)
      [32m+[0m[0m auto_accept           = true
      [32m+[0m[0m cidr_blocks           = (known after apply)
      [32m+[0m[0m dns_entry             = (known after apply)
      [32m+[0m[0m id                    = (known after apply)
      [32m+[0m[0m ip_address_type       = (known after apply)
      [32m+[0m[0m network_interface_ids = (known after apply)
      [32m+[0m[0m owner_id              = (known after apply)
      [32m+[0m[0m policy                = (known after apply)
      [32m+[0m[0m prefix_list_id        = (known after apply)
      [32m+[0m[0m private_dns_enabled   = (known after apply)
      [32m+[0m[0m requester_managed     = (known after apply)
      [32m+[0m[0m route_table_ids       = (known after apply)
      [32m+[0m[0m security_group_ids    = (known after apply)
      [32m+[0m[0m service_name          = "com.amazonaws.ap-southeast-1.lambda"
      [32m+[0m[0m state                 = (known after apply)
      [32m+[0m[0m subnet_ids            = (known after apply)
      [32m+[0m[0m tags                  = {
          [32m+[0m[0m "Name" = "VPC-Id-vpc-0ddcc7a1401565ac5-lambda"
        }
      [32m+[0m[0m tags_all              = {
          [32m+[0m[0m "Name" = "VPC-Id-vpc-0ddcc7a1401565ac5-lambda"
        }
      [32m+[0m[0m vpc_endpoint_type     = "Interface"
      [32m+[0m[0m vpc_id                = "vpc-0ddcc7a1401565ac5"
    }

[1m  # module.vpc_endpoints_ap_southeast_1.aws_vpc_endpoint.lambda["vpc-0e535d1dbdfc5d4e7"][0m will be created
[0m  [32m+[0m[0m resource "aws_vpc_endpoint" "lambda" {
      [32m+[0m[0m arn                   = (known after apply)
      [32m+[0m[0m auto_accept           = true
      [32m+[0m[0m cidr_blocks           = (known after apply)
      [32m+[0m[0m dns_entry             = (known after apply)
      [32m+[0m[0m id                    = (known after apply)
      [32m+[0m[0m ip_address_type       = (known after apply)
      [32m+[0m[0m network_interface_ids = (known after apply)
      [32m+[0m[0m owner_id              = (known after apply)
      [32m+[0m[0m policy                = (known after apply)
      [32m+[0m[0m prefix_list_id        = (known after apply)
      [32m+[0m[0m private_dns_enabled   = (known after apply)
      [32m+[0m[0m requester_managed     = (known after apply)
      [32m+[0m[0m route_table_ids       = (known after apply)
      [32m+[0m[0m security_group_ids    = (known after apply)
      [32m+[0m[0m service_name          = "com.amazonaws.ap-southeast-1.lambda"
      [32m+[0m[0m state                 = (known after apply)
      [32m+[0m[0m subnet_ids            = (known after apply)
      [32m+[0m[0m tags                  = {
          [32m+[0m[0m "Name" = "VPC-Id-vpc-0e535d1dbdfc5d4e7-lambda"
        }
      [32m+[0m[0m tags_all              = {
          [32m+[0m[0m "Name" = "VPC-Id-vpc-0e535d1dbdfc5d4e7-lambda"
        }
      [32m+[0m[0m vpc_endpoint_type     = "Interface"
      [32m+[0m[0m vpc_id                = "vpc-0e535d1dbdfc5d4e7"
    }

[1m  # module.vpc_endpoints_ap_southeast_1.aws_vpc_endpoint.lambda["vpc-8481afe3"][0m will be created
[0m  [32m+[0m[0m resource "aws_vpc_endpoint" "lambda" {
      [32m+[0m[0m arn                   = (known after apply)
      [32m+[0m[0m auto_accept           = true
      [32m+[0m[0m cidr_blocks           = (known after apply)
      [32m+[0m[0m dns_entry             = (known after apply)
      [32m+[0m[0m id                    = (known after apply)
      [32m+[0m[0m ip_address_type       = (known after apply)
      [32m+[0m[0m network_interface_ids = (known after apply)
      [32m+[0m[0m owner_id              = (known after apply)
      [32m+[0m[0m policy                = (known after apply)
      [32m+[0m[0m prefix_list_id        = (known after apply)
      [32m+[0m[0m private_dns_enabled   = (known after apply)
      [32m+[0m[0m requester_managed     = (known after apply)
      [32m+[0m[0m route_table_ids       = (known after apply)
      [32m+[0m[0m security_group_ids    = (known after apply)
      [32m+[0m[0m service_name          = "com.amazonaws.ap-southeast-1.lambda"
      [32m+[0m[0m state                 = (known after apply)
      [32m+[0m[0m subnet_ids            = (known after apply)
      [32m+[0m[0m tags                  = {
          [32m+[0m[0m "Name" = "VPC-Id-vpc-8481afe3-lambda"
        }
      [32m+[0m[0m tags_all              = {
          [32m+[0m[0m "Name" = "VPC-Id-vpc-8481afe3-lambda"
        }
      [32m+[0m[0m vpc_endpoint_type     = "Interface"
      [32m+[0m[0m vpc_id                = "vpc-8481afe3"
    }

[1m  # module.vpc_endpoints_ap_southeast_1.aws_vpc_endpoint.s3["vpc-004a377b92163bec0"][0m will be created
[0m  [32m+[0m[0m resource "aws_vpc_endpoint" "s3" {
      [32m+[0m[0m arn                   = (known after apply)
      [32m+[0m[0m cidr_blocks           = (known after apply)
      [32m+[0m[0m dns_entry             = (known after apply)
      [32m+[0m[0m id                    = (known after apply)
      [32m+[0m[0m ip_address_type       = (known after apply)
      [32m+[0m[0m network_interface_ids = (known after apply)
      [32m+[0m[0m owner_id              = (known after apply)
      [32m+[0m[0m policy                = (known after apply)
      [32m+[0m[0m prefix_list_id        = (known after apply)
      [32m+[0m[0m private_dns_enabled   = (known after apply)
      [32m+[0m[0m requester_managed     = (known after apply)
      [32m+[0m[0m route_table_ids       = (known after apply)
      [32m+[0m[0m security_group_ids    = (known after apply)
      [32m+[0m[0m service_name          = "com.amazonaws.ap-southeast-1.s3"
      [32m+[0m[0m state                 = (known after apply)
      [32m+[0m[0m subnet_ids            = (known after apply)
      [32m+[0m[0m tags                  = {
          [32m+[0m[0m "Name" = "VPC-Id-vpc-004a377b92163bec0-s3"
        }
      [32m+[0m[0m tags_all              = {
          [32m+[0m[0m "Name" = "VPC-Id-vpc-004a377b92163bec0-s3"
        }
      [32m+[0m[0m vpc_endpoint_type     = "Gateway"
      [32m+[0m[0m vpc_id                = "vpc-004a377b92163bec0"
    }

[1m  # module.vpc_endpoints_ap_southeast_1.aws_vpc_endpoint.s3["vpc-018f374d4d2269e9b"][0m will be created
[0m  [32m+[0m[0m resource "aws_vpc_endpoint" "s3" {
      [32m+[0m[0m arn                   = (known after apply)
      [32m+[0m[0m cidr_blocks           = (known after apply)
      [32m+[0m[0m dns_entry             = (known after apply)
      [32m+[0m[0m id                    = (known after apply)
      [32m+[0m[0m ip_address_type       = (known after apply)
      [32m+[0m[0m network_interface_ids = (known after apply)
      [32m+[0m[0m owner_id              = (known after apply)
      [32m+[0m[0m policy                = (known after apply)
      [32m+[0m[0m prefix_list_id        = (known after apply)
      [32m+[0m[0m private_dns_enabled   = (known after apply)
      [32m+[0m[0m requester_managed     = (known after apply)
      [32m+[0m[0m route_table_ids       = (known after apply)
      [32m+[0m[0m security_group_ids    = (known after apply)
      [32m+[0m[0m service_name          = "com.amazonaws.ap-southeast-1.s3"
      [32m+[0m[0m state                 = (known after apply)
      [32m+[0m[0m subnet_ids            = (known after apply)
      [32m+[0m[0m tags                  = {
          [32m+[0m[0m "Name" = "VPC-Id-vpc-018f374d4d2269e9b-s3"
        }
      [32m+[0m[0m tags_all              = {
          [32m+[0m[0m "Name" = "VPC-Id-vpc-018f374d4d2269e9b-s3"
        }
      [32m+[0m[0m vpc_endpoint_type     = "Gateway"
      [32m+[0m[0m vpc_id                = "vpc-018f374d4d2269e9b"
    }

[1m  # module.vpc_endpoints_ap_southeast_1.aws_vpc_endpoint.s3["vpc-02f15860069647990"][0m will be created
[0m  [32m+[0m[0m resource "aws_vpc_endpoint" "s3" {
      [32m+[0m[0m arn                   = (known after apply)
      [32m+[0m[0m cidr_blocks           = (known after apply)
      [32m+[0m[0m dns_entry             = (known after apply)
      [32m+[0m[0m id                    = (known after apply)
      [32m+[0m[0m ip_address_type       = (known after apply)
      [32m+[0m[0m network_interface_ids = (known after apply)
      [32m+[0m[0m owner_id              = (known after apply)
      [32m+[0m[0m policy                = (known after apply)
      [32m+[0m[0m prefix_list_id        = (known after apply)
      [32m+[0m[0m private_dns_enabled   = (known after apply)
      [32m+[0m[0m requester_managed     = (known after apply)
      [32m+[0m[0m route_table_ids       = (known after apply)
      [32m+[0m[0m security_group_ids    = (known after apply)
      [32m+[0m[0m service_name          = "com.amazonaws.ap-southeast-1.s3"
      [32m+[0m[0m state                 = (known after apply)
      [32m+[0m[0m subnet_ids            = (known after apply)
      [32m+[0m[0m tags                  = {
          [32m+[0m[0m "Name" = "VPC-Id-vpc-02f15860069647990-s3"
        }
      [32m+[0m[0m tags_all              = {
          [32m+[0m[0m "Name" = "VPC-Id-vpc-02f15860069647990-s3"
        }
      [32m+[0m[0m vpc_endpoint_type     = "Gateway"
      [32m+[0m[0m vpc_id                = "vpc-02f15860069647990"
    }

[1m  # module.vpc_endpoints_ap_southeast_1.aws_vpc_endpoint.s3["vpc-0379fdb17072f4036"][0m will be created
[0m  [32m+[0m[0m resource "aws_vpc_endpoint" "s3" {
      [32m+[0m[0m arn                   = (known after apply)
      [32m+[0m[0m cidr_blocks           = (known after apply)
      [32m+[0m[0m dns_entry             = (known after apply)
      [32m+[0m[0m id                    = (known after apply)
      [32m+[0m[0m ip_address_type       = (known after apply)
      [32m+[0m[0m network_interface_ids = (known after apply)
      [32m+[0m[0m owner_id              = (known after apply)
      [32m+[0m[0m policy                = (known after apply)
      [32m+[0m[0m prefix_list_id        = (known after apply)
      [32m+[0m[0m private_dns_enabled   = (known after apply)
      [32m+[0m[0m requester_managed     = (known after apply)
      [32m+[0m[0m route_table_ids       = (known after apply)
      [32m+[0m[0m security_group_ids    = (known after apply)
      [32m+[0m[0m service_name          = "com.amazonaws.ap-southeast-1.s3"
      [32m+[0m[0m state                 = (known after apply)
      [32m+[0m[0m subnet_ids            = (known after apply)
      [32m+[0m[0m tags                  = {
          [32m+[0m[0m "Name" = "VPC-Id-vpc-0379fdb17072f4036-s3"
        }
      [32m+[0m[0m tags_all              = {
          [32m+[0m[0m "Name" = "VPC-Id-vpc-0379fdb17072f4036-s3"
        }
      [32m+[0m[0m vpc_endpoint_type     = "Gateway"
      [32m+[0m[0m vpc_id                = "vpc-0379fdb17072f4036"
    }

[1m  # module.vpc_endpoints_ap_southeast_1.aws_vpc_endpoint.s3["vpc-038e9a438ab205c10"][0m will be created
[0m  [32m+[0m[0m resource "aws_vpc_endpoint" "s3" {
      [32m+[0m[0m arn                   = (known after apply)
      [32m+[0m[0m cidr_blocks           = (known after apply)
      [32m+[0m[0m dns_entry             = (known after apply)
      [32m+[0m[0m id                    = (known after apply)
      [32m+[0m[0m ip_address_type       = (known after apply)
      [32m+[0m[0m network_interface_ids = (known after apply)
      [32m+[0m[0m owner_id              = (known after apply)
      [32m+[0m[0m policy                = (known after apply)
      [32m+[0m[0m prefix_list_id        = (known after apply)
      [32m+[0m[0m private_dns_enabled   = (known after apply)
      [32m+[0m[0m requester_managed     = (known after apply)
      [32m+[0m[0m route_table_ids       = (known after apply)
      [32m+[0m[0m security_group_ids    = (known after apply)
      [32m+[0m[0m service_name          = "com.amazonaws.ap-southeast-1.s3"
      [32m+[0m[0m state                 = (known after apply)
      [32m+[0m[0m subnet_ids            = (known after apply)
      [32m+[0m[0m tags                  = {
          [32m+[0m[0m "Name" = "VPC-Id-vpc-038e9a438ab205c10-s3"
        }
      [32m+[0m[0m tags_all              = {
          [32m+[0m[0m "Name" = "VPC-Id-vpc-038e9a438ab205c10-s3"
        }
      [32m+[0m[0m vpc_endpoint_type     = "Gateway"
      [32m+[0m[0m vpc_id                = "vpc-038e9a438ab205c10"
    }

[1m  # module.vpc_endpoints_ap_southeast_1.aws_vpc_endpoint.s3["vpc-0434c079d71746cb3"][0m will be created
[0m  [32m+[0m[0m resource "aws_vpc_endpoint" "s3" {
      [32m+[0m[0m arn                   = (known after apply)
      [32m+[0m[0m cidr_blocks           = (known after apply)
      [32m+[0m[0m dns_entry             = (known after apply)
      [32m+[0m[0m id                    = (known after apply)
      [32m+[0m[0m ip_address_type       = (known after apply)
      [32m+[0m[0m network_interface_ids = (known after apply)
      [32m+[0m[0m owner_id              = (known after apply)
      [32m+[0m[0m policy                = (known after apply)
      [32m+[0m[0m prefix_list_id        = (known after apply)
      [32m+[0m[0m private_dns_enabled   = (known after apply)
      [32m+[0m[0m requester_managed     = (known after apply)
      [32m+[0m[0m route_table_ids       = (known after apply)
      [32m+[0m[0m security_group_ids    = (known after apply)
      [32m+[0m[0m service_name          = "com.amazonaws.ap-southeast-1.s3"
      [32m+[0m[0m state                 = (known after apply)
      [32m+[0m[0m subnet_ids            = (known after apply)
      [32m+[0m[0m tags                  = {
          [32m+[0m[0m "Name" = "VPC-Id-vpc-0434c079d71746cb3-s3"
        }
      [32m+[0m[0m tags_all              = {
          [32m+[0m[0m "Name" = "VPC-Id-vpc-0434c079d71746cb3-s3"
        }
      [32m+[0m[0m vpc_endpoint_type     = "Gateway"
      [32m+[0m[0m vpc_id                = "vpc-0434c079d71746cb3"
    }

[1m  # module.vpc_endpoints_ap_southeast_1.aws_vpc_endpoint.s3["vpc-063ed0302d264fdff"][0m will be created
[0m  [32m+[0m[0m resource "aws_vpc_endpoint" "s3" {
      [32m+[0m[0m arn                   = (known after apply)
      [32m+[0m[0m cidr_blocks           = (known after apply)
      [32m+[0m[0m dns_entry             = (known after apply)
      [32m+[0m[0m id                    = (known after apply)
      [32m+[0m[0m ip_address_type       = (known after apply)
      [32m+[0m[0m network_interface_ids = (known after apply)
      [32m+[0m[0m owner_id              = (known after apply)
      [32m+[0m[0m policy                = (known after apply)
      [32m+[0m[0m prefix_list_id        = (known after apply)
      [32m+[0m[0m private_dns_enabled   = (known after apply)
      [32m+[0m[0m requester_managed     = (known after apply)
      [32m+[0m[0m route_table_ids       = (known after apply)
      [32m+[0m[0m security_group_ids    = (known after apply)
      [32m+[0m[0m service_name          = "com.amazonaws.ap-southeast-1.s3"
      [32m+[0m[0m state                 = (known after apply)
      [32m+[0m[0m subnet_ids            = (known after apply)
      [32m+[0m[0m tags                  = {
          [32m+[0m[0m "Name" = "VPC-Id-vpc-063ed0302d264fdff-s3"
        }
      [32m+[0m[0m tags_all              = {
          [32m+[0m[0m "Name" = "VPC-Id-vpc-063ed0302d264fdff-s3"
        }
      [32m+[0m[0m vpc_endpoint_type     = "Gateway"
      [32m+[0m[0m vpc_id                = "vpc-063ed0302d264fdff"
    }

[1m  # module.vpc_endpoints_ap_southeast_1.aws_vpc_endpoint.s3["vpc-069564656011acce9"][0m will be created
[0m  [32m+[0m[0m resource "aws_vpc_endpoint" "s3" {
      [32m+[0m[0m arn                   = (known after apply)
      [32m+[0m[0m cidr_blocks           = (known after apply)
      [32m+[0m[0m dns_entry             = (known after apply)
      [32m+[0m[0m id                    = (known after apply)
      [32m+[0m[0m ip_address_type       = (known after apply)
      [32m+[0m[0m network_interface_ids = (known after apply)
      [32m+[0m[0m owner_id              = (known after apply)
      [32m+[0m[0m policy                = (known after apply)
      [32m+[0m[0m prefix_list_id        = (known after apply)
      [32m+[0m[0m private_dns_enabled   = (known after apply)
      [32m+[0m[0m requester_managed     = (known after apply)
      [32m+[0m[0m route_table_ids       = (known after apply)
      [32m+[0m[0m security_group_ids    = (known after apply)
      [32m+[0m[0m service_name          = "com.amazonaws.ap-southeast-1.s3"
      [32m+[0m[0m state                 = (known after apply)
      [32m+[0m[0m subnet_ids            = (known after apply)
      [32m+[0m[0m tags                  = {
          [32m+[0m[0m "Name" = "VPC-Id-vpc-069564656011acce9-s3"
        }
      [32m+[0m[0m tags_all              = {
          [32m+[0m[0m "Name" = "VPC-Id-vpc-069564656011acce9-s3"
        }
      [32m+[0m[0m vpc_endpoint_type     = "Gateway"
      [32m+[0m[0m vpc_id                = "vpc-069564656011acce9"
    }

[1m  # module.vpc_endpoints_ap_southeast_1.aws_vpc_endpoint.s3["vpc-06e12140e5b9511a9"][0m will be created
[0m  [32m+[0m[0m resource "aws_vpc_endpoint" "s3" {
      [32m+[0m[0m arn                   = (known after apply)
      [32m+[0m[0m cidr_blocks           = (known after apply)
      [32m+[0m[0m dns_entry             = (known after apply)
      [32m+[0m[0m id                    = (known after apply)
      [32m+[0m[0m ip_address_type       = (known after apply)
      [32m+[0m[0m network_interface_ids = (known after apply)
      [32m+[0m[0m owner_id              = (known after apply)
      [32m+[0m[0m policy                = (known after apply)
      [32m+[0m[0m prefix_list_id        = (known after apply)
      [32m+[0m[0m private_dns_enabled   = (known after apply)
      [32m+[0m[0m requester_managed     = (known after apply)
      [32m+[0m[0m route_table_ids       = (known after apply)
      [32m+[0m[0m security_group_ids    = (known after apply)
      [32m+[0m[0m service_name          = "com.amazonaws.ap-southeast-1.s3"
      [32m+[0m[0m state                 = (known after apply)
      [32m+[0m[0m subnet_ids            = (known after apply)
      [32m+[0m[0m tags                  = {
          [32m+[0m[0m "Name" = "VPC-Id-vpc-06e12140e5b9511a9-s3"
        }
      [32m+[0m[0m tags_all              = {
          [32m+[0m[0m "Name" = "VPC-Id-vpc-06e12140e5b9511a9-s3"
        }
      [32m+[0m[0m vpc_endpoint_type     = "Gateway"
      [32m+[0m[0m vpc_id                = "vpc-06e12140e5b9511a9"
    }

[1m  # module.vpc_endpoints_ap_southeast_1.aws_vpc_endpoint.s3["vpc-06f17a82690ae6451"][0m will be created
[0m  [32m+[0m[0m resource "aws_vpc_endpoint" "s3" {
      [32m+[0m[0m arn                   = (known after apply)
      [32m+[0m[0m cidr_blocks           = (known after apply)
      [32m+[0m[0m dns_entry             = (known after apply)
      [32m+[0m[0m id                    = (known after apply)
      [32m+[0m[0m ip_address_type       = (known after apply)
      [32m+[0m[0m network_interface_ids = (known after apply)
      [32m+[0m[0m owner_id              = (known after apply)
      [32m+[0m[0m policy                = (known after apply)
      [32m+[0m[0m prefix_list_id        = (known after apply)
      [32m+[0m[0m private_dns_enabled   = (known after apply)
      [32m+[0m[0m requester_managed     = (known after apply)
      [32m+[0m[0m route_table_ids       = (known after apply)
      [32m+[0m[0m security_group_ids    = (known after apply)
      [32m+[0m[0m service_name          = "com.amazonaws.ap-southeast-1.s3"
      [32m+[0m[0m state                 = (known after apply)
      [32m+[0m[0m subnet_ids            = (known after apply)
      [32m+[0m[0m tags                  = {
          [32m+[0m[0m "Name" = "VPC-Id-vpc-06f17a82690ae6451-s3"
        }
      [32m+[0m[0m tags_all              = {
          [32m+[0m[0m "Name" = "VPC-Id-vpc-06f17a82690ae6451-s3"
        }
      [32m+[0m[0m vpc_endpoint_type     = "Gateway"
      [32m+[0m[0m vpc_id                = "vpc-06f17a82690ae6451"
    }

[1m  # module.vpc_endpoints_ap_southeast_1.aws_vpc_endpoint.s3["vpc-086f357147014f9a7"][0m will be created
[0m  [32m+[0m[0m resource "aws_vpc_endpoint" "s3" {
      [32m+[0m[0m arn                   = (known after apply)
      [32m+[0m[0m cidr_blocks           = (known after apply)
      [32m+[0m[0m dns_entry             = (known after apply)
      [32m+[0m[0m id                    = (known after apply)
      [32m+[0m[0m ip_address_type       = (known after apply)
      [32m+[0m[0m network_interface_ids = (known after apply)
      [32m+[0m[0m owner_id              = (known after apply)
      [32m+[0m[0m policy                = (known after apply)
      [32m+[0m[0m prefix_list_id        = (known after apply)
      [32m+[0m[0m private_dns_enabled   = (known after apply)
      [32m+[0m[0m requester_managed     = (known after apply)
      [32m+[0m[0m route_table_ids       = (known after apply)
      [32m+[0m[0m security_group_ids    = (known after apply)
      [32m+[0m[0m service_name          = "com.amazonaws.ap-southeast-1.s3"
      [32m+[0m[0m state                 = (known after apply)
      [32m+[0m[0m subnet_ids            = (known after apply)
      [32m+[0m[0m tags                  = {
          [32m+[0m[0m "Name" = "VPC-Id-vpc-086f357147014f9a7-s3"
        }
      [32m+[0m[0m tags_all              = {
          [32m+[0m[0m "Name" = "VPC-Id-vpc-086f357147014f9a7-s3"
        }
      [32m+[0m[0m vpc_endpoint_type     = "Gateway"
      [32m+[0m[0m vpc_id                = "vpc-086f357147014f9a7"
    }

[1m  # module.vpc_endpoints_ap_southeast_1.aws_vpc_endpoint.s3["vpc-0873c29cd655a75b0"][0m will be created
[0m  [32m+[0m[0m resource "aws_vpc_endpoint" "s3" {
      [32m+[0m[0m arn                   = (known after apply)
      [32m+[0m[0m cidr_blocks           = (known after apply)
      [32m+[0m[0m dns_entry             = (known after apply)
      [32m+[0m[0m id                    = (known after apply)
      [32m+[0m[0m ip_address_type       = (known after apply)
      [32m+[0m[0m network_interface_ids = (known after apply)
      [32m+[0m[0m owner_id              = (known after apply)
      [32m+[0m[0m policy                = (known after apply)
      [32m+[0m[0m prefix_list_id        = (known after apply)
      [32m+[0m[0m private_dns_enabled   = (known after apply)
      [32m+[0m[0m requester_managed     = (known after apply)
      [32m+[0m[0m route_table_ids       = (known after apply)
      [32m+[0m[0m security_group_ids    = (known after apply)
      [32m+[0m[0m service_name          = "com.amazonaws.ap-southeast-1.s3"
      [32m+[0m[0m state                 = (known after apply)
      [32m+[0m[0m subnet_ids            = (known after apply)
      [32m+[0m[0m tags                  = {
          [32m+[0m[0m "Name" = "VPC-Id-vpc-0873c29cd655a75b0-s3"
        }
      [32m+[0m[0m tags_all              = {
          [32m+[0m[0m "Name" = "VPC-Id-vpc-0873c29cd655a75b0-s3"
        }
      [32m+[0m[0m vpc_endpoint_type     = "Gateway"
      [32m+[0m[0m vpc_id                = "vpc-0873c29cd655a75b0"
    }

[1m  # module.vpc_endpoints_ap_southeast_1.aws_vpc_endpoint.s3["vpc-0b0d7d0e4a67ed700"][0m will be created
[0m  [32m+[0m[0m resource "aws_vpc_endpoint" "s3" {
      [32m+[0m[0m arn                   = (known after apply)
      [32m+[0m[0m cidr_blocks           = (known after apply)
      [32m+[0m[0m dns_entry             = (known after apply)
      [32m+[0m[0m id                    = (known after apply)
      [32m+[0m[0m ip_address_type       = (known after apply)
      [32m+[0m[0m network_interface_ids = (known after apply)
      [32m+[0m[0m owner_id              = (known after apply)
      [32m+[0m[0m policy                = (known after apply)
      [32m+[0m[0m prefix_list_id        = (known after apply)
      [32m+[0m[0m private_dns_enabled   = (known after apply)
      [32m+[0m[0m requester_managed     = (known after apply)
      [32m+[0m[0m route_table_ids       = (known after apply)
      [32m+[0m[0m security_group_ids    = (known after apply)
      [32m+[0m[0m service_name          = "com.amazonaws.ap-southeast-1.s3"
      [32m+[0m[0m state                 = (known after apply)
      [32m+[0m[0m subnet_ids            = (known after apply)
      [32m+[0m[0m tags                  = {
          [32m+[0m[0m "Name" = "VPC-Id-vpc-0b0d7d0e4a67ed700-s3"
        }
      [32m+[0m[0m tags_all              = {
          [32m+[0m[0m "Name" = "VPC-Id-vpc-0b0d7d0e4a67ed700-s3"
        }
      [32m+[0m[0m vpc_endpoint_type     = "Gateway"
      [32m+[0m[0m vpc_id                = "vpc-0b0d7d0e4a67ed700"
    }

[1m  # module.vpc_endpoints_ap_southeast_1.aws_vpc_endpoint.s3["vpc-0ddcc7a1401565ac5"][0m will be created
[0m  [32m+[0m[0m resource "aws_vpc_endpoint" "s3" {
      [32m+[0m[0m arn                   = (known after apply)
      [32m+[0m[0m cidr_blocks           = (known after apply)
      [32m+[0m[0m dns_entry             = (known after apply)
      [32m+[0m[0m id                    = (known after apply)
      [32m+[0m[0m ip_address_type       = (known after apply)
      [32m+[0m[0m network_interface_ids = (known after apply)
      [32m+[0m[0m owner_id              = (known after apply)
      [32m+[0m[0m policy                = (known after apply)
      [32m+[0m[0m prefix_list_id        = (known after apply)
      [32m+[0m[0m private_dns_enabled   = (known after apply)
      [32m+[0m[0m requester_managed     = (known after apply)
      [32m+[0m[0m route_table_ids       = (known after apply)
      [32m+[0m[0m security_group_ids    = (known after apply)
      [32m+[0m[0m service_name          = "com.amazonaws.ap-southeast-1.s3"
      [32m+[0m[0m state                 = (known after apply)
      [32m+[0m[0m subnet_ids            = (known after apply)
      [32m+[0m[0m tags                  = {
          [32m+[0m[0m "Name" = "VPC-Id-vpc-0ddcc7a1401565ac5-s3"
        }
      [32m+[0m[0m tags_all              = {
          [32m+[0m[0m "Name" = "VPC-Id-vpc-0ddcc7a1401565ac5-s3"
        }
      [32m+[0m[0m vpc_endpoint_type     = "Gateway"
      [32m+[0m[0m vpc_id                = "vpc-0ddcc7a1401565ac5"
    }

[1m  # module.vpc_endpoints_ap_southeast_1.aws_vpc_endpoint.s3["vpc-0e535d1dbdfc5d4e7"][0m will be created
[0m  [32m+[0m[0m resource "aws_vpc_endpoint" "s3" {
      [32m+[0m[0m arn                   = (known after apply)
      [32m+[0m[0m cidr_blocks           = (known after apply)
      [32m+[0m[0m dns_entry             = (known after apply)
      [32m+[0m[0m id                    = (known after apply)
      [32m+[0m[0m ip_address_type       = (known after apply)
      [32m+[0m[0m network_interface_ids = (known after apply)
      [32m+[0m[0m owner_id              = (known after apply)
      [32m+[0m[0m policy                = (known after apply)
      [32m+[0m[0m prefix_list_id        = (known after apply)
      [32m+[0m[0m private_dns_enabled   = (known after apply)
      [32m+[0m[0m requester_managed     = (known after apply)
      [32m+[0m[0m route_table_ids       = (known after apply)
      [32m+[0m[0m security_group_ids    = (known after apply)
      [32m+[0m[0m service_name          = "com.amazonaws.ap-southeast-1.s3"
      [32m+[0m[0m state                 = (known after apply)
      [32m+[0m[0m subnet_ids            = (known after apply)
      [32m+[0m[0m tags                  = {
          [32m+[0m[0m "Name" = "VPC-Id-vpc-0e535d1dbdfc5d4e7-s3"
        }
      [32m+[0m[0m tags_all              = {
          [32m+[0m[0m "Name" = "VPC-Id-vpc-0e535d1dbdfc5d4e7-s3"
        }
      [32m+[0m[0m vpc_endpoint_type     = "Gateway"
      [32m+[0m[0m vpc_id                = "vpc-0e535d1dbdfc5d4e7"
    }

[1m  # module.vpc_endpoints_ap_southeast_1.aws_vpc_endpoint.s3["vpc-8481afe3"][0m will be created
[0m  [32m+[0m[0m resource "aws_vpc_endpoint" "s3" {
      [32m+[0m[0m arn                   = (known after apply)
      [32m+[0m[0m cidr_blocks           = (known after apply)
      [32m+[0m[0m dns_entry             = (known after apply)
      [32m+[0m[0m id                    = (known after apply)
      [32m+[0m[0m ip_address_type       = (known after apply)
      [32m+[0m[0m network_interface_ids = (known after apply)
      [32m+[0m[0m owner_id              = (known after apply)
      [32m+[0m[0m policy                = (known after apply)
      [32m+[0m[0m prefix_list_id        = (known after apply)
      [32m+[0m[0m private_dns_enabled   = (known after apply)
      [32m+[0m[0m requester_managed     = (known after apply)
      [32m+[0m[0m route_table_ids       = (known after apply)
      [32m+[0m[0m security_group_ids    = (known after apply)
      [32m+[0m[0m service_name          = "com.amazonaws.ap-southeast-1.s3"
      [32m+[0m[0m state                 = (known after apply)
      [32m+[0m[0m subnet_ids            = (known after apply)
      [32m+[0m[0m tags                  = {
          [32m+[0m[0m "Name" = "VPC-Id-vpc-8481afe3-s3"
        }
      [32m+[0m[0m tags_all              = {
          [32m+[0m[0m "Name" = "VPC-Id-vpc-8481afe3-s3"
        }
      [32m+[0m[0m vpc_endpoint_type     = "Gateway"
      [32m+[0m[0m vpc_id                = "vpc-8481afe3"
    }

[1m  # module.vpc_endpoints_us_west_2.aws_route_table.private["vpc-01264de7c037cbbe4"][0m will be created
[0m  [32m+[0m[0m resource "aws_route_table" "private" {
      [32m+[0m[0m arn              = (known after apply)
      [32m+[0m[0m id               = (known after apply)
      [32m+[0m[0m owner_id         = (known after apply)
      [32m+[0m[0m propagating_vgws = (known after apply)
      [32m+[0m[0m route            = (known after apply)
      [32m+[0m[0m tags_all         = (known after apply)
      [32m+[0m[0m vpc_id           = "vpc-01264de7c037cbbe4"
    }

[1m  # module.vpc_endpoints_us_west_2.aws_route_table.private["vpc-021ddb54db13428b2"][0m will be created
[0m  [32m+[0m[0m resource "aws_route_table" "private" {
      [32m+[0m[0m arn              = (known after apply)
      [32m+[0m[0m id               = (known after apply)
      [32m+[0m[0m owner_id         = (known after apply)
      [32m+[0m[0m propagating_vgws = (known after apply)
      [32m+[0m[0m route            = (known after apply)
      [32m+[0m[0m tags_all         = (known after apply)
      [32m+[0m[0m vpc_id           = "vpc-021ddb54db13428b2"
    }

[1m  # module.vpc_endpoints_us_west_2.aws_route_table.private["vpc-041a1132552c39c34"][0m will be created
[0m  [32m+[0m[0m resource "aws_route_table" "private" {
      [32m+[0m[0m arn              = (known after apply)
      [32m+[0m[0m id               = (known after apply)
      [32m+[0m[0m owner_id         = (known after apply)
      [32m+[0m[0m propagating_vgws = (known after apply)
      [32m+[0m[0m route            = (known after apply)
      [32m+[0m[0m tags_all         = (known after apply)
      [32m+[0m[0m vpc_id           = "vpc-041a1132552c39c34"
    }

[1m  # module.vpc_endpoints_us_west_2.aws_route_table.private["vpc-0729e0862e6c07fa3"][0m will be created
[0m  [32m+[0m[0m resource "aws_route_table" "private" {
      [32m+[0m[0m arn              = (known after apply)
      [32m+[0m[0m id               = (known after apply)
      [32m+[0m[0m owner_id         = (known after apply)
      [32m+[0m[0m propagating_vgws = (known after apply)
      [32m+[0m[0m route            = (known after apply)
      [32m+[0m[0m tags_all         = (known after apply)
      [32m+[0m[0m vpc_id           = "vpc-0729e0862e6c07fa3"
    }

[1m  # module.vpc_endpoints_us_west_2.aws_route_table.private["vpc-08c176c702b4e8c82"][0m will be created
[0m  [32m+[0m[0m resource "aws_route_table" "private" {
      [32m+[0m[0m arn              = (known after apply)
      [32m+[0m[0m id               = (known after apply)
      [32m+[0m[0m owner_id         = (known after apply)
      [32m+[0m[0m propagating_vgws = (known after apply)
      [32m+[0m[0m route            = (known after apply)
      [32m+[0m[0m tags_all         = (known after apply)
      [32m+[0m[0m vpc_id           = "vpc-08c176c702b4e8c82"
    }

[1m  # module.vpc_endpoints_us_west_2.aws_route_table.private["vpc-0ea0ec53556654812"][0m will be created
[0m  [32m+[0m[0m resource "aws_route_table" "private" {
      [32m+[0m[0m arn              = (known after apply)
      [32m+[0m[0m id               = (known after apply)
      [32m+[0m[0m owner_id         = (known after apply)
      [32m+[0m[0m propagating_vgws = (known after apply)
      [32m+[0m[0m route            = (known after apply)
      [32m+[0m[0m tags_all         = (known after apply)
      [32m+[0m[0m vpc_id           = "vpc-0ea0ec53556654812"
    }

[1m  # module.vpc_endpoints_us_west_2.aws_route_table.private["vpc-0f8d49fece7838519"][0m will be created
[0m  [32m+[0m[0m resource "aws_route_table" "private" {
      [32m+[0m[0m arn              = (known after apply)
      [32m+[0m[0m id               = (known after apply)
      [32m+[0m[0m owner_id         = (known after apply)
      [32m+[0m[0m propagating_vgws = (known after apply)
      [32m+[0m[0m route            = (known after apply)
      [32m+[0m[0m tags_all         = (known after apply)
      [32m+[0m[0m vpc_id           = "vpc-0f8d49fece7838519"
    }

[1m  # module.vpc_endpoints_us_west_2.aws_route_table.private["vpc-b6835ece"][0m will be created
[0m  [32m+[0m[0m resource "aws_route_table" "private" {
      [32m+[0m[0m arn              = (known after apply)
      [32m+[0m[0m id               = (known after apply)
      [32m+[0m[0m owner_id         = (known after apply)
      [32m+[0m[0m propagating_vgws = (known after apply)
      [32m+[0m[0m route            = (known after apply)
      [32m+[0m[0m tags_all         = (known after apply)
      [32m+[0m[0m vpc_id           = "vpc-b6835ece"
    }

[1m  # module.vpc_endpoints_us_west_2.aws_security_group.endpoint["vpc-01264de7c037cbbe4"][0m will be created
[0m  [32m+[0m[0m resource "aws_security_group" "endpoint" {
      [32m+[0m[0m arn                    = (known after apply)
      [32m+[0m[0m description            = "Allow access to VPC endpoints"
      [32m+[0m[0m egress                 = (known after apply)
      [32m+[0m[0m id                     = (known after apply)
      [32m+[0m[0m ingress                = [
          [32m+[0m[0m {
              [32m+[0m[0m cidr_blocks      = [
                  [32m+[0m[0m "10.0.0.0/16",
                ]
              [32m+[0m[0m description      = ""
              [32m+[0m[0m from_port        = 443
              [32m+[0m[0m ipv6_cidr_blocks = []
              [32m+[0m[0m prefix_list_ids  = []
              [32m+[0m[0m protocol         = "tcp"
              [32m+[0m[0m security_groups  = []
              [32m+[0m[0m self             = false
              [32m+[0m[0m to_port          = 443
            },
        ]
      [32m+[0m[0m name                   = "allow-endpoint-access"
      [32m+[0m[0m name_prefix            = (known after apply)
      [32m+[0m[0m owner_id               = (known after apply)
      [32m+[0m[0m revoke_rules_on_delete = false
      [32m+[0m[0m tags_all               = (known after apply)
      [32m+[0m[0m vpc_id                 = "vpc-01264de7c037cbbe4"
    }

[1m  # module.vpc_endpoints_us_west_2.aws_security_group.endpoint["vpc-021ddb54db13428b2"][0m will be created
[0m  [32m+[0m[0m resource "aws_security_group" "endpoint" {
      [32m+[0m[0m arn                    = (known after apply)
      [32m+[0m[0m description            = "Allow access to VPC endpoints"
      [32m+[0m[0m egress                 = (known after apply)
      [32m+[0m[0m id                     = (known after apply)
      [32m+[0m[0m ingress                = [
          [32m+[0m[0m {
              [32m+[0m[0m cidr_blocks      = [
                  [32m+[0m[0m "192.168.0.0/16",
                ]
              [32m+[0m[0m description      = ""
              [32m+[0m[0m from_port        = 443
              [32m+[0m[0m ipv6_cidr_blocks = []
              [32m+[0m[0m prefix_list_ids  = []
              [32m+[0m[0m protocol         = "tcp"
              [32m+[0m[0m security_groups  = []
              [32m+[0m[0m self             = false
              [32m+[0m[0m to_port          = 443
            },
        ]
      [32m+[0m[0m name                   = "allow-endpoint-access"
      [32m+[0m[0m name_prefix            = (known after apply)
      [32m+[0m[0m owner_id               = (known after apply)
      [32m+[0m[0m revoke_rules_on_delete = false
      [32m+[0m[0m tags_all               = (known after apply)
      [32m+[0m[0m vpc_id                 = "vpc-021ddb54db13428b2"
    }

[1m  # module.vpc_endpoints_us_west_2.aws_security_group.endpoint["vpc-041a1132552c39c34"][0m will be created
[0m  [32m+[0m[0m resource "aws_security_group" "endpoint" {
      [32m+[0m[0m arn                    = (known after apply)
      [32m+[0m[0m description            = "Allow access to VPC endpoints"
      [32m+[0m[0m egress                 = (known after apply)
      [32m+[0m[0m id                     = (known after apply)
      [32m+[0m[0m ingress                = [
          [32m+[0m[0m {
              [32m+[0m[0m cidr_blocks      = [
                  [32m+[0m[0m "10.27.0.0/23",
                ]
              [32m+[0m[0m description      = ""
              [32m+[0m[0m from_port        = 443
              [32m+[0m[0m ipv6_cidr_blocks = []
              [32m+[0m[0m prefix_list_ids  = []
              [32m+[0m[0m protocol         = "tcp"
              [32m+[0m[0m security_groups  = []
              [32m+[0m[0m self             = false
              [32m+[0m[0m to_port          = 443
            },
        ]
      [32m+[0m[0m name                   = "allow-endpoint-access"
      [32m+[0m[0m name_prefix            = (known after apply)
      [32m+[0m[0m owner_id               = (known after apply)
      [32m+[0m[0m revoke_rules_on_delete = false
      [32m+[0m[0m tags_all               = (known after apply)
      [32m+[0m[0m vpc_id                 = "vpc-041a1132552c39c34"
    }

[1m  # module.vpc_endpoints_us_west_2.aws_security_group.endpoint["vpc-0729e0862e6c07fa3"][0m will be created
[0m  [32m+[0m[0m resource "aws_security_group" "endpoint" {
      [32m+[0m[0m arn                    = (known after apply)
      [32m+[0m[0m description            = "Allow access to VPC endpoints"
      [32m+[0m[0m egress                 = (known after apply)
      [32m+[0m[0m id                     = (known after apply)
      [32m+[0m[0m ingress                = [
          [32m+[0m[0m {
              [32m+[0m[0m cidr_blocks      = [
                  [32m+[0m[0m "10.23.0.0/23",
                ]
              [32m+[0m[0m description      = ""
              [32m+[0m[0m from_port        = 443
              [32m+[0m[0m ipv6_cidr_blocks = []
              [32m+[0m[0m prefix_list_ids  = []
              [32m+[0m[0m protocol         = "tcp"
              [32m+[0m[0m security_groups  = []
              [32m+[0m[0m self             = false
              [32m+[0m[0m to_port          = 443
            },
        ]
      [32m+[0m[0m name                   = "allow-endpoint-access"
      [32m+[0m[0m name_prefix            = (known after apply)
      [32m+[0m[0m owner_id               = (known after apply)
      [32m+[0m[0m revoke_rules_on_delete = false
      [32m+[0m[0m tags_all               = (known after apply)
      [32m+[0m[0m vpc_id                 = "vpc-0729e0862e6c07fa3"
    }

[1m  # module.vpc_endpoints_us_west_2.aws_security_group.endpoint["vpc-08c176c702b4e8c82"][0m will be created
[0m  [32m+[0m[0m resource "aws_security_group" "endpoint" {
      [32m+[0m[0m arn                    = (known after apply)
      [32m+[0m[0m description            = "Allow access to VPC endpoints"
      [32m+[0m[0m egress                 = (known after apply)
      [32m+[0m[0m id                     = (known after apply)
      [32m+[0m[0m ingress                = [
          [32m+[0m[0m {
              [32m+[0m[0m cidr_blocks      = [
                  [32m+[0m[0m "172.16.0.0/16",
                ]
              [32m+[0m[0m description      = ""
              [32m+[0m[0m from_port        = 443
              [32m+[0m[0m ipv6_cidr_blocks = []
              [32m+[0m[0m prefix_list_ids  = []
              [32m+[0m[0m protocol         = "tcp"
              [32m+[0m[0m security_groups  = []
              [32m+[0m[0m self             = false
              [32m+[0m[0m to_port          = 443
            },
        ]
      [32m+[0m[0m name                   = "allow-endpoint-access"
      [32m+[0m[0m name_prefix            = (known after apply)
      [32m+[0m[0m owner_id               = (known after apply)
      [32m+[0m[0m revoke_rules_on_delete = false
      [32m+[0m[0m tags_all               = (known after apply)
      [32m+[0m[0m vpc_id                 = "vpc-08c176c702b4e8c82"
    }

[1m  # module.vpc_endpoints_us_west_2.aws_security_group.endpoint["vpc-0ea0ec53556654812"][0m will be created
[0m  [32m+[0m[0m resource "aws_security_group" "endpoint" {
      [32m+[0m[0m arn                    = (known after apply)
      [32m+[0m[0m description            = "Allow access to VPC endpoints"
      [32m+[0m[0m egress                 = (known after apply)
      [32m+[0m[0m id                     = (known after apply)
      [32m+[0m[0m ingress                = [
          [32m+[0m[0m {
              [32m+[0m[0m cidr_blocks      = [
                  [32m+[0m[0m "10.38.0.0/16",
                ]
              [32m+[0m[0m description      = ""
              [32m+[0m[0m from_port        = 443
              [32m+[0m[0m ipv6_cidr_blocks = []
              [32m+[0m[0m prefix_list_ids  = []
              [32m+[0m[0m protocol         = "tcp"
              [32m+[0m[0m security_groups  = []
              [32m+[0m[0m self             = false
              [32m+[0m[0m to_port          = 443
            },
        ]
      [32m+[0m[0m name                   = "allow-endpoint-access"
      [32m+[0m[0m name_prefix            = (known after apply)
      [32m+[0m[0m owner_id               = (known after apply)
      [32m+[0m[0m revoke_rules_on_delete = false
      [32m+[0m[0m tags_all               = (known after apply)
      [32m+[0m[0m vpc_id                 = "vpc-0ea0ec53556654812"
    }

[1m  # module.vpc_endpoints_us_west_2.aws_security_group.endpoint["vpc-0f8d49fece7838519"][0m will be created
[0m  [32m+[0m[0m resource "aws_security_group" "endpoint" {
      [32m+[0m[0m arn                    = (known after apply)
      [32m+[0m[0m description            = "Allow access to VPC endpoints"
      [32m+[0m[0m egress                 = (known after apply)
      [32m+[0m[0m id                     = (known after apply)
      [32m+[0m[0m ingress                = [
          [32m+[0m[0m {
              [32m+[0m[0m cidr_blocks      = [
                  [32m+[0m[0m "10.9.0.0/16",
                ]
              [32m+[0m[0m description      = ""
              [32m+[0m[0m from_port        = 443
              [32m+[0m[0m ipv6_cidr_blocks = []
              [32m+[0m[0m prefix_list_ids  = []
              [32m+[0m[0m protocol         = "tcp"
              [32m+[0m[0m security_groups  = []
              [32m+[0m[0m self             = false
              [32m+[0m[0m to_port          = 443
            },
        ]
      [32m+[0m[0m name                   = "allow-endpoint-access"
      [32m+[0m[0m name_prefix            = (known after apply)
      [32m+[0m[0m owner_id               = (known after apply)
      [32m+[0m[0m revoke_rules_on_delete = false
      [32m+[0m[0m tags_all               = (known after apply)
      [32m+[0m[0m vpc_id                 = "vpc-0f8d49fece7838519"
    }

[1m  # module.vpc_endpoints_us_west_2.aws_security_group.endpoint["vpc-b6835ece"][0m will be created
[0m  [32m+[0m[0m resource "aws_security_group" "endpoint" {
      [32m+[0m[0m arn                    = (known after apply)
      [32m+[0m[0m description            = "Allow access to VPC endpoints"
      [32m+[0m[0m egress                 = (known after apply)
      [32m+[0m[0m id                     = (known after apply)
      [32m+[0m[0m ingress                = [
          [32m+[0m[0m {
              [32m+[0m[0m cidr_blocks      = [
                  [32m+[0m[0m "172.31.0.0/16",
                ]
              [32m+[0m[0m description      = ""
              [32m+[0m[0m from_port        = 443
              [32m+[0m[0m ipv6_cidr_blocks = []
              [32m+[0m[0m prefix_list_ids  = []
              [32m+[0m[0m protocol         = "tcp"
              [32m+[0m[0m security_groups  = []
              [32m+[0m[0m self             = false
              [32m+[0m[0m to_port          = 443
            },
        ]
      [32m+[0m[0m name                   = "allow-endpoint-access"
      [32m+[0m[0m name_prefix            = (known after apply)
      [32m+[0m[0m owner_id               = (known after apply)
      [32m+[0m[0m revoke_rules_on_delete = false
      [32m+[0m[0m tags_all               = (known after apply)
      [32m+[0m[0m vpc_id                 = "vpc-b6835ece"
    }

[1m  # module.vpc_endpoints_us_west_2.aws_vpc_endpoint.ec2["vpc-01264de7c037cbbe4"][0m will be created
[0m  [32m+[0m[0m resource "aws_vpc_endpoint" "ec2" {
      [32m+[0m[0m arn                   = (known after apply)
      [32m+[0m[0m auto_accept           = true
      [32m+[0m[0m cidr_blocks           = (known after apply)
      [32m+[0m[0m dns_entry             = (known after apply)
      [32m+[0m[0m id                    = (known after apply)
      [32m+[0m[0m ip_address_type       = (known after apply)
      [32m+[0m[0m network_interface_ids = (known after apply)
      [32m+[0m[0m owner_id              = (known after apply)
      [32m+[0m[0m policy                = (known after apply)
      [32m+[0m[0m prefix_list_id        = (known after apply)
      [32m+[0m[0m private_dns_enabled   = (known after apply)
      [32m+[0m[0m requester_managed     = (known after apply)
      [32m+[0m[0m route_table_ids       = (known after apply)
      [32m+[0m[0m security_group_ids    = (known after apply)
      [32m+[0m[0m service_name          = "com.amazonaws.us-west-2.ec2"
      [32m+[0m[0m state                 = (known after apply)
      [32m+[0m[0m subnet_ids            = (known after apply)
      [32m+[0m[0m tags                  = {
          [32m+[0m[0m "Name" = "VPC-Id-vpc-01264de7c037cbbe4-ec2"
        }
      [32m+[0m[0m tags_all              = {
          [32m+[0m[0m "Name" = "VPC-Id-vpc-01264de7c037cbbe4-ec2"
        }
      [32m+[0m[0m vpc_endpoint_type     = "Interface"
      [32m+[0m[0m vpc_id                = "vpc-01264de7c037cbbe4"
    }

[1m  # module.vpc_endpoints_us_west_2.aws_vpc_endpoint.ec2["vpc-021ddb54db13428b2"][0m will be created
[0m  [32m+[0m[0m resource "aws_vpc_endpoint" "ec2" {
      [32m+[0m[0m arn                   = (known after apply)
      [32m+[0m[0m auto_accept           = true
      [32m+[0m[0m cidr_blocks           = (known after apply)
      [32m+[0m[0m dns_entry             = (known after apply)
      [32m+[0m[0m id                    = (known after apply)
      [32m+[0m[0m ip_address_type       = (known after apply)
      [32m+[0m[0m network_interface_ids = (known after apply)
      [32m+[0m[0m owner_id              = (known after apply)
      [32m+[0m[0m policy                = (known after apply)
      [32m+[0m[0m prefix_list_id        = (known after apply)
      [32m+[0m[0m private_dns_enabled   = (known after apply)
      [32m+[0m[0m requester_managed     = (known after apply)
      [32m+[0m[0m route_table_ids       = (known after apply)
      [32m+[0m[0m security_group_ids    = (known after apply)
      [32m+[0m[0m service_name          = "com.amazonaws.us-west-2.ec2"
      [32m+[0m[0m state                 = (known after apply)
      [32m+[0m[0m subnet_ids            = (known after apply)
      [32m+[0m[0m tags                  = {
          [32m+[0m[0m "Name" = "VPC-Id-vpc-021ddb54db13428b2-ec2"
        }
      [32m+[0m[0m tags_all              = {
          [32m+[0m[0m "Name" = "VPC-Id-vpc-021ddb54db13428b2-ec2"
        }
      [32m+[0m[0m vpc_endpoint_type     = "Interface"
      [32m+[0m[0m vpc_id                = "vpc-021ddb54db13428b2"
    }

[1m  # module.vpc_endpoints_us_west_2.aws_vpc_endpoint.ec2["vpc-041a1132552c39c34"][0m will be created
[0m  [32m+[0m[0m resource "aws_vpc_endpoint" "ec2" {
      [32m+[0m[0m arn                   = (known after apply)
      [32m+[0m[0m auto_accept           = true
      [32m+[0m[0m cidr_blocks           = (known after apply)
      [32m+[0m[0m dns_entry             = (known after apply)
      [32m+[0m[0m id                    = (known after apply)
      [32m+[0m[0m ip_address_type       = (known after apply)
      [32m+[0m[0m network_interface_ids = (known after apply)
      [32m+[0m[0m owner_id              = (known after apply)
      [32m+[0m[0m policy                = (known after apply)
      [32m+[0m[0m prefix_list_id        = (known after apply)
      [32m+[0m[0m private_dns_enabled   = (known after apply)
      [32m+[0m[0m requester_managed     = (known after apply)
      [32m+[0m[0m route_table_ids       = (known after apply)
      [32m+[0m[0m security_group_ids    = (known after apply)
      [32m+[0m[0m service_name          = "com.amazonaws.us-west-2.ec2"
      [32m+[0m[0m state                 = (known after apply)
      [32m+[0m[0m subnet_ids            = (known after apply)
      [32m+[0m[0m tags                  = {
          [32m+[0m[0m "Name" = "VPC-Id-vpc-041a1132552c39c34-ec2"
        }
      [32m+[0m[0m tags_all              = {
          [32m+[0m[0m "Name" = "VPC-Id-vpc-041a1132552c39c34-ec2"
        }
      [32m+[0m[0m vpc_endpoint_type     = "Interface"
      [32m+[0m[0m vpc_id                = "vpc-041a1132552c39c34"
    }

[1m  # module.vpc_endpoints_us_west_2.aws_vpc_endpoint.ec2["vpc-0729e0862e6c07fa3"][0m will be created
[0m  [32m+[0m[0m resource "aws_vpc_endpoint" "ec2" {
      [32m+[0m[0m arn                   = (known after apply)
      [32m+[0m[0m auto_accept           = true
      [32m+[0m[0m cidr_blocks           = (known after apply)
      [32m+[0m[0m dns_entry             = (known after apply)
      [32m+[0m[0m id                    = (known after apply)
      [32m+[0m[0m ip_address_type       = (known after apply)
      [32m+[0m[0m network_interface_ids = (known after apply)
      [32m+[0m[0m owner_id              = (known after apply)
      [32m+[0m[0m policy                = (known after apply)
      [32m+[0m[0m prefix_list_id        = (known after apply)
      [32m+[0m[0m private_dns_enabled   = (known after apply)
      [32m+[0m[0m requester_managed     = (known after apply)
      [32m+[0m[0m route_table_ids       = (known after apply)
      [32m+[0m[0m security_group_ids    = (known after apply)
      [32m+[0m[0m service_name          = "com.amazonaws.us-west-2.ec2"
      [32m+[0m[0m state                 = (known after apply)
      [32m+[0m[0m subnet_ids            = (known after apply)
      [32m+[0m[0m tags                  = {
          [32m+[0m[0m "Name" = "VPC-Id-vpc-0729e0862e6c07fa3-ec2"
        }
      [32m+[0m[0m tags_all              = {
          [32m+[0m[0m "Name" = "VPC-Id-vpc-0729e0862e6c07fa3-ec2"
        }
      [32m+[0m[0m vpc_endpoint_type     = "Interface"
      [32m+[0m[0m vpc_id                = "vpc-0729e0862e6c07fa3"
    }

[1m  # module.vpc_endpoints_us_west_2.aws_vpc_endpoint.ec2["vpc-08c176c702b4e8c82"][0m will be created
[0m  [32m+[0m[0m resource "aws_vpc_endpoint" "ec2" {
      [32m+[0m[0m arn                   = (known after apply)
      [32m+[0m[0m auto_accept           = true
      [32m+[0m[0m cidr_blocks           = (known after apply)
      [32m+[0m[0m dns_entry             = (known after apply)
      [32m+[0m[0m id                    = (known after apply)
      [32m+[0m[0m ip_address_type       = (known after apply)
      [32m+[0m[0m network_interface_ids = (known after apply)
      [32m+[0m[0m owner_id              = (known after apply)
      [32m+[0m[0m policy                = (known after apply)
      [32m+[0m[0m prefix_list_id        = (known after apply)
      [32m+[0m[0m private_dns_enabled   = (known after apply)
      [32m+[0m[0m requester_managed     = (known after apply)
      [32m+[0m[0m route_table_ids       = (known after apply)
      [32m+[0m[0m security_group_ids    = (known after apply)
      [32m+[0m[0m service_name          = "com.amazonaws.us-west-2.ec2"
      [32m+[0m[0m state                 = (known after apply)
      [32m+[0m[0m subnet_ids            = (known after apply)
      [32m+[0m[0m tags                  = {
          [32m+[0m[0m "Name" = "VPC-Id-vpc-08c176c702b4e8c82-ec2"
        }
      [32m+[0m[0m tags_all              = {
          [32m+[0m[0m "Name" = "VPC-Id-vpc-08c176c702b4e8c82-ec2"
        }
      [32m+[0m[0m vpc_endpoint_type     = "Interface"
      [32m+[0m[0m vpc_id                = "vpc-08c176c702b4e8c82"
    }

[1m  # module.vpc_endpoints_us_west_2.aws_vpc_endpoint.ec2["vpc-0ea0ec53556654812"][0m will be created
[0m  [32m+[0m[0m resource "aws_vpc_endpoint" "ec2" {
      [32m+[0m[0m arn                   = (known after apply)
      [32m+[0m[0m auto_accept           = true
      [32m+[0m[0m cidr_blocks           = (known after apply)
      [32m+[0m[0m dns_entry             = (known after apply)
      [32m+[0m[0m id                    = (known after apply)
      [32m+[0m[0m ip_address_type       = (known after apply)
      [32m+[0m[0m network_interface_ids = (known after apply)
      [32m+[0m[0m owner_id              = (known after apply)
      [32m+[0m[0m policy                = (known after apply)
      [32m+[0m[0m prefix_list_id        = (known after apply)
      [32m+[0m[0m private_dns_enabled   = (known after apply)
      [32m+[0m[0m requester_managed     = (known after apply)
      [32m+[0m[0m route_table_ids       = (known after apply)
      [32m+[0m[0m security_group_ids    = (known after apply)
      [32m+[0m[0m service_name          = "com.amazonaws.us-west-2.ec2"
      [32m+[0m[0m state                 = (known after apply)
      [32m+[0m[0m subnet_ids            = (known after apply)
      [32m+[0m[0m tags                  = {
          [32m+[0m[0m "Name" = "VPC-Id-vpc-0ea0ec53556654812-ec2"
        }
      [32m+[0m[0m tags_all              = {
          [32m+[0m[0m "Name" = "VPC-Id-vpc-0ea0ec53556654812-ec2"
        }
      [32m+[0m[0m vpc_endpoint_type     = "Interface"
      [32m+[0m[0m vpc_id                = "vpc-0ea0ec53556654812"
    }

[1m  # module.vpc_endpoints_us_west_2.aws_vpc_endpoint.ec2["vpc-0f8d49fece7838519"][0m will be created
[0m  [32m+[0m[0m resource "aws_vpc_endpoint" "ec2" {
      [32m+[0m[0m arn                   = (known after apply)
      [32m+[0m[0m auto_accept           = true
      [32m+[0m[0m cidr_blocks           = (known after apply)
      [32m+[0m[0m dns_entry             = (known after apply)
      [32m+[0m[0m id                    = (known after apply)
      [32m+[0m[0m ip_address_type       = (known after apply)
      [32m+[0m[0m network_interface_ids = (known after apply)
      [32m+[0m[0m owner_id              = (known after apply)
      [32m+[0m[0m policy                = (known after apply)
      [32m+[0m[0m prefix_list_id        = (known after apply)
      [32m+[0m[0m private_dns_enabled   = (known after apply)
      [32m+[0m[0m requester_managed     = (known after apply)
      [32m+[0m[0m route_table_ids       = (known after apply)
      [32m+[0m[0m security_group_ids    = (known after apply)
      [32m+[0m[0m service_name          = "com.amazonaws.us-west-2.ec2"
      [32m+[0m[0m state                 = (known after apply)
      [32m+[0m[0m subnet_ids            = (known after apply)
      [32m+[0m[0m tags                  = {
          [32m+[0m[0m "Name" = "VPC-Id-vpc-0f8d49fece7838519-ec2"
        }
      [32m+[0m[0m tags_all              = {
          [32m+[0m[0m "Name" = "VPC-Id-vpc-0f8d49fece7838519-ec2"
        }
      [32m+[0m[0m vpc_endpoint_type     = "Interface"
      [32m+[0m[0m vpc_id                = "vpc-0f8d49fece7838519"
    }

[1m  # module.vpc_endpoints_us_west_2.aws_vpc_endpoint.ec2["vpc-b6835ece"][0m will be created
[0m  [32m+[0m[0m resource "aws_vpc_endpoint" "ec2" {
      [32m+[0m[0m arn                   = (known after apply)
      [32m+[0m[0m auto_accept           = true
      [32m+[0m[0m cidr_blocks           = (known after apply)
      [32m+[0m[0m dns_entry             = (known after apply)
      [32m+[0m[0m id                    = (known after apply)
      [32m+[0m[0m ip_address_type       = (known after apply)
      [32m+[0m[0m network_interface_ids = (known after apply)
      [32m+[0m[0m owner_id              = (known after apply)
      [32m+[0m[0m policy                = (known after apply)
      [32m+[0m[0m prefix_list_id        = (known after apply)
      [32m+[0m[0m private_dns_enabled   = (known after apply)
      [32m+[0m[0m requester_managed     = (known after apply)
      [32m+[0m[0m route_table_ids       = (known after apply)
      [32m+[0m[0m security_group_ids    = (known after apply)
      [32m+[0m[0m service_name          = "com.amazonaws.us-west-2.ec2"
      [32m+[0m[0m state                 = (known after apply)
      [32m+[0m[0m subnet_ids            = (known after apply)
      [32m+[0m[0m tags                  = {
          [32m+[0m[0m "Name" = "VPC-Id-vpc-b6835ece-ec2"
        }
      [32m+[0m[0m tags_all              = {
          [32m+[0m[0m "Name" = "VPC-Id-vpc-b6835ece-ec2"
        }
      [32m+[0m[0m vpc_endpoint_type     = "Interface"
      [32m+[0m[0m vpc_id                = "vpc-b6835ece"
    }

[1m  # module.vpc_endpoints_us_west_2.aws_vpc_endpoint.ecr_api["vpc-01264de7c037cbbe4"][0m will be created
[0m  [32m+[0m[0m resource "aws_vpc_endpoint" "ecr_api" {
      [32m+[0m[0m arn                   = (known after apply)
      [32m+[0m[0m auto_accept           = true
      [32m+[0m[0m cidr_blocks           = (known after apply)
      [32m+[0m[0m dns_entry             = (known after apply)
      [32m+[0m[0m id                    = (known after apply)
      [32m+[0m[0m ip_address_type       = (known after apply)
      [32m+[0m[0m network_interface_ids = (known after apply)
      [32m+[0m[0m owner_id              = (known after apply)
      [32m+[0m[0m policy                = (known after apply)
      [32m+[0m[0m prefix_list_id        = (known after apply)
      [32m+[0m[0m private_dns_enabled   = (known after apply)
      [32m+[0m[0m requester_managed     = (known after apply)
      [32m+[0m[0m route_table_ids       = (known after apply)
      [32m+[0m[0m security_group_ids    = (known after apply)
      [32m+[0m[0m service_name          = "com.amazonaws.us-west-2.ecr.api"
      [32m+[0m[0m state                 = (known after apply)
      [32m+[0m[0m subnet_ids            = (known after apply)
      [32m+[0m[0m tags                  = {
          [32m+[0m[0m "Name" = "VPC-Id-vpc-01264de7c037cbbe4-ecr_api"
        }
      [32m+[0m[0m tags_all              = {
          [32m+[0m[0m "Name" = "VPC-Id-vpc-01264de7c037cbbe4-ecr_api"
        }
      [32m+[0m[0m vpc_endpoint_type     = "Interface"
      [32m+[0m[0m vpc_id                = "vpc-01264de7c037cbbe4"
    }

[1m  # module.vpc_endpoints_us_west_2.aws_vpc_endpoint.ecr_api["vpc-021ddb54db13428b2"][0m will be created
[0m  [32m+[0m[0m resource "aws_vpc_endpoint" "ecr_api" {
      [32m+[0m[0m arn                   = (known after apply)
      [32m+[0m[0m auto_accept           = true
      [32m+[0m[0m cidr_blocks           = (known after apply)
      [32m+[0m[0m dns_entry             = (known after apply)
      [32m+[0m[0m id                    = (known after apply)
      [32m+[0m[0m ip_address_type       = (known after apply)
      [32m+[0m[0m network_interface_ids = (known after apply)
      [32m+[0m[0m owner_id              = (known after apply)
      [32m+[0m[0m policy                = (known after apply)
      [32m+[0m[0m prefix_list_id        = (known after apply)
      [32m+[0m[0m private_dns_enabled   = (known after apply)
      [32m+[0m[0m requester_managed     = (known after apply)
      [32m+[0m[0m route_table_ids       = (known after apply)
      [32m+[0m[0m security_group_ids    = (known after apply)
      [32m+[0m[0m service_name          = "com.amazonaws.us-west-2.ecr.api"
      [32m+[0m[0m state                 = (known after apply)
      [32m+[0m[0m subnet_ids            = (known after apply)
      [32m+[0m[0m tags                  = {
          [32m+[0m[0m "Name" = "VPC-Id-vpc-021ddb54db13428b2-ecr_api"
        }
      [32m+[0m[0m tags_all              = {
          [32m+[0m[0m "Name" = "VPC-Id-vpc-021ddb54db13428b2-ecr_api"
        }
      [32m+[0m[0m vpc_endpoint_type     = "Interface"
      [32m+[0m[0m vpc_id                = "vpc-021ddb54db13428b2"
    }

[1m  # module.vpc_endpoints_us_west_2.aws_vpc_endpoint.ecr_api["vpc-041a1132552c39c34"][0m will be created
[0m  [32m+[0m[0m resource "aws_vpc_endpoint" "ecr_api" {
      [32m+[0m[0m arn                   = (known after apply)
      [32m+[0m[0m auto_accept           = true
      [32m+[0m[0m cidr_blocks           = (known after apply)
      [32m+[0m[0m dns_entry             = (known after apply)
      [32m+[0m[0m id                    = (known after apply)
      [32m+[0m[0m ip_address_type       = (known after apply)
      [32m+[0m[0m network_interface_ids = (known after apply)
      [32m+[0m[0m owner_id              = (known after apply)
      [32m+[0m[0m policy                = (known after apply)
      [32m+[0m[0m prefix_list_id        = (known after apply)
      [32m+[0m[0m private_dns_enabled   = (known after apply)
      [32m+[0m[0m requester_managed     = (known after apply)
      [32m+[0m[0m route_table_ids       = (known after apply)
      [32m+[0m[0m security_group_ids    = (known after apply)
      [32m+[0m[0m service_name          = "com.amazonaws.us-west-2.ecr.api"
      [32m+[0m[0m state                 = (known after apply)
      [32m+[0m[0m subnet_ids            = (known after apply)
      [32m+[0m[0m tags                  = {
          [32m+[0m[0m "Name" = "VPC-Id-vpc-041a1132552c39c34-ecr_api"
        }
      [32m+[0m[0m tags_all              = {
          [32m+[0m[0m "Name" = "VPC-Id-vpc-041a1132552c39c34-ecr_api"
        }
      [32m+[0m[0m vpc_endpoint_type     = "Interface"
      [32m+[0m[0m vpc_id                = "vpc-041a1132552c39c34"
    }

[1m  # module.vpc_endpoints_us_west_2.aws_vpc_endpoint.ecr_api["vpc-0729e0862e6c07fa3"][0m will be created
[0m  [32m+[0m[0m resource "aws_vpc_endpoint" "ecr_api" {
      [32m+[0m[0m arn                   = (known after apply)
      [32m+[0m[0m auto_accept           = true
      [32m+[0m[0m cidr_blocks           = (known after apply)
      [32m+[0m[0m dns_entry             = (known after apply)
      [32m+[0m[0m id                    = (known after apply)
      [32m+[0m[0m ip_address_type       = (known after apply)
      [32m+[0m[0m network_interface_ids = (known after apply)
      [32m+[0m[0m owner_id              = (known after apply)
      [32m+[0m[0m policy                = (known after apply)
      [32m+[0m[0m prefix_list_id        = (known after apply)
      [32m+[0m[0m private_dns_enabled   = (known after apply)
      [32m+[0m[0m requester_managed     = (known after apply)
      [32m+[0m[0m route_table_ids       = (known after apply)
      [32m+[0m[0m security_group_ids    = (known after apply)
      [32m+[0m[0m service_name          = "com.amazonaws.us-west-2.ecr.api"
      [32m+[0m[0m state                 = (known after apply)
      [32m+[0m[0m subnet_ids            = (known after apply)
      [32m+[0m[0m tags                  = {
          [32m+[0m[0m "Name" = "VPC-Id-vpc-0729e0862e6c07fa3-ecr_api"
        }
      [32m+[0m[0m tags_all              = {
          [32m+[0m[0m "Name" = "VPC-Id-vpc-0729e0862e6c07fa3-ecr_api"
        }
      [32m+[0m[0m vpc_endpoint_type     = "Interface"
      [32m+[0m[0m vpc_id                = "vpc-0729e0862e6c07fa3"
    }

[1m  # module.vpc_endpoints_us_west_2.aws_vpc_endpoint.ecr_api["vpc-08c176c702b4e8c82"][0m will be created
[0m  [32m+[0m[0m resource "aws_vpc_endpoint" "ecr_api" {
      [32m+[0m[0m arn                   = (known after apply)
      [32m+[0m[0m auto_accept           = true
      [32m+[0m[0m cidr_blocks           = (known after apply)
      [32m+[0m[0m dns_entry             = (known after apply)
      [32m+[0m[0m id                    = (known after apply)
      [32m+[0m[0m ip_address_type       = (known after apply)
      [32m+[0m[0m network_interface_ids = (known after apply)
      [32m+[0m[0m owner_id              = (known after apply)
      [32m+[0m[0m policy                = (known after apply)
      [32m+[0m[0m prefix_list_id        = (known after apply)
      [32m+[0m[0m private_dns_enabled   = (known after apply)
      [32m+[0m[0m requester_managed     = (known after apply)
      [32m+[0m[0m route_table_ids       = (known after apply)
      [32m+[0m[0m security_group_ids    = (known after apply)
      [32m+[0m[0m service_name          = "com.amazonaws.us-west-2.ecr.api"
      [32m+[0m[0m state                 = (known after apply)
      [32m+[0m[0m subnet_ids            = (known after apply)
      [32m+[0m[0m tags                  = {
          [32m+[0m[0m "Name" = "VPC-Id-vpc-08c176c702b4e8c82-ecr_api"
        }
      [32m+[0m[0m tags_all              = {
          [32m+[0m[0m "Name" = "VPC-Id-vpc-08c176c702b4e8c82-ecr_api"
        }
      [32m+[0m[0m vpc_endpoint_type     = "Interface"
      [32m+[0m[0m vpc_id                = "vpc-08c176c702b4e8c82"
    }

[1m  # module.vpc_endpoints_us_west_2.aws_vpc_endpoint.ecr_api["vpc-0ea0ec53556654812"][0m will be created
[0m  [32m+[0m[0m resource "aws_vpc_endpoint" "ecr_api" {
      [32m+[0m[0m arn                   = (known after apply)
      [32m+[0m[0m auto_accept           = true
      [32m+[0m[0m cidr_blocks           = (known after apply)
      [32m+[0m[0m dns_entry             = (known after apply)
      [32m+[0m[0m id                    = (known after apply)
      [32m+[0m[0m ip_address_type       = (known after apply)
      [32m+[0m[0m network_interface_ids = (known after apply)
      [32m+[0m[0m owner_id              = (known after apply)
      [32m+[0m[0m policy                = (known after apply)
      [32m+[0m[0m prefix_list_id        = (known after apply)
      [32m+[0m[0m private_dns_enabled   = (known after apply)
      [32m+[0m[0m requester_managed     = (known after apply)
      [32m+[0m[0m route_table_ids       = (known after apply)
      [32m+[0m[0m security_group_ids    = (known after apply)
      [32m+[0m[0m service_name          = "com.amazonaws.us-west-2.ecr.api"
      [32m+[0m[0m state                 = (known after apply)
      [32m+[0m[0m subnet_ids            = (known after apply)
      [32m+[0m[0m tags                  = {
          [32m+[0m[0m "Name" = "VPC-Id-vpc-0ea0ec53556654812-ecr_api"
        }
      [32m+[0m[0m tags_all              = {
          [32m+[0m[0m "Name" = "VPC-Id-vpc-0ea0ec53556654812-ecr_api"
        }
      [32m+[0m[0m vpc_endpoint_type     = "Interface"
      [32m+[0m[0m vpc_id                = "vpc-0ea0ec53556654812"
    }

[1m  # module.vpc_endpoints_us_west_2.aws_vpc_endpoint.ecr_api["vpc-0f8d49fece7838519"][0m will be created
[0m  [32m+[0m[0m resource "aws_vpc_endpoint" "ecr_api" {
      [32m+[0m[0m arn                   = (known after apply)
      [32m+[0m[0m auto_accept           = true
      [32m+[0m[0m cidr_blocks           = (known after apply)
      [32m+[0m[0m dns_entry             = (known after apply)
      [32m+[0m[0m id                    = (known after apply)
      [32m+[0m[0m ip_address_type       = (known after apply)
      [32m+[0m[0m network_interface_ids = (known after apply)
      [32m+[0m[0m owner_id              = (known after apply)
      [32m+[0m[0m policy                = (known after apply)
      [32m+[0m[0m prefix_list_id        = (known after apply)
      [32m+[0m[0m private_dns_enabled   = (known after apply)
      [32m+[0m[0m requester_managed     = (known after apply)
      [32m+[0m[0m route_table_ids       = (known after apply)
      [32m+[0m[0m security_group_ids    = (known after apply)
      [32m+[0m[0m service_name          = "com.amazonaws.us-west-2.ecr.api"
      [32m+[0m[0m state                 = (known after apply)
      [32m+[0m[0m subnet_ids            = (known after apply)
      [32m+[0m[0m tags                  = {
          [32m+[0m[0m "Name" = "VPC-Id-vpc-0f8d49fece7838519-ecr_api"
        }
      [32m+[0m[0m tags_all              = {
          [32m+[0m[0m "Name" = "VPC-Id-vpc-0f8d49fece7838519-ecr_api"
        }
      [32m+[0m[0m vpc_endpoint_type     = "Interface"
      [32m+[0m[0m vpc_id                = "vpc-0f8d49fece7838519"
    }

[1m  # module.vpc_endpoints_us_west_2.aws_vpc_endpoint.ecr_api["vpc-b6835ece"][0m will be created
[0m  [32m+[0m[0m resource "aws_vpc_endpoint" "ecr_api" {
      [32m+[0m[0m arn                   = (known after apply)
      [32m+[0m[0m auto_accept           = true
      [32m+[0m[0m cidr_blocks           = (known after apply)
      [32m+[0m[0m dns_entry             = (known after apply)
      [32m+[0m[0m id                    = (known after apply)
      [32m+[0m[0m ip_address_type       = (known after apply)
      [32m+[0m[0m network_interface_ids = (known after apply)
      [32m+[0m[0m owner_id              = (known after apply)
      [32m+[0m[0m policy                = (known after apply)
      [32m+[0m[0m prefix_list_id        = (known after apply)
      [32m+[0m[0m private_dns_enabled   = (known after apply)
      [32m+[0m[0m requester_managed     = (known after apply)
      [32m+[0m[0m route_table_ids       = (known after apply)
      [32m+[0m[0m security_group_ids    = (known after apply)
      [32m+[0m[0m service_name          = "com.amazonaws.us-west-2.ecr.api"
      [32m+[0m[0m state                 = (known after apply)
      [32m+[0m[0m subnet_ids            = (known after apply)
      [32m+[0m[0m tags                  = {
          [32m+[0m[0m "Name" = "VPC-Id-vpc-b6835ece-ecr_api"
        }
      [32m+[0m[0m tags_all              = {
          [32m+[0m[0m "Name" = "VPC-Id-vpc-b6835ece-ecr_api"
        }
      [32m+[0m[0m vpc_endpoint_type     = "Interface"
      [32m+[0m[0m vpc_id                = "vpc-b6835ece"
    }

[1m  # module.vpc_endpoints_us_west_2.aws_vpc_endpoint.ecr_dkr["vpc-01264de7c037cbbe4"][0m will be created
[0m  [32m+[0m[0m resource "aws_vpc_endpoint" "ecr_dkr" {
      [32m+[0m[0m arn                   = (known after apply)
      [32m+[0m[0m auto_accept           = true
      [32m+[0m[0m cidr_blocks           = (known after apply)
      [32m+[0m[0m dns_entry             = (known after apply)
      [32m+[0m[0m id                    = (known after apply)
      [32m+[0m[0m ip_address_type       = (known after apply)
      [32m+[0m[0m network_interface_ids = (known after apply)
      [32m+[0m[0m owner_id              = (known after apply)
      [32m+[0m[0m policy                = (known after apply)
      [32m+[0m[0m prefix_list_id        = (known after apply)
      [32m+[0m[0m private_dns_enabled   = (known after apply)
      [32m+[0m[0m requester_managed     = (known after apply)
      [32m+[0m[0m route_table_ids       = (known after apply)
      [32m+[0m[0m security_group_ids    = (known after apply)
      [32m+[0m[0m service_name          = "com.amazonaws.us-west-2.ecr.dkr"
      [32m+[0m[0m state                 = (known after apply)
      [32m+[0m[0m subnet_ids            = (known after apply)
      [32m+[0m[0m tags                  = {
          [32m+[0m[0m "Name" = "VPC-Id-vpc-01264de7c037cbbe4-ecr_dkr"
        }
      [32m+[0m[0m tags_all              = {
          [32m+[0m[0m "Name" = "VPC-Id-vpc-01264de7c037cbbe4-ecr_dkr"
        }
      [32m+[0m[0m vpc_endpoint_type     = "Interface"
      [32m+[0m[0m vpc_id                = "vpc-01264de7c037cbbe4"
    }

[1m  # module.vpc_endpoints_us_west_2.aws_vpc_endpoint.ecr_dkr["vpc-021ddb54db13428b2"][0m will be created
[0m  [32m+[0m[0m resource "aws_vpc_endpoint" "ecr_dkr" {
      [32m+[0m[0m arn                   = (known after apply)
      [32m+[0m[0m auto_accept           = true
      [32m+[0m[0m cidr_blocks           = (known after apply)
      [32m+[0m[0m dns_entry             = (known after apply)
      [32m+[0m[0m id                    = (known after apply)
      [32m+[0m[0m ip_address_type       = (known after apply)
      [32m+[0m[0m network_interface_ids = (known after apply)
      [32m+[0m[0m owner_id              = (known after apply)
      [32m+[0m[0m policy                = (known after apply)
      [32m+[0m[0m prefix_list_id        = (known after apply)
      [32m+[0m[0m private_dns_enabled   = (known after apply)
      [32m+[0m[0m requester_managed     = (known after apply)
      [32m+[0m[0m route_table_ids       = (known after apply)
      [32m+[0m[0m security_group_ids    = (known after apply)
      [32m+[0m[0m service_name          = "com.amazonaws.us-west-2.ecr.dkr"
      [32m+[0m[0m state                 = (known after apply)
      [32m+[0m[0m subnet_ids            = (known after apply)
      [32m+[0m[0m tags                  = {
          [32m+[0m[0m "Name" = "VPC-Id-vpc-021ddb54db13428b2-ecr_dkr"
        }
      [32m+[0m[0m tags_all              = {
          [32m+[0m[0m "Name" = "VPC-Id-vpc-021ddb54db13428b2-ecr_dkr"
        }
      [32m+[0m[0m vpc_endpoint_type     = "Interface"
      [32m+[0m[0m vpc_id                = "vpc-021ddb54db13428b2"
    }

[1m  # module.vpc_endpoints_us_west_2.aws_vpc_endpoint.ecr_dkr["vpc-041a1132552c39c34"][0m will be created
[0m  [32m+[0m[0m resource "aws_vpc_endpoint" "ecr_dkr" {
      [32m+[0m[0m arn                   = (known after apply)
      [32m+[0m[0m auto_accept           = true
      [32m+[0m[0m cidr_blocks           = (known after apply)
      [32m+[0m[0m dns_entry             = (known after apply)
      [32m+[0m[0m id                    = (known after apply)
      [32m+[0m[0m ip_address_type       = (known after apply)
      [32m+[0m[0m network_interface_ids = (known after apply)
      [32m+[0m[0m owner_id              = (known after apply)
      [32m+[0m[0m policy                = (known after apply)
      [32m+[0m[0m prefix_list_id        = (known after apply)
      [32m+[0m[0m private_dns_enabled   = (known after apply)
      [32m+[0m[0m requester_managed     = (known after apply)
      [32m+[0m[0m route_table_ids       = (known after apply)
      [32m+[0m[0m security_group_ids    = (known after apply)
      [32m+[0m[0m service_name          = "com.amazonaws.us-west-2.ecr.dkr"
      [32m+[0m[0m state                 = (known after apply)
      [32m+[0m[0m subnet_ids            = (known after apply)
      [32m+[0m[0m tags                  = {
          [32m+[0m[0m "Name" = "VPC-Id-vpc-041a1132552c39c34-ecr_dkr"
        }
      [32m+[0m[0m tags_all              = {
          [32m+[0m[0m "Name" = "VPC-Id-vpc-041a1132552c39c34-ecr_dkr"
        }
      [32m+[0m[0m vpc_endpoint_type     = "Interface"
      [32m+[0m[0m vpc_id                = "vpc-041a1132552c39c34"
    }

[1m  # module.vpc_endpoints_us_west_2.aws_vpc_endpoint.ecr_dkr["vpc-0729e0862e6c07fa3"][0m will be created
[0m  [32m+[0m[0m resource "aws_vpc_endpoint" "ecr_dkr" {
      [32m+[0m[0m arn                   = (known after apply)
      [32m+[0m[0m auto_accept           = true
      [32m+[0m[0m cidr_blocks           = (known after apply)
      [32m+[0m[0m dns_entry             = (known after apply)
      [32m+[0m[0m id                    = (known after apply)
      [32m+[0m[0m ip_address_type       = (known after apply)
      [32m+[0m[0m network_interface_ids = (known after apply)
      [32m+[0m[0m owner_id              = (known after apply)
      [32m+[0m[0m policy                = (known after apply)
      [32m+[0m[0m prefix_list_id        = (known after apply)
      [32m+[0m[0m private_dns_enabled   = (known after apply)
      [32m+[0m[0m requester_managed     = (known after apply)
      [32m+[0m[0m route_table_ids       = (known after apply)
      [32m+[0m[0m security_group_ids    = (known after apply)
      [32m+[0m[0m service_name          = "com.amazonaws.us-west-2.ecr.dkr"
      [32m+[0m[0m state                 = (known after apply)
      [32m+[0m[0m subnet_ids            = (known after apply)
      [32m+[0m[0m tags                  = {
          [32m+[0m[0m "Name" = "VPC-Id-vpc-0729e0862e6c07fa3-ecr_dkr"
        }
      [32m+[0m[0m tags_all              = {
          [32m+[0m[0m "Name" = "VPC-Id-vpc-0729e0862e6c07fa3-ecr_dkr"
        }
      [32m+[0m[0m vpc_endpoint_type     = "Interface"
      [32m+[0m[0m vpc_id                = "vpc-0729e0862e6c07fa3"
    }

[1m  # module.vpc_endpoints_us_west_2.aws_vpc_endpoint.ecr_dkr["vpc-08c176c702b4e8c82"][0m will be created
[0m  [32m+[0m[0m resource "aws_vpc_endpoint" "ecr_dkr" {
      [32m+[0m[0m arn                   = (known after apply)
      [32m+[0m[0m auto_accept           = true
      [32m+[0m[0m cidr_blocks           = (known after apply)
      [32m+[0m[0m dns_entry             = (known after apply)
      [32m+[0m[0m id                    = (known after apply)
      [32m+[0m[0m ip_address_type       = (known after apply)
      [32m+[0m[0m network_interface_ids = (known after apply)
      [32m+[0m[0m owner_id              = (known after apply)
      [32m+[0m[0m policy                = (known after apply)
      [32m+[0m[0m prefix_list_id        = (known after apply)
      [32m+[0m[0m private_dns_enabled   = (known after apply)
      [32m+[0m[0m requester_managed     = (known after apply)
      [32m+[0m[0m route_table_ids       = (known after apply)
      [32m+[0m[0m security_group_ids    = (known after apply)
      [32m+[0m[0m service_name          = "com.amazonaws.us-west-2.ecr.dkr"
      [32m+[0m[0m state                 = (known after apply)
      [32m+[0m[0m subnet_ids            = (known after apply)
      [32m+[0m[0m tags                  = {
          [32m+[0m[0m "Name" = "VPC-Id-vpc-08c176c702b4e8c82-ecr_dkr"
        }
      [32m+[0m[0m tags_all              = {
          [32m+[0m[0m "Name" = "VPC-Id-vpc-08c176c702b4e8c82-ecr_dkr"
        }
      [32m+[0m[0m vpc_endpoint_type     = "Interface"
      [32m+[0m[0m vpc_id                = "vpc-08c176c702b4e8c82"
    }

[1m  # module.vpc_endpoints_us_west_2.aws_vpc_endpoint.ecr_dkr["vpc-0ea0ec53556654812"][0m will be created
[0m  [32m+[0m[0m resource "aws_vpc_endpoint" "ecr_dkr" {
      [32m+[0m[0m arn                   = (known after apply)
      [32m+[0m[0m auto_accept           = true
      [32m+[0m[0m cidr_blocks           = (known after apply)
      [32m+[0m[0m dns_entry             = (known after apply)
      [32m+[0m[0m id                    = (known after apply)
      [32m+[0m[0m ip_address_type       = (known after apply)
      [32m+[0m[0m network_interface_ids = (known after apply)
      [32m+[0m[0m owner_id              = (known after apply)
      [32m+[0m[0m policy                = (known after apply)
      [32m+[0m[0m prefix_list_id        = (known after apply)
      [32m+[0m[0m private_dns_enabled   = (known after apply)
      [32m+[0m[0m requester_managed     = (known after apply)
      [32m+[0m[0m route_table_ids       = (known after apply)
      [32m+[0m[0m security_group_ids    = (known after apply)
      [32m+[0m[0m service_name          = "com.amazonaws.us-west-2.ecr.dkr"
      [32m+[0m[0m state                 = (known after apply)
      [32m+[0m[0m subnet_ids            = (known after apply)
      [32m+[0m[0m tags                  = {
          [32m+[0m[0m "Name" = "VPC-Id-vpc-0ea0ec53556654812-ecr_dkr"
        }
      [32m+[0m[0m tags_all              = {
          [32m+[0m[0m "Name" = "VPC-Id-vpc-0ea0ec53556654812-ecr_dkr"
        }
      [32m+[0m[0m vpc_endpoint_type     = "Interface"
      [32m+[0m[0m vpc_id                = "vpc-0ea0ec53556654812"
    }

[1m  # module.vpc_endpoints_us_west_2.aws_vpc_endpoint.ecr_dkr["vpc-0f8d49fece7838519"][0m will be created
[0m  [32m+[0m[0m resource "aws_vpc_endpoint" "ecr_dkr" {
      [32m+[0m[0m arn                   = (known after apply)
      [32m+[0m[0m auto_accept           = true
      [32m+[0m[0m cidr_blocks           = (known after apply)
      [32m+[0m[0m dns_entry             = (known after apply)
      [32m+[0m[0m id                    = (known after apply)
      [32m+[0m[0m ip_address_type       = (known after apply)
      [32m+[0m[0m network_interface_ids = (known after apply)
      [32m+[0m[0m owner_id              = (known after apply)
      [32m+[0m[0m policy                = (known after apply)
      [32m+[0m[0m prefix_list_id        = (known after apply)
      [32m+[0m[0m private_dns_enabled   = (known after apply)
      [32m+[0m[0m requester_managed     = (known after apply)
      [32m+[0m[0m route_table_ids       = (known after apply)
      [32m+[0m[0m security_group_ids    = (known after apply)
      [32m+[0m[0m service_name          = "com.amazonaws.us-west-2.ecr.dkr"
      [32m+[0m[0m state                 = (known after apply)
      [32m+[0m[0m subnet_ids            = (known after apply)
      [32m+[0m[0m tags                  = {
          [32m+[0m[0m "Name" = "VPC-Id-vpc-0f8d49fece7838519-ecr_dkr"
        }
      [32m+[0m[0m tags_all              = {
          [32m+[0m[0m "Name" = "VPC-Id-vpc-0f8d49fece7838519-ecr_dkr"
        }
      [32m+[0m[0m vpc_endpoint_type     = "Interface"
      [32m+[0m[0m vpc_id                = "vpc-0f8d49fece7838519"
    }

[1m  # module.vpc_endpoints_us_west_2.aws_vpc_endpoint.ecr_dkr["vpc-b6835ece"][0m will be created
[0m  [32m+[0m[0m resource "aws_vpc_endpoint" "ecr_dkr" {
      [32m+[0m[0m arn                   = (known after apply)
      [32m+[0m[0m auto_accept           = true
      [32m+[0m[0m cidr_blocks           = (known after apply)
      [32m+[0m[0m dns_entry             = (known after apply)
      [32m+[0m[0m id                    = (known after apply)
      [32m+[0m[0m ip_address_type       = (known after apply)
      [32m+[0m[0m network_interface_ids = (known after apply)
      [32m+[0m[0m owner_id              = (known after apply)
      [32m+[0m[0m policy                = (known after apply)
      [32m+[0m[0m prefix_list_id        = (known after apply)
      [32m+[0m[0m private_dns_enabled   = (known after apply)
      [32m+[0m[0m requester_managed     = (known after apply)
      [32m+[0m[0m route_table_ids       = (known after apply)
      [32m+[0m[0m security_group_ids    = (known after apply)
      [32m+[0m[0m service_name          = "com.amazonaws.us-west-2.ecr.dkr"
      [32m+[0m[0m state                 = (known after apply)
      [32m+[0m[0m subnet_ids            = (known after apply)
      [32m+[0m[0m tags                  = {
          [32m+[0m[0m "Name" = "VPC-Id-vpc-b6835ece-ecr_dkr"
        }
      [32m+[0m[0m tags_all              = {
          [32m+[0m[0m "Name" = "VPC-Id-vpc-b6835ece-ecr_dkr"
        }
      [32m+[0m[0m vpc_endpoint_type     = "Interface"
      [32m+[0m[0m vpc_id                = "vpc-b6835ece"
    }

[1m  # module.vpc_endpoints_us_west_2.aws_vpc_endpoint.lambda["vpc-01264de7c037cbbe4"][0m will be created
[0m  [32m+[0m[0m resource "aws_vpc_endpoint" "lambda" {
      [32m+[0m[0m arn                   = (known after apply)
      [32m+[0m[0m auto_accept           = true
      [32m+[0m[0m cidr_blocks           = (known after apply)
      [32m+[0m[0m dns_entry             = (known after apply)
      [32m+[0m[0m id                    = (known after apply)
      [32m+[0m[0m ip_address_type       = (known after apply)
      [32m+[0m[0m network_interface_ids = (known after apply)
      [32m+[0m[0m owner_id              = (known after apply)
      [32m+[0m[0m policy                = (known after apply)
      [32m+[0m[0m prefix_list_id        = (known after apply)
      [32m+[0m[0m private_dns_enabled   = (known after apply)
      [32m+[0m[0m requester_managed     = (known after apply)
      [32m+[0m[0m route_table_ids       = (known after apply)
      [32m+[0m[0m security_group_ids    = (known after apply)
      [32m+[0m[0m service_name          = "com.amazonaws.us-west-2.lambda"
      [32m+[0m[0m state                 = (known after apply)
      [32m+[0m[0m subnet_ids            = (known after apply)
      [32m+[0m[0m tags                  = {
          [32m+[0m[0m "Name" = "VPC-Id-vpc-01264de7c037cbbe4-lambda"
        }
      [32m+[0m[0m tags_all              = {
          [32m+[0m[0m "Name" = "VPC-Id-vpc-01264de7c037cbbe4-lambda"
        }
      [32m+[0m[0m vpc_endpoint_type     = "Interface"
      [32m+[0m[0m vpc_id                = "vpc-01264de7c037cbbe4"
    }

[1m  # module.vpc_endpoints_us_west_2.aws_vpc_endpoint.lambda["vpc-021ddb54db13428b2"][0m will be created
[0m  [32m+[0m[0m resource "aws_vpc_endpoint" "lambda" {
      [32m+[0m[0m arn                   = (known after apply)
      [32m+[0m[0m auto_accept           = true
      [32m+[0m[0m cidr_blocks           = (known after apply)
      [32m+[0m[0m dns_entry             = (known after apply)
      [32m+[0m[0m id                    = (known after apply)
      [32m+[0m[0m ip_address_type       = (known after apply)
      [32m+[0m[0m network_interface_ids = (known after apply)
      [32m+[0m[0m owner_id              = (known after apply)
      [32m+[0m[0m policy                = (known after apply)
      [32m+[0m[0m prefix_list_id        = (known after apply)
      [32m+[0m[0m private_dns_enabled   = (known after apply)
      [32m+[0m[0m requester_managed     = (known after apply)
      [32m+[0m[0m route_table_ids       = (known after apply)
      [32m+[0m[0m security_group_ids    = (known after apply)
      [32m+[0m[0m service_name          = "com.amazonaws.us-west-2.lambda"
      [32m+[0m[0m state                 = (known after apply)
      [32m+[0m[0m subnet_ids            = (known after apply)
      [32m+[0m[0m tags                  = {
          [32m+[0m[0m "Name" = "VPC-Id-vpc-021ddb54db13428b2-lambda"
        }
      [32m+[0m[0m tags_all              = {
          [32m+[0m[0m "Name" = "VPC-Id-vpc-021ddb54db13428b2-lambda"
        }
      [32m+[0m[0m vpc_endpoint_type     = "Interface"
      [32m+[0m[0m vpc_id                = "vpc-021ddb54db13428b2"
    }

[1m  # module.vpc_endpoints_us_west_2.aws_vpc_endpoint.lambda["vpc-041a1132552c39c34"][0m will be created
[0m  [32m+[0m[0m resource "aws_vpc_endpoint" "lambda" {
      [32m+[0m[0m arn                   = (known after apply)
      [32m+[0m[0m auto_accept           = true
      [32m+[0m[0m cidr_blocks           = (known after apply)
      [32m+[0m[0m dns_entry             = (known after apply)
      [32m+[0m[0m id                    = (known after apply)
      [32m+[0m[0m ip_address_type       = (known after apply)
      [32m+[0m[0m network_interface_ids = (known after apply)
      [32m+[0m[0m owner_id              = (known after apply)
      [32m+[0m[0m policy                = (known after apply)
      [32m+[0m[0m prefix_list_id        = (known after apply)
      [32m+[0m[0m private_dns_enabled   = (known after apply)
      [32m+[0m[0m requester_managed     = (known after apply)
      [32m+[0m[0m route_table_ids       = (known after apply)
      [32m+[0m[0m security_group_ids    = (known after apply)
      [32m+[0m[0m service_name          = "com.amazonaws.us-west-2.lambda"
      [32m+[0m[0m state                 = (known after apply)
      [32m+[0m[0m subnet_ids            = (known after apply)
      [32m+[0m[0m tags                  = {
          [32m+[0m[0m "Name" = "VPC-Id-vpc-041a1132552c39c34-lambda"
        }
      [32m+[0m[0m tags_all              = {
          [32m+[0m[0m "Name" = "VPC-Id-vpc-041a1132552c39c34-lambda"
        }
      [32m+[0m[0m vpc_endpoint_type     = "Interface"
      [32m+[0m[0m vpc_id                = "vpc-041a1132552c39c34"
    }

[1m  # module.vpc_endpoints_us_west_2.aws_vpc_endpoint.lambda["vpc-0729e0862e6c07fa3"][0m will be created
[0m  [32m+[0m[0m resource "aws_vpc_endpoint" "lambda" {
      [32m+[0m[0m arn                   = (known after apply)
      [32m+[0m[0m auto_accept           = true
      [32m+[0m[0m cidr_blocks           = (known after apply)
      [32m+[0m[0m dns_entry             = (known after apply)
      [32m+[0m[0m id                    = (known after apply)
      [32m+[0m[0m ip_address_type       = (known after apply)
      [32m+[0m[0m network_interface_ids = (known after apply)
      [32m+[0m[0m owner_id              = (known after apply)
      [32m+[0m[0m policy                = (known after apply)
      [32m+[0m[0m prefix_list_id        = (known after apply)
      [32m+[0m[0m private_dns_enabled   = (known after apply)
      [32m+[0m[0m requester_managed     = (known after apply)
      [32m+[0m[0m route_table_ids       = (known after apply)
      [32m+[0m[0m security_group_ids    = (known after apply)
      [32m+[0m[0m service_name          = "com.amazonaws.us-west-2.lambda"
      [32m+[0m[0m state                 = (known after apply)
      [32m+[0m[0m subnet_ids            = (known after apply)
      [32m+[0m[0m tags                  = {
          [32m+[0m[0m "Name" = "VPC-Id-vpc-0729e0862e6c07fa3-lambda"
        }
      [32m+[0m[0m tags_all              = {
          [32m+[0m[0m "Name" = "VPC-Id-vpc-0729e0862e6c07fa3-lambda"
        }
      [32m+[0m[0m vpc_endpoint_type     = "Interface"
      [32m+[0m[0m vpc_id                = "vpc-0729e0862e6c07fa3"
    }

[1m  # module.vpc_endpoints_us_west_2.aws_vpc_endpoint.lambda["vpc-08c176c702b4e8c82"][0m will be created
[0m  [32m+[0m[0m resource "aws_vpc_endpoint" "lambda" {
      [32m+[0m[0m arn                   = (known after apply)
      [32m+[0m[0m auto_accept           = true
      [32m+[0m[0m cidr_blocks           = (known after apply)
      [32m+[0m[0m dns_entry             = (known after apply)
      [32m+[0m[0m id                    = (known after apply)
      [32m+[0m[0m ip_address_type       = (known after apply)
      [32m+[0m[0m network_interface_ids = (known after apply)
      [32m+[0m[0m owner_id              = (known after apply)
      [32m+[0m[0m policy                = (known after apply)
      [32m+[0m[0m prefix_list_id        = (known after apply)
      [32m+[0m[0m private_dns_enabled   = (known after apply)
      [32m+[0m[0m requester_managed     = (known after apply)
      [32m+[0m[0m route_table_ids       = (known after apply)
      [32m+[0m[0m security_group_ids    = (known after apply)
      [32m+[0m[0m service_name          = "com.amazonaws.us-west-2.lambda"
      [32m+[0m[0m state                 = (known after apply)
      [32m+[0m[0m subnet_ids            = (known after apply)
      [32m+[0m[0m tags                  = {
          [32m+[0m[0m "Name" = "VPC-Id-vpc-08c176c702b4e8c82-lambda"
        }
      [32m+[0m[0m tags_all              = {
          [32m+[0m[0m "Name" = "VPC-Id-vpc-08c176c702b4e8c82-lambda"
        }
      [32m+[0m[0m vpc_endpoint_type     = "Interface"
      [32m+[0m[0m vpc_id                = "vpc-08c176c702b4e8c82"
    }

[1m  # module.vpc_endpoints_us_west_2.aws_vpc_endpoint.lambda["vpc-0ea0ec53556654812"][0m will be created
[0m  [32m+[0m[0m resource "aws_vpc_endpoint" "lambda" {
      [32m+[0m[0m arn                   = (known after apply)
      [32m+[0m[0m auto_accept           = true
      [32m+[0m[0m cidr_blocks           = (known after apply)
      [32m+[0m[0m dns_entry             = (known after apply)
      [32m+[0m[0m id                    = (known after apply)
      [32m+[0m[0m ip_address_type       = (known after apply)
      [32m+[0m[0m network_interface_ids = (known after apply)
      [32m+[0m[0m owner_id              = (known after apply)
      [32m+[0m[0m policy                = (known after apply)
      [32m+[0m[0m prefix_list_id        = (known after apply)
      [32m+[0m[0m private_dns_enabled   = (known after apply)
      [32m+[0m[0m requester_managed     = (known after apply)
      [32m+[0m[0m route_table_ids       = (known after apply)
      [32m+[0m[0m security_group_ids    = (known after apply)
      [32m+[0m[0m service_name          = "com.amazonaws.us-west-2.lambda"
      [32m+[0m[0m state                 = (known after apply)
      [32m+[0m[0m subnet_ids            = (known after apply)
      [32m+[0m[0m tags                  = {
          [32m+[0m[0m "Name" = "VPC-Id-vpc-0ea0ec53556654812-lambda"
        }
      [32m+[0m[0m tags_all              = {
          [32m+[0m[0m "Name" = "VPC-Id-vpc-0ea0ec53556654812-lambda"
        }
      [32m+[0m[0m vpc_endpoint_type     = "Interface"
      [32m+[0m[0m vpc_id                = "vpc-0ea0ec53556654812"
    }

[1m  # module.vpc_endpoints_us_west_2.aws_vpc_endpoint.lambda["vpc-0f8d49fece7838519"][0m will be created
[0m  [32m+[0m[0m resource "aws_vpc_endpoint" "lambda" {
      [32m+[0m[0m arn                   = (known after apply)
      [32m+[0m[0m auto_accept           = true
      [32m+[0m[0m cidr_blocks           = (known after apply)
      [32m+[0m[0m dns_entry             = (known after apply)
      [32m+[0m[0m id                    = (known after apply)
      [32m+[0m[0m ip_address_type       = (known after apply)
      [32m+[0m[0m network_interface_ids = (known after apply)
      [32m+[0m[0m owner_id              = (known after apply)
      [32m+[0m[0m policy                = (known after apply)
      [32m+[0m[0m prefix_list_id        = (known after apply)
      [32m+[0m[0m private_dns_enabled   = (known after apply)
      [32m+[0m[0m requester_managed     = (known after apply)
      [32m+[0m[0m route_table_ids       = (known after apply)
      [32m+[0m[0m security_group_ids    = (known after apply)
      [32m+[0m[0m service_name          = "com.amazonaws.us-west-2.lambda"
      [32m+[0m[0m state                 = (known after apply)
      [32m+[0m[0m subnet_ids            = (known after apply)
      [32m+[0m[0m tags                  = {
          [32m+[0m[0m "Name" = "VPC-Id-vpc-0f8d49fece7838519-lambda"
        }
      [32m+[0m[0m tags_all              = {
          [32m+[0m[0m "Name" = "VPC-Id-vpc-0f8d49fece7838519-lambda"
        }
      [32m+[0m[0m vpc_endpoint_type     = "Interface"
      [32m+[0m[0m vpc_id                = "vpc-0f8d49fece7838519"
    }

[1m  # module.vpc_endpoints_us_west_2.aws_vpc_endpoint.lambda["vpc-b6835ece"][0m will be created
[0m  [32m+[0m[0m resource "aws_vpc_endpoint" "lambda" {
      [32m+[0m[0m arn                   = (known after apply)
      [32m+[0m[0m auto_accept           = true
      [32m+[0m[0m cidr_blocks           = (known after apply)
      [32m+[0m[0m dns_entry             = (known after apply)
      [32m+[0m[0m id                    = (known after apply)
      [32m+[0m[0m ip_address_type       = (known after apply)
      [32m+[0m[0m network_interface_ids = (known after apply)
      [32m+[0m[0m owner_id              = (known after apply)
      [32m+[0m[0m policy                = (known after apply)
      [32m+[0m[0m prefix_list_id        = (known after apply)
      [32m+[0m[0m private_dns_enabled   = (known after apply)
      [32m+[0m[0m requester_managed     = (known after apply)
      [32m+[0m[0m route_table_ids       = (known after apply)
      [32m+[0m[0m security_group_ids    = (known after apply)
      [32m+[0m[0m service_name          = "com.amazonaws.us-west-2.lambda"
      [32m+[0m[0m state                 = (known after apply)
      [32m+[0m[0m subnet_ids            = (known after apply)
      [32m+[0m[0m tags                  = {
          [32m+[0m[0m "Name" = "VPC-Id-vpc-b6835ece-lambda"
        }
      [32m+[0m[0m tags_all              = {
          [32m+[0m[0m "Name" = "VPC-Id-vpc-b6835ece-lambda"
        }
      [32m+[0m[0m vpc_endpoint_type     = "Interface"
      [32m+[0m[0m vpc_id                = "vpc-b6835ece"
    }

[1m  # module.vpc_endpoints_us_west_2.aws_vpc_endpoint.s3["vpc-01264de7c037cbbe4"][0m will be created
[0m  [32m+[0m[0m resource "aws_vpc_endpoint" "s3" {
      [32m+[0m[0m arn                   = (known after apply)
      [32m+[0m[0m cidr_blocks           = (known after apply)
      [32m+[0m[0m dns_entry             = (known after apply)
      [32m+[0m[0m id                    = (known after apply)
      [32m+[0m[0m ip_address_type       = (known after apply)
      [32m+[0m[0m network_interface_ids = (known after apply)
      [32m+[0m[0m owner_id              = (known after apply)
      [32m+[0m[0m policy                = (known after apply)
      [32m+[0m[0m prefix_list_id        = (known after apply)
      [32m+[0m[0m private_dns_enabled   = (known after apply)
      [32m+[0m[0m requester_managed     = (known after apply)
      [32m+[0m[0m route_table_ids       = (known after apply)
      [32m+[0m[0m security_group_ids    = (known after apply)
      [32m+[0m[0m service_name          = "com.amazonaws.us-west-2.s3"
      [32m+[0m[0m state                 = (known after apply)
      [32m+[0m[0m subnet_ids            = (known after apply)
      [32m+[0m[0m tags                  = {
          [32m+[0m[0m "Name" = "VPC-Id-vpc-01264de7c037cbbe4-s3"
        }
      [32m+[0m[0m tags_all              = {
          [32m+[0m[0m "Name" = "VPC-Id-vpc-01264de7c037cbbe4-s3"
        }
      [32m+[0m[0m vpc_endpoint_type     = "Gateway"
      [32m+[0m[0m vpc_id                = "vpc-01264de7c037cbbe4"
    }

[1m  # module.vpc_endpoints_us_west_2.aws_vpc_endpoint.s3["vpc-021ddb54db13428b2"][0m will be created
[0m  [32m+[0m[0m resource "aws_vpc_endpoint" "s3" {
      [32m+[0m[0m arn                   = (known after apply)
      [32m+[0m[0m cidr_blocks           = (known after apply)
      [32m+[0m[0m dns_entry             = (known after apply)
      [32m+[0m[0m id                    = (known after apply)
      [32m+[0m[0m ip_address_type       = (known after apply)
      [32m+[0m[0m network_interface_ids = (known after apply)
      [32m+[0m[0m owner_id              = (known after apply)
      [32m+[0m[0m policy                = (known after apply)
      [32m+[0m[0m prefix_list_id        = (known after apply)
      [32m+[0m[0m private_dns_enabled   = (known after apply)
      [32m+[0m[0m requester_managed     = (known after apply)
      [32m+[0m[0m route_table_ids       = (known after apply)
      [32m+[0m[0m security_group_ids    = (known after apply)
      [32m+[0m[0m service_name          = "com.amazonaws.us-west-2.s3"
      [32m+[0m[0m state                 = (known after apply)
      [32m+[0m[0m subnet_ids            = (known after apply)
      [32m+[0m[0m tags                  = {
          [32m+[0m[0m "Name" = "VPC-Id-vpc-021ddb54db13428b2-s3"
        }
      [32m+[0m[0m tags_all              = {
          [32m+[0m[0m "Name" = "VPC-Id-vpc-021ddb54db13428b2-s3"
        }
      [32m+[0m[0m vpc_endpoint_type     = "Gateway"
      [32m+[0m[0m vpc_id                = "vpc-021ddb54db13428b2"
    }

[1m  # module.vpc_endpoints_us_west_2.aws_vpc_endpoint.s3["vpc-041a1132552c39c34"][0m will be created
[0m  [32m+[0m[0m resource "aws_vpc_endpoint" "s3" {
      [32m+[0m[0m arn                   = (known after apply)
      [32m+[0m[0m cidr_blocks           = (known after apply)
      [32m+[0m[0m dns_entry             = (known after apply)
      [32m+[0m[0m id                    = (known after apply)
      [32m+[0m[0m ip_address_type       = (known after apply)
      [32m+[0m[0m network_interface_ids = (known after apply)
      [32m+[0m[0m owner_id              = (known after apply)
      [32m+[0m[0m policy                = (known after apply)
      [32m+[0m[0m prefix_list_id        = (known after apply)
      [32m+[0m[0m private_dns_enabled   = (known after apply)
      [32m+[0m[0m requester_managed     = (known after apply)
      [32m+[0m[0m route_table_ids       = (known after apply)
      [32m+[0m[0m security_group_ids    = (known after apply)
      [32m+[0m[0m service_name          = "com.amazonaws.us-west-2.s3"
      [32m+[0m[0m state                 = (known after apply)
      [32m+[0m[0m subnet_ids            = (known after apply)
      [32m+[0m[0m tags                  = {
          [32m+[0m[0m "Name" = "VPC-Id-vpc-041a1132552c39c34-s3"
        }
      [32m+[0m[0m tags_all              = {
          [32m+[0m[0m "Name" = "VPC-Id-vpc-041a1132552c39c34-s3"
        }
      [32m+[0m[0m vpc_endpoint_type     = "Gateway"
      [32m+[0m[0m vpc_id                = "vpc-041a1132552c39c34"
    }

[1m  # module.vpc_endpoints_us_west_2.aws_vpc_endpoint.s3["vpc-0729e0862e6c07fa3"][0m will be created
[0m  [32m+[0m[0m resource "aws_vpc_endpoint" "s3" {
      [32m+[0m[0m arn                   = (known after apply)
      [32m+[0m[0m cidr_blocks           = (known after apply)
      [32m+[0m[0m dns_entry             = (known after apply)
      [32m+[0m[0m id                    = (known after apply)
      [32m+[0m[0m ip_address_type       = (known after apply)
      [32m+[0m[0m network_interface_ids = (known after apply)
      [32m+[0m[0m owner_id              = (known after apply)
      [32m+[0m[0m policy                = (known after apply)
      [32m+[0m[0m prefix_list_id        = (known after apply)
      [32m+[0m[0m private_dns_enabled   = (known after apply)
      [32m+[0m[0m requester_managed     = (known after apply)
      [32m+[0m[0m route_table_ids       = (known after apply)
      [32m+[0m[0m security_group_ids    = (known after apply)
      [32m+[0m[0m service_name          = "com.amazonaws.us-west-2.s3"
      [32m+[0m[0m state                 = (known after apply)
      [32m+[0m[0m subnet_ids            = (known after apply)
      [32m+[0m[0m tags                  = {
          [32m+[0m[0m "Name" = "VPC-Id-vpc-0729e0862e6c07fa3-s3"
        }
      [32m+[0m[0m tags_all              = {
          [32m+[0m[0m "Name" = "VPC-Id-vpc-0729e0862e6c07fa3-s3"
        }
      [32m+[0m[0m vpc_endpoint_type     = "Gateway"
      [32m+[0m[0m vpc_id                = "vpc-0729e0862e6c07fa3"
    }

[1m  # module.vpc_endpoints_us_west_2.aws_vpc_endpoint.s3["vpc-08c176c702b4e8c82"][0m will be created
[0m  [32m+[0m[0m resource "aws_vpc_endpoint" "s3" {
      [32m+[0m[0m arn                   = (known after apply)
      [32m+[0m[0m cidr_blocks           = (known after apply)
      [32m+[0m[0m dns_entry             = (known after apply)
      [32m+[0m[0m id                    = (known after apply)
      [32m+[0m[0m ip_address_type       = (known after apply)
      [32m+[0m[0m network_interface_ids = (known after apply)
      [32m+[0m[0m owner_id              = (known after apply)
      [32m+[0m[0m policy                = (known after apply)
      [32m+[0m[0m prefix_list_id        = (known after apply)
      [32m+[0m[0m private_dns_enabled   = (known after apply)
      [32m+[0m[0m requester_managed     = (known after apply)
      [32m+[0m[0m route_table_ids       = (known after apply)
      [32m+[0m[0m security_group_ids    = (known after apply)
      [32m+[0m[0m service_name          = "com.amazonaws.us-west-2.s3"
      [32m+[0m[0m state                 = (known after apply)
      [32m+[0m[0m subnet_ids            = (known after apply)
      [32m+[0m[0m tags                  = {
          [32m+[0m[0m "Name" = "VPC-Id-vpc-08c176c702b4e8c82-s3"
        }
      [32m+[0m[0m tags_all              = {
          [32m+[0m[0m "Name" = "VPC-Id-vpc-08c176c702b4e8c82-s3"
        }
      [32m+[0m[0m vpc_endpoint_type     = "Gateway"
      [32m+[0m[0m vpc_id                = "vpc-08c176c702b4e8c82"
    }

[1m  # module.vpc_endpoints_us_west_2.aws_vpc_endpoint.s3["vpc-0ea0ec53556654812"][0m will be created
[0m  [32m+[0m[0m resource "aws_vpc_endpoint" "s3" {
      [32m+[0m[0m arn                   = (known after apply)
      [32m+[0m[0m cidr_blocks           = (known after apply)
      [32m+[0m[0m dns_entry             = (known after apply)
      [32m+[0m[0m id                    = (known after apply)
      [32m+[0m[0m ip_address_type       = (known after apply)
      [32m+[0m[0m network_interface_ids = (known after apply)
      [32m+[0m[0m owner_id              = (known after apply)
      [32m+[0m[0m policy                = (known after apply)
      [32m+[0m[0m prefix_list_id        = (known after apply)
      [32m+[0m[0m private_dns_enabled   = (known after apply)
      [32m+[0m[0m requester_managed     = (known after apply)
      [32m+[0m[0m route_table_ids       = (known after apply)
      [32m+[0m[0m security_group_ids    = (known after apply)
      [32m+[0m[0m service_name          = "com.amazonaws.us-west-2.s3"
      [32m+[0m[0m state                 = (known after apply)
      [32m+[0m[0m subnet_ids            = (known after apply)
      [32m+[0m[0m tags                  = {
          [32m+[0m[0m "Name" = "VPC-Id-vpc-0ea0ec53556654812-s3"
        }
      [32m+[0m[0m tags_all              = {
          [32m+[0m[0m "Name" = "VPC-Id-vpc-0ea0ec53556654812-s3"
        }
      [32m+[0m[0m vpc_endpoint_type     = "Gateway"
      [32m+[0m[0m vpc_id                = "vpc-0ea0ec53556654812"
    }

[1m  # module.vpc_endpoints_us_west_2.aws_vpc_endpoint.s3["vpc-0f8d49fece7838519"][0m will be created
[0m  [32m+[0m[0m resource "aws_vpc_endpoint" "s3" {
      [32m+[0m[0m arn                   = (known after apply)
      [32m+[0m[0m cidr_blocks           = (known after apply)
      [32m+[0m[0m dns_entry             = (known after apply)
      [32m+[0m[0m id                    = (known after apply)
      [32m+[0m[0m ip_address_type       = (known after apply)
      [32m+[0m[0m network_interface_ids = (known after apply)
      [32m+[0m[0m owner_id              = (known after apply)
      [32m+[0m[0m policy                = (known after apply)
      [32m+[0m[0m prefix_list_id        = (known after apply)
      [32m+[0m[0m private_dns_enabled   = (known after apply)
      [32m+[0m[0m requester_managed     = (known after apply)
      [32m+[0m[0m route_table_ids       = (known after apply)
      [32m+[0m[0m security_group_ids    = (known after apply)
      [32m+[0m[0m service_name          = "com.amazonaws.us-west-2.s3"
      [32m+[0m[0m state                 = (known after apply)
      [32m+[0m[0m subnet_ids            = (known after apply)
      [32m+[0m[0m tags                  = {
          [32m+[0m[0m "Name" = "VPC-Id-vpc-0f8d49fece7838519-s3"
        }
      [32m+[0m[0m tags_all              = {
          [32m+[0m[0m "Name" = "VPC-Id-vpc-0f8d49fece7838519-s3"
        }
      [32m+[0m[0m vpc_endpoint_type     = "Gateway"
      [32m+[0m[0m vpc_id                = "vpc-0f8d49fece7838519"
    }

[1m  # module.vpc_endpoints_us_west_2.aws_vpc_endpoint.s3["vpc-b6835ece"][0m will be created
[0m  [32m+[0m[0m resource "aws_vpc_endpoint" "s3" {
      [32m+[0m[0m arn                   = (known after apply)
      [32m+[0m[0m cidr_blocks           = (known after apply)
      [32m+[0m[0m dns_entry             = (known after apply)
      [32m+[0m[0m id                    = (known after apply)
      [32m+[0m[0m ip_address_type       = (known after apply)
      [32m+[0m[0m network_interface_ids = (known after apply)
      [32m+[0m[0m owner_id              = (known after apply)
      [32m+[0m[0m policy                = (known after apply)
      [32m+[0m[0m prefix_list_id        = (known after apply)
      [32m+[0m[0m private_dns_enabled   = (known after apply)
      [32m+[0m[0m requester_managed     = (known after apply)
      [32m+[0m[0m route_table_ids       = (known after apply)
      [32m+[0m[0m security_group_ids    = (known after apply)
      [32m+[0m[0m service_name          = "com.amazonaws.us-west-2.s3"
      [32m+[0m[0m state                 = (known after apply)
      [32m+[0m[0m subnet_ids            = (known after apply)
      [32m+[0m[0m tags                  = {
          [32m+[0m[0m "Name" = "VPC-Id-vpc-b6835ece-s3"
        }
      [32m+[0m[0m tags_all              = {
          [32m+[0m[0m "Name" = "VPC-Id-vpc-b6835ece-s3"
        }
      [32m+[0m[0m vpc_endpoint_type     = "Gateway"
      [32m+[0m[0m vpc_id                = "vpc-b6835ece"
    }

[1mPlan:[0m 168 to add, 0 to change, 0 to destroy.
[0m[90m
─────────────────────────────────────────────────────────────────────────────[0m

Note: You didn't use the -out option to save this plan, so Terraform can't
guarantee to take exactly these actions if you run "terraform apply" now.
